// !$*UTF8*$!
{
	archiveVersion = 1;
	classes = {
	};
	objectVersion = 56;
	objects = {

/* Begin PBXBuildFile section */
		171A74452AD5C61600718A1A /* AddSubview + Ext.swift in Sources */ = {isa = PBXBuildFile; fileRef = 171A74442AD5C61600718A1A /* AddSubview + Ext.swift */; };
		171A74472AD6526A00718A1A /* Quotes + Ext.swift in Sources */ = {isa = PBXBuildFile; fileRef = 171A74462AD6526A00718A1A /* Quotes + Ext.swift */; };
		171A74492AD7A37B00718A1A /* Answer + Ext.swift in Sources */ = {isa = PBXBuildFile; fileRef = 171A74482AD7A37B00718A1A /* Answer + Ext.swift */; };
		171A746D2ADA94A300718A1A /* Effects + Ext.swift in Sources */ = {isa = PBXBuildFile; fileRef = 171A746C2ADA94A300718A1A /* Effects + Ext.swift */; };
		171A746F2ADB46D100718A1A /* Circle + Ext.swift in Sources */ = {isa = PBXBuildFile; fileRef = 171A746E2ADB46D100718A1A /* Circle + Ext.swift */; };
		171A74782AE1A5C000718A1A /* Notifications.swift in Sources */ = {isa = PBXBuildFile; fileRef = 171A74772AE1A5C000718A1A /* Notifications.swift */; };
		177F3B642AC2192C00D0876C /* Media.xcassets in Resources */ = {isa = PBXBuildFile; fileRef = 177F3B632AC2192C00D0876C /* Media.xcassets */; };
		179416382AB71003005882D0 /* AppDelegate.swift in Sources */ = {isa = PBXBuildFile; fileRef = 179416372AB71003005882D0 /* AppDelegate.swift */; };
		1794163A2AB71003005882D0 /* SceneDelegate.swift in Sources */ = {isa = PBXBuildFile; fileRef = 179416392AB71003005882D0 /* SceneDelegate.swift */; };
		1794163C2AB71003005882D0 /* MainViewController.swift in Sources */ = {isa = PBXBuildFile; fileRef = 1794163B2AB71003005882D0 /* MainViewController.swift */; };
		179416412AB71005005882D0 /* Assets.xcassets in Resources */ = {isa = PBXBuildFile; fileRef = 179416402AB71005005882D0 /* Assets.xcassets */; };
		179416442AB71005005882D0 /* LaunchScreen.storyboard in Resources */ = {isa = PBXBuildFile; fileRef = 179416422AB71005005882D0 /* LaunchScreen.storyboard */; };
		179416522AB711FA005882D0 /* ButtonView.swift in Sources */ = {isa = PBXBuildFile; fileRef = 179416512AB711FA005882D0 /* ButtonView.swift */; };
		179416542AB7149B005882D0 /* LabelView.swift in Sources */ = {isa = PBXBuildFile; fileRef = 179416532AB7149B005882D0 /* LabelView.swift */; };
		179416562AB717DD005882D0 /* Answer.swift in Sources */ = {isa = PBXBuildFile; fileRef = 179416552AB717DD005882D0 /* Answer.swift */; };
		179416582AB71828005882D0 /* DataFetcher.swift in Sources */ = {isa = PBXBuildFile; fileRef = 179416572AB71828005882D0 /* DataFetcher.swift */; };
		1794165A2AB75DA2005882D0 /* Quotes.swift in Sources */ = {isa = PBXBuildFile; fileRef = 179416592AB75DA2005882D0 /* Quotes.swift */; };
		1794165C2AB76BA1005882D0 /* ViewBoxView.swift in Sources */ = {isa = PBXBuildFile; fileRef = 1794165B2AB76BA1005882D0 /* ViewBoxView.swift */; };
		1794165E2AB77C4E005882D0 /* Helper.swift in Sources */ = {isa = PBXBuildFile; fileRef = 1794165D2AB77C4E005882D0 /* Helper.swift */; };
		179416602AB77F4F005882D0 /* Settings + Ext .swift in Sources */ = {isa = PBXBuildFile; fileRef = 1794165F2AB77F4F005882D0 /* Settings + Ext .swift */; };
		179416622AB78175005882D0 /* ActivityIndicatorView.swift in Sources */ = {isa = PBXBuildFile; fileRef = 179416612AB78175005882D0 /* ActivityIndicatorView.swift */; };
		179416652AB84569005882D0 /* Layout + Ext.swift in Sources */ = {isa = PBXBuildFile; fileRef = 179416642AB84569005882D0 /* Layout + Ext.swift */; };
		179416672AB87781005882D0 /* ImageViewView.swift in Sources */ = {isa = PBXBuildFile; fileRef = 179416662AB87781005882D0 /* ImageViewView.swift */; };
		1794166C2ABA3301005882D0 /* GetData + Ext.swift in Sources */ = {isa = PBXBuildFile; fileRef = 1794166B2ABA3301005882D0 /* GetData + Ext.swift */; };
		1794166E2ABA33A2005882D0 /* ButtonPressed + Ext.swift in Sources */ = {isa = PBXBuildFile; fileRef = 1794166D2ABA33A2005882D0 /* ButtonPressed + Ext.swift */; };
/* End PBXBuildFile section */

/* Begin PBXFileReference section */
		171A74442AD5C61600718A1A /* AddSubview + Ext.swift */ = {isa = PBXFileReference; lastKnownFileType = sourcecode.swift; path = "AddSubview + Ext.swift"; sourceTree = "<group>"; };
		171A74462AD6526A00718A1A /* Quotes + Ext.swift */ = {isa = PBXFileReference; lastKnownFileType = sourcecode.swift; path = "Quotes + Ext.swift"; sourceTree = "<group>"; };
		171A74482AD7A37B00718A1A /* Answer + Ext.swift */ = {isa = PBXFileReference; lastKnownFileType = sourcecode.swift; path = "Answer + Ext.swift"; sourceTree = "<group>"; };
		171A746C2ADA94A300718A1A /* Effects + Ext.swift */ = {isa = PBXFileReference; lastKnownFileType = sourcecode.swift; path = "Effects + Ext.swift"; sourceTree = "<group>"; };
		171A746E2ADB46D100718A1A /* Circle + Ext.swift */ = {isa = PBXFileReference; lastKnownFileType = sourcecode.swift; path = "Circle + Ext.swift"; sourceTree = "<group>"; };
		171A74772AE1A5C000718A1A /* Notifications.swift */ = {isa = PBXFileReference; lastKnownFileType = sourcecode.swift; path = Notifications.swift; sourceTree = "<group>"; };
		177F3B632AC2192C00D0876C /* Media.xcassets */ = {isa = PBXFileReference; lastKnownFileType = folder.assetcatalog; path = Media.xcassets; sourceTree = "<group>"; };
		179416342AB71003005882D0 /* Answer Book.app */ = {isa = PBXFileReference; explicitFileType = wrapper.application; includeInIndex = 0; path = "Answer Book.app"; sourceTree = BUILT_PRODUCTS_DIR; };
		179416372AB71003005882D0 /* AppDelegate.swift */ = {isa = PBXFileReference; lastKnownFileType = sourcecode.swift; path = AppDelegate.swift; sourceTree = "<group>"; };
		179416392AB71003005882D0 /* SceneDelegate.swift */ = {isa = PBXFileReference; lastKnownFileType = sourcecode.swift; path = SceneDelegate.swift; sourceTree = "<group>"; };
		1794163B2AB71003005882D0 /* MainViewController.swift */ = {isa = PBXFileReference; lastKnownFileType = sourcecode.swift; path = MainViewController.swift; sourceTree = "<group>"; };
		179416402AB71005005882D0 /* Assets.xcassets */ = {isa = PBXFileReference; lastKnownFileType = folder.assetcatalog; path = Assets.xcassets; sourceTree = "<group>"; };
		179416432AB71005005882D0 /* Base */ = {isa = PBXFileReference; lastKnownFileType = file.storyboard; name = Base; path = Base.lproj/LaunchScreen.storyboard; sourceTree = "<group>"; };
		179416452AB71005005882D0 /* Info.plist */ = {isa = PBXFileReference; lastKnownFileType = text.plist.xml; path = Info.plist; sourceTree = "<group>"; };
		179416512AB711FA005882D0 /* ButtonView.swift */ = {isa = PBXFileReference; lastKnownFileType = sourcecode.swift; path = ButtonView.swift; sourceTree = "<group>"; };
		179416532AB7149B005882D0 /* LabelView.swift */ = {isa = PBXFileReference; lastKnownFileType = sourcecode.swift; path = LabelView.swift; sourceTree = "<group>"; };
		179416552AB717DD005882D0 /* Answer.swift */ = {isa = PBXFileReference; lastKnownFileType = sourcecode.swift; path = Answer.swift; sourceTree = "<group>"; };
		179416572AB71828005882D0 /* DataFetcher.swift */ = {isa = PBXFileReference; lastKnownFileType = sourcecode.swift; path = DataFetcher.swift; sourceTree = "<group>"; };
		179416592AB75DA2005882D0 /* Quotes.swift */ = {isa = PBXFileReference; lastKnownFileType = sourcecode.swift; path = Quotes.swift; sourceTree = "<group>"; };
		1794165B2AB76BA1005882D0 /* ViewBoxView.swift */ = {isa = PBXFileReference; lastKnownFileType = sourcecode.swift; path = ViewBoxView.swift; sourceTree = "<group>"; };
		1794165D2AB77C4E005882D0 /* Helper.swift */ = {isa = PBXFileReference; lastKnownFileType = sourcecode.swift; path = Helper.swift; sourceTree = "<group>"; };
		1794165F2AB77F4F005882D0 /* Settings + Ext .swift */ = {isa = PBXFileReference; lastKnownFileType = sourcecode.swift; path = "Settings + Ext .swift"; sourceTree = "<group>"; };
		179416612AB78175005882D0 /* ActivityIndicatorView.swift */ = {isa = PBXFileReference; lastKnownFileType = sourcecode.swift; path = ActivityIndicatorView.swift; sourceTree = "<group>"; };
		179416642AB84569005882D0 /* Layout + Ext.swift */ = {isa = PBXFileReference; lastKnownFileType = sourcecode.swift; path = "Layout + Ext.swift"; sourceTree = "<group>"; };
		179416662AB87781005882D0 /* ImageViewView.swift */ = {isa = PBXFileReference; lastKnownFileType = sourcecode.swift; path = ImageViewView.swift; sourceTree = "<group>"; };
		1794166B2ABA3301005882D0 /* GetData + Ext.swift */ = {isa = PBXFileReference; lastKnownFileType = sourcecode.swift; path = "GetData + Ext.swift"; sourceTree = "<group>"; };
		1794166D2ABA33A2005882D0 /* ButtonPressed + Ext.swift */ = {isa = PBXFileReference; lastKnownFileType = sourcecode.swift; path = "ButtonPressed + Ext.swift"; sourceTree = "<group>"; };
/* End PBXFileReference section */

/* Begin PBXFrameworksBuildPhase section */
		179416312AB71003005882D0 /* Frameworks */ = {
			isa = PBXFrameworksBuildPhase;
			buildActionMask = 2147483647;
			files = (
			);
			runOnlyForDeploymentPostprocessing = 0;
		};
/* End PBXFrameworksBuildPhase section */

/* Begin PBXGroup section */
		171A74762AE1A59A00718A1A /* Utilities */ = {
			isa = PBXGroup;
			children = (
				171A74772AE1A5C000718A1A /* Notifications.swift */,
			);
			path = Utilities;
			sourceTree = "<group>";
		};
		177F3B602AC1A6F600D0876C /* Networking */ = {
			isa = PBXGroup;
			children = (
				179416572AB71828005882D0 /* DataFetcher.swift */,
			);
			path = Networking;
			sourceTree = "<group>";
		};
		1794162B2AB71003005882D0 = {
			isa = PBXGroup;
			children = (
				179416362AB71003005882D0 /* Answer Book */,
				179416352AB71003005882D0 /* Products */,
			);
			sourceTree = "<group>";
		};
		179416352AB71003005882D0 /* Products */ = {
			isa = PBXGroup;
			children = (
				179416342AB71003005882D0 /* Answer Book.app */,
			);
			name = Products;
			sourceTree = "<group>";
		};
		179416362AB71003005882D0 /* Answer Book */ = {
			isa = PBXGroup;
			children = (
				1794164F2AB7113F005882D0 /* Application */,
				179416502AB71149005882D0 /* Helpers */,
				171A74762AE1A59A00718A1A /* Utilities */,
				177F3B602AC1A6F600D0876C /* Networking */,
				1794164E2AB71136005882D0 /* Model */,
				1794164D2AB71109005882D0 /* View */,
				1794164C2AB710FF005882D0 /* Controller */,
				1794164B2AB7104E005882D0 /* Resources */,
			);
			path = "Answer Book";
			sourceTree = "<group>";
		};
		1794164B2AB7104E005882D0 /* Resources */ = {
			isa = PBXGroup;
			children = (
				179416402AB71005005882D0 /* Assets.xcassets */,
				179416452AB71005005882D0 /* Info.plist */,
				177F3B632AC2192C00D0876C /* Media.xcassets */,
			);
			path = Resources;
			sourceTree = "<group>";
		};
		1794164C2AB710FF005882D0 /* Controller */ = {
			isa = PBXGroup;
			children = (
				1794163B2AB71003005882D0 /* MainViewController.swift */,
				171A74442AD5C61600718A1A /* AddSubview + Ext.swift */,
				1794165F2AB77F4F005882D0 /* Settings + Ext .swift */,
				179416642AB84569005882D0 /* Layout + Ext.swift */,
				1794166B2ABA3301005882D0 /* GetData + Ext.swift */,
				171A74462AD6526A00718A1A /* Quotes + Ext.swift */,
				171A74482AD7A37B00718A1A /* Answer + Ext.swift */,
				1794166D2ABA33A2005882D0 /* ButtonPressed + Ext.swift */,
				171A746C2ADA94A300718A1A /* Effects + Ext.swift */,
				171A746E2ADB46D100718A1A /* Circle + Ext.swift */,
			);
			path = Controller;
			sourceTree = "<group>";
		};
		1794164D2AB71109005882D0 /* View */ = {
			isa = PBXGroup;
			children = (
				179416422AB71005005882D0 /* LaunchScreen.storyboard */,
				179416512AB711FA005882D0 /* ButtonView.swift */,
				179416532AB7149B005882D0 /* LabelView.swift */,
				1794165B2AB76BA1005882D0 /* ViewBoxView.swift */,
				179416612AB78175005882D0 /* ActivityIndicatorView.swift */,
				179416662AB87781005882D0 /* ImageViewView.swift */,
			);
			path = View;
			sourceTree = "<group>";
		};
		1794164E2AB71136005882D0 /* Model */ = {
			isa = PBXGroup;
			children = (
				179416552AB717DD005882D0 /* Answer.swift */,
				179416592AB75DA2005882D0 /* Quotes.swift */,
			);
			path = Model;
			sourceTree = "<group>";
		};
		1794164F2AB7113F005882D0 /* Application */ = {
			isa = PBXGroup;
			children = (
				179416372AB71003005882D0 /* AppDelegate.swift */,
				179416392AB71003005882D0 /* SceneDelegate.swift */,
			);
			path = Application;
			sourceTree = "<group>";
		};
		179416502AB71149005882D0 /* Helpers */ = {
			isa = PBXGroup;
			children = (
				1794165D2AB77C4E005882D0 /* Helper.swift */,
			);
			path = Helpers;
			sourceTree = "<group>";
		};
/* End PBXGroup section */

/* Begin PBXNativeTarget section */
		179416332AB71003005882D0 /* Answer Book */ = {
			isa = PBXNativeTarget;
			buildConfigurationList = 179416482AB71005005882D0 /* Build configuration list for PBXNativeTarget "Answer Book" */;
			buildPhases = (
				179416302AB71003005882D0 /* Sources */,
				179416312AB71003005882D0 /* Frameworks */,
				179416322AB71003005882D0 /* Resources */,
			);
			buildRules = (
			);
			dependencies = (
			);
			name = "Answer Book";
			productName = "Answer Book";
			productReference = 179416342AB71003005882D0 /* Answer Book.app */;
			productType = "com.apple.product-type.application";
		};
/* End PBXNativeTarget section */

/* Begin PBXProject section */
		1794162C2AB71003005882D0 /* Project object */ = {
			isa = PBXProject;
			attributes = {
				BuildIndependentTargetsInParallel = 1;
				LastSwiftUpdateCheck = 1520;
				LastUpgradeCheck = 1520;
				TargetAttributes = {
					179416332AB71003005882D0 = {
						CreatedOnToolsVersion = 14.3.1;
					};
				};
			};
			buildConfigurationList = 1794162F2AB71003005882D0 /* Build configuration list for PBXProject "Answer Book" */;
			compatibilityVersion = "Xcode 14.0";
			developmentRegion = en;
			hasScannedForEncodings = 0;
			knownRegions = (
				en,
				Base,
			);
			mainGroup = 1794162B2AB71003005882D0;
			productRefGroup = 179416352AB71003005882D0 /* Products */;
			projectDirPath = "";
			projectRoot = "";
			targets = (
				179416332AB71003005882D0 /* Answer Book */,
			);
		};
/* End PBXProject section */

/* Begin PBXResourcesBuildPhase section */
		179416322AB71003005882D0 /* Resources */ = {
			isa = PBXResourcesBuildPhase;
			buildActionMask = 2147483647;
			files = (
				179416442AB71005005882D0 /* LaunchScreen.storyboard in Resources */,
				177F3B642AC2192C00D0876C /* Media.xcassets in Resources */,
				179416412AB71005005882D0 /* Assets.xcassets in Resources */,
			);
			runOnlyForDeploymentPostprocessing = 0;
		};
/* End PBXResourcesBuildPhase section */

/* Begin PBXSourcesBuildPhase section */
		179416302AB71003005882D0 /* Sources */ = {
			isa = PBXSourcesBuildPhase;
			buildActionMask = 2147483647;
			files = (
				1794165C2AB76BA1005882D0 /* ViewBoxView.swift in Sources */,
				171A74452AD5C61600718A1A /* AddSubview + Ext.swift in Sources */,
				171A74782AE1A5C000718A1A /* Notifications.swift in Sources */,
				1794165A2AB75DA2005882D0 /* Quotes.swift in Sources */,
				1794166C2ABA3301005882D0 /* GetData + Ext.swift in Sources */,
				1794163C2AB71003005882D0 /* MainViewController.swift in Sources */,
				179416622AB78175005882D0 /* ActivityIndicatorView.swift in Sources */,
				179416582AB71828005882D0 /* DataFetcher.swift in Sources */,
				179416652AB84569005882D0 /* Layout + Ext.swift in Sources */,
				171A74472AD6526A00718A1A /* Quotes + Ext.swift in Sources */,
				179416382AB71003005882D0 /* AppDelegate.swift in Sources */,
				179416522AB711FA005882D0 /* ButtonView.swift in Sources */,
				171A74492AD7A37B00718A1A /* Answer + Ext.swift in Sources */,
				179416562AB717DD005882D0 /* Answer.swift in Sources */,
				171A746F2ADB46D100718A1A /* Circle + Ext.swift in Sources */,
				1794165E2AB77C4E005882D0 /* Helper.swift in Sources */,
				1794166E2ABA33A2005882D0 /* ButtonPressed + Ext.swift in Sources */,
				1794163A2AB71003005882D0 /* SceneDelegate.swift in Sources */,
				179416672AB87781005882D0 /* ImageViewView.swift in Sources */,
				179416602AB77F4F005882D0 /* Settings + Ext .swift in Sources */,
				171A746D2ADA94A300718A1A /* Effects + Ext.swift in Sources */,
				179416542AB7149B005882D0 /* LabelView.swift in Sources */,
			);
			runOnlyForDeploymentPostprocessing = 0;
		};
/* End PBXSourcesBuildPhase section */

/* Begin PBXVariantGroup section */
		179416422AB71005005882D0 /* LaunchScreen.storyboard */ = {
			isa = PBXVariantGroup;
			children = (
				179416432AB71005005882D0 /* Base */,
			);
			name = LaunchScreen.storyboard;
			sourceTree = "<group>";
		};
/* End PBXVariantGroup section */

/* Begin XCBuildConfiguration section */
		179416462AB71005005882D0 /* Debug */ = {
			isa = XCBuildConfiguration;
			buildSettings = {
				ALWAYS_SEARCH_USER_PATHS = NO;
				ASSETCATALOG_COMPILER_GENERATE_SWIFT_ASSET_SYMBOL_EXTENSIONS = YES;
				CLANG_ANALYZER_NONNULL = YES;
				CLANG_ANALYZER_NUMBER_OBJECT_CONVERSION = YES_AGGRESSIVE;
				CLANG_CXX_LANGUAGE_STANDARD = "gnu++20";
				CLANG_ENABLE_MODULES = YES;
				CLANG_ENABLE_OBJC_ARC = YES;
				CLANG_ENABLE_OBJC_WEAK = YES;
				CLANG_WARN_BLOCK_CAPTURE_AUTORELEASING = YES;
				CLANG_WARN_BOOL_CONVERSION = YES;
				CLANG_WARN_COMMA = YES;
				CLANG_WARN_CONSTANT_CONVERSION = YES;
				CLANG_WARN_DEPRECATED_OBJC_IMPLEMENTATIONS = YES;
				CLANG_WARN_DIRECT_OBJC_ISA_USAGE = YES_ERROR;
				CLANG_WARN_DOCUMENTATION_COMMENTS = YES;
				CLANG_WARN_EMPTY_BODY = YES;
				CLANG_WARN_ENUM_CONVERSION = YES;
				CLANG_WARN_INFINITE_RECURSION = YES;
				CLANG_WARN_INT_CONVERSION = YES;
				CLANG_WARN_NON_LITERAL_NULL_CONVERSION = YES;
				CLANG_WARN_OBJC_IMPLICIT_RETAIN_SELF = YES;
				CLANG_WARN_OBJC_LITERAL_CONVERSION = YES;
				CLANG_WARN_OBJC_ROOT_CLASS = YES_ERROR;
				CLANG_WARN_QUOTED_INCLUDE_IN_FRAMEWORK_HEADER = YES;
				CLANG_WARN_RANGE_LOOP_ANALYSIS = YES;
				CLANG_WARN_STRICT_PROTOTYPES = YES;
				CLANG_WARN_SUSPICIOUS_MOVE = YES;
				CLANG_WARN_UNGUARDED_AVAILABILITY = YES_AGGRESSIVE;
				CLANG_WARN_UNREACHABLE_CODE = YES;
				CLANG_WARN__DUPLICATE_METHOD_MATCH = YES;
				COPY_PHASE_STRIP = NO;
				DEBUG_INFORMATION_FORMAT = dwarf;
				ENABLE_STRICT_OBJC_MSGSEND = YES;
				ENABLE_TESTABILITY = YES;
				ENABLE_USER_SCRIPT_SANDBOXING = YES;
				GCC_C_LANGUAGE_STANDARD = gnu11;
				GCC_DYNAMIC_NO_PIC = NO;
				GCC_NO_COMMON_BLOCKS = YES;
				GCC_OPTIMIZATION_LEVEL = 0;
				GCC_PREPROCESSOR_DEFINITIONS = (
					"DEBUG=1",
					"$(inherited)",
				);
				GCC_WARN_64_TO_32_BIT_CONVERSION = YES;
				GCC_WARN_ABOUT_RETURN_TYPE = YES_ERROR;
				GCC_WARN_UNDECLARED_SELECTOR = YES;
				GCC_WARN_UNINITIALIZED_AUTOS = YES_AGGRESSIVE;
				GCC_WARN_UNUSED_FUNCTION = YES;
				GCC_WARN_UNUSED_VARIABLE = YES;
				IPHONEOS_DEPLOYMENT_TARGET = 13.0;
				MTL_ENABLE_DEBUG_INFO = INCLUDE_SOURCE;
				MTL_FAST_MATH = YES;
				ONLY_ACTIVE_ARCH = YES;
				SDKROOT = iphoneos;
				SWIFT_ACTIVE_COMPILATION_CONDITIONS = DEBUG;
				SWIFT_OPTIMIZATION_LEVEL = "-Onone";
			};
			name = Debug;
		};
		179416472AB71005005882D0 /* Release */ = {
			isa = XCBuildConfiguration;
			buildSettings = {
				ALWAYS_SEARCH_USER_PATHS = NO;
				ASSETCATALOG_COMPILER_GENERATE_SWIFT_ASSET_SYMBOL_EXTENSIONS = YES;
				CLANG_ANALYZER_NONNULL = YES;
				CLANG_ANALYZER_NUMBER_OBJECT_CONVERSION = YES_AGGRESSIVE;
				CLANG_CXX_LANGUAGE_STANDARD = "gnu++20";
				CLANG_ENABLE_MODULES = YES;
				CLANG_ENABLE_OBJC_ARC = YES;
				CLANG_ENABLE_OBJC_WEAK = YES;
				CLANG_WARN_BLOCK_CAPTURE_AUTORELEASING = YES;
				CLANG_WARN_BOOL_CONVERSION = YES;
				CLANG_WARN_COMMA = YES;
				CLANG_WARN_CONSTANT_CONVERSION = YES;
				CLANG_WARN_DEPRECATED_OBJC_IMPLEMENTATIONS = YES;
				CLANG_WARN_DIRECT_OBJC_ISA_USAGE = YES_ERROR;
				CLANG_WARN_DOCUMENTATION_COMMENTS = YES;
				CLANG_WARN_EMPTY_BODY = YES;
				CLANG_WARN_ENUM_CONVERSION = YES;
				CLANG_WARN_INFINITE_RECURSION = YES;
				CLANG_WARN_INT_CONVERSION = YES;
				CLANG_WARN_NON_LITERAL_NULL_CONVERSION = YES;
				CLANG_WARN_OBJC_IMPLICIT_RETAIN_SELF = YES;
				CLANG_WARN_OBJC_LITERAL_CONVERSION = YES;
				CLANG_WARN_OBJC_ROOT_CLASS = YES_ERROR;
				CLANG_WARN_QUOTED_INCLUDE_IN_FRAMEWORK_HEADER = YES;
				CLANG_WARN_RANGE_LOOP_ANALYSIS = YES;
				CLANG_WARN_STRICT_PROTOTYPES = YES;
				CLANG_WARN_SUSPICIOUS_MOVE = YES;
				CLANG_WARN_UNGUARDED_AVAILABILITY = YES_AGGRESSIVE;
				CLANG_WARN_UNREACHABLE_CODE = YES;
				CLANG_WARN__DUPLICATE_METHOD_MATCH = YES;
				COPY_PHASE_STRIP = NO;
				DEBUG_INFORMATION_FORMAT = "dwarf-with-dsym";
				ENABLE_NS_ASSERTIONS = NO;
				ENABLE_STRICT_OBJC_MSGSEND = YES;
				ENABLE_USER_SCRIPT_SANDBOXING = YES;
				GCC_C_LANGUAGE_STANDARD = gnu11;
				GCC_NO_COMMON_BLOCKS = YES;
				GCC_WARN_64_TO_32_BIT_CONVERSION = YES;
				GCC_WARN_ABOUT_RETURN_TYPE = YES_ERROR;
				GCC_WARN_UNDECLARED_SELECTOR = YES;
				GCC_WARN_UNINITIALIZED_AUTOS = YES_AGGRESSIVE;
				GCC_WARN_UNUSED_FUNCTION = YES;
				GCC_WARN_UNUSED_VARIABLE = YES;
				IPHONEOS_DEPLOYMENT_TARGET = 13.0;
				MTL_ENABLE_DEBUG_INFO = NO;
				MTL_FAST_MATH = YES;
				SDKROOT = iphoneos;
				SWIFT_COMPILATION_MODE = wholemodule;
				SWIFT_OPTIMIZATION_LEVEL = "-O";
				VALIDATE_PRODUCT = YES;
			};
			name = Release;
		};
		179416492AB71005005882D0 /* Debug */ = {
			isa = XCBuildConfiguration;
			buildSettings = {
				ASSETCATALOG_COMPILER_APPICON_NAME = AppIcon;
				ASSETCATALOG_COMPILER_GLOBAL_ACCENT_COLOR_NAME = AccentColor;
				ASSETCATALOG_COMPILER_INCLUDE_ALL_APPICON_ASSETS = NO;
				CODE_SIGN_STYLE = Automatic;
				CURRENT_PROJECT_VERSION = 1;
				DEVELOPMENT_TEAM = LA9F8MT28T;
				GENERATE_INFOPLIST_FILE = YES;
				INFOPLIST_FILE = "Answer Book/Resources/Info.plist";
				INFOPLIST_KEY_CFBundleDisplayName = "Answer Book";
				INFOPLIST_KEY_UIApplicationSupportsIndirectInputEvents = YES;
				INFOPLIST_KEY_UILaunchStoryboardName = LaunchScreen.storyboard;
				INFOPLIST_KEY_UIRequiresFullScreen = YES;
				INFOPLIST_KEY_UIStatusBarStyle = "";
				INFOPLIST_KEY_UISupportedInterfaceOrientations = UIInterfaceOrientationPortrait;
				INFOPLIST_KEY_UISupportedInterfaceOrientations_iPad = "UIInterfaceOrientationPortrait UIInterfaceOrientationPortraitUpsideDown";
				IPHONEOS_DEPLOYMENT_TARGET = 13.0;
				LD_RUNPATH_SEARCH_PATHS = (
					"$(inherited)",
					"@executable_path/Frameworks",
				);
				MARKETING_VERSION = 1.0;
				PRODUCT_BUNDLE_IDENTIFIER = "com.karen.Answer-Book";
				PRODUCT_NAME = "$(TARGET_NAME)";
				SUPPORTED_PLATFORMS = "iphoneos iphonesimulator";
				SUPPORTS_MACCATALYST = NO;
				SUPPORTS_XR_DESIGNED_FOR_IPHONE_IPAD = NO;
				SWIFT_EMIT_LOC_STRINGS = YES;
				SWIFT_VERSION = 5.0;
				TARGETED_DEVICE_FAMILY = "1,2";
			};
			name = Debug;
		};
		1794164A2AB71005005882D0 /* Release */ = {
			isa = XCBuildConfiguration;
			buildSettings = {
				ASSETCATALOG_COMPILER_APPICON_NAME = AppIcon;
				ASSETCATALOG_COMPILER_GLOBAL_ACCENT_COLOR_NAME = AccentColor;
				ASSETCATALOG_COMPILER_INCLUDE_ALL_APPICON_ASSETS = NO;
				CODE_SIGN_STYLE = Automatic;
				CURRENT_PROJECT_VERSION = 1;
				DEVELOPMENT_TEAM = LA9F8MT28T;
				GENERATE_INFOPLIST_FILE = YES;
				INFOPLIST_FILE = "Answer Book/Resources/Info.plist";
				INFOPLIST_KEY_CFBundleDisplayName = "Answer Book";
				INFOPLIST_KEY_UIApplicationSupportsIndirectInputEvents = YES;
				INFOPLIST_KEY_UILaunchStoryboardName = LaunchScreen.storyboard;
				INFOPLIST_KEY_UIRequiresFullScreen = YES;
				INFOPLIST_KEY_UIStatusBarStyle = "";
				INFOPLIST_KEY_UISupportedInterfaceOrientations = UIInterfaceOrientationPortrait;
				INFOPLIST_KEY_UISupportedInterfaceOrientations_iPad = "UIInterfaceOrientationPortrait UIInterfaceOrientationPortraitUpsideDown";
				IPHONEOS_DEPLOYMENT_TARGET = 13.0;
				LD_RUNPATH_SEARCH_PATHS = (
					"$(inherited)",
					"@executable_path/Frameworks",
				);
				MARKETING_VERSION = 1.0;
				PRODUCT_BUNDLE_IDENTIFIER = "com.karen.Answer-Book";
				PRODUCT_NAME = "$(TARGET_NAME)";
				SUPPORTED_PLATFORMS = "iphoneos iphonesimulator";
				SUPPORTS_MACCATALYST = NO;
				SUPPORTS_XR_DESIGNED_FOR_IPHONE_IPAD = NO;
				SWIFT_EMIT_LOC_STRINGS = YES;
				SWIFT_VERSION = 5.0;
				TARGETED_DEVICE_FAMILY = "1,2";
			};
			name = Release;
		};
/* End XCBuildConfiguration section */

/* Begin XCConfigurationList section */
		1794162F2AB71003005882D0 /* Build configuration list for PBXProject "Answer Book" */ = {
			isa = XCConfigurationList;
			buildConfigurations = (
				179416462AB71005005882D0 /* Debug */,
				179416472AB71005005882D0 /* Release */,
			);
			defaultConfigurationIsVisible = 0;
			defaultConfigurationName = Release;
		};
		179416482AB71005005882D0 /* Build configuration list for PBXNativeTarget "Answer Book" */ = {
			isa = XCConfigurationList;
			buildConfigurations = (
				179416492AB71005005882D0 /* Debug */,
				1794164A2AB71005005882D0 /* Release */,
			);
			defaultConfigurationIsVisible = 0;
			defaultConfigurationName = Release;
		};
/* End XCConfigurationList section */
	};
	rootObject = 1794162C2AB71003005882D0 /* Project object */;
}
