// !$*UTF8*$!
{
	archiveVersion = 1;
	classes = {
	};
	objectVersion = 56;
	objects = {

/* Begin PBXBuildFile section */
		177F3B722AC3473300D0876C /* AppDelegate.swift in Sources */ = {isa = PBXBuildFile; fileRef = 177F3B712AC3473300D0876C /* AppDelegate.swift */; };
		177F3B742AC3473300D0876C /* SceneDelegate.swift in Sources */ = {isa = PBXBuildFile; fileRef = 177F3B732AC3473300D0876C /* SceneDelegate.swift */; };
		177F3B762AC3473300D0876C /* PictureOfDayViewController.swift in Sources */ = {isa = PBXBuildFile; fileRef = 177F3B752AC3473300D0876C /* PictureOfDayViewController.swift */; };
		177F3B7B2AC3473400D0876C /* Assets.xcassets in Resources */ = {isa = PBXBuildFile; fileRef = 177F3B7A2AC3473400D0876C /* Assets.xcassets */; };
		177F3B7E2AC3473400D0876C /* LaunchScreen.storyboard in Resources */ = {isa = PBXBuildFile; fileRef = 177F3B7C2AC3473400D0876C /* LaunchScreen.storyboard */; };
		177F3B8A2AC34AAE00D0876C /* CustomImageView.swift in Sources */ = {isa = PBXBuildFile; fileRef = 177F3B892AC34AAE00D0876C /* CustomImageView.swift */; };
		177F3B8C2AC350C400D0876C /* CustomView.swift in Sources */ = {isa = PBXBuildFile; fileRef = 177F3B8B2AC350C400D0876C /* CustomView.swift */; };
		177F3B8E2AC3573700D0876C /* CustomScrollView.swift in Sources */ = {isa = PBXBuildFile; fileRef = 177F3B8D2AC3573700D0876C /* CustomScrollView.swift */; };
		177F3B902AC35E3F00D0876C /* CustomStackView.swift in Sources */ = {isa = PBXBuildFile; fileRef = 177F3B8F2AC35E3F00D0876C /* CustomStackView.swift */; };
		177F3B922AC362ED00D0876C /* CustomLabel.swift in Sources */ = {isa = PBXBuildFile; fileRef = 177F3B912AC362ED00D0876C /* CustomLabel.swift */; };
		177F3B952AC366BA00D0876C /* AstronomyPictureOfTheDay.swift in Sources */ = {isa = PBXBuildFile; fileRef = 177F3B942AC366BA00D0876C /* AstronomyPictureOfTheDay.swift */; };
		177F3B982AC367B500D0876C /* DataFetcher.swift in Sources */ = {isa = PBXBuildFile; fileRef = 177F3B972AC367B500D0876C /* DataFetcher.swift */; };
		17B7B5032AC44456009A5767 /* ActivityIndicatorView.swift in Sources */ = {isa = PBXBuildFile; fileRef = 17B7B5022AC44456009A5767 /* ActivityIndicatorView.swift */; };
		17B7B5052AC44B13009A5767 /* PODVCLayout + Ext.swift in Sources */ = {isa = PBXBuildFile; fileRef = 17B7B5042AC44B13009A5767 /* PODVCLayout + Ext.swift */; };
		17B7B5072AC44B5C009A5767 /* PODVCGetData + Ext.swift in Sources */ = {isa = PBXBuildFile; fileRef = 17B7B5062AC44B5C009A5767 /* PODVCGetData + Ext.swift */; };
		17B7B5092AC44B9C009A5767 /* PODVCSettings + Ext.swift in Sources */ = {isa = PBXBuildFile; fileRef = 17B7B5082AC44B9C009A5767 /* PODVCSettings + Ext.swift */; };
/* End PBXBuildFile section */

/* Begin PBXFileReference section */
		177F3B6E2AC3473300D0876C /* SpaceGram.app */ = {isa = PBXFileReference; explicitFileType = wrapper.application; includeInIndex = 0; path = SpaceGram.app; sourceTree = BUILT_PRODUCTS_DIR; };
		177F3B712AC3473300D0876C /* AppDelegate.swift */ = {isa = PBXFileReference; lastKnownFileType = sourcecode.swift; path = AppDelegate.swift; sourceTree = "<group>"; };
		177F3B732AC3473300D0876C /* SceneDelegate.swift */ = {isa = PBXFileReference; lastKnownFileType = sourcecode.swift; path = SceneDelegate.swift; sourceTree = "<group>"; };
		177F3B752AC3473300D0876C /* PictureOfDayViewController.swift */ = {isa = PBXFileReference; lastKnownFileType = sourcecode.swift; path = PictureOfDayViewController.swift; sourceTree = "<group>"; };
		177F3B7A2AC3473400D0876C /* Assets.xcassets */ = {isa = PBXFileReference; lastKnownFileType = folder.assetcatalog; path = Assets.xcassets; sourceTree = "<group>"; };
		177F3B7D2AC3473400D0876C /* Base */ = {isa = PBXFileReference; lastKnownFileType = file.storyboard; name = Base; path = Base.lproj/LaunchScreen.storyboard; sourceTree = "<group>"; };
		177F3B7F2AC3473400D0876C /* Info.plist */ = {isa = PBXFileReference; lastKnownFileType = text.plist.xml; path = Info.plist; sourceTree = "<group>"; };
		177F3B892AC34AAE00D0876C /* CustomImageView.swift */ = {isa = PBXFileReference; lastKnownFileType = sourcecode.swift; path = CustomImageView.swift; sourceTree = "<group>"; };
		177F3B8B2AC350C400D0876C /* CustomView.swift */ = {isa = PBXFileReference; lastKnownFileType = sourcecode.swift; path = CustomView.swift; sourceTree = "<group>"; };
		177F3B8D2AC3573700D0876C /* CustomScrollView.swift */ = {isa = PBXFileReference; lastKnownFileType = sourcecode.swift; path = CustomScrollView.swift; sourceTree = "<group>"; };
		177F3B8F2AC35E3F00D0876C /* CustomStackView.swift */ = {isa = PBXFileReference; lastKnownFileType = sourcecode.swift; path = CustomStackView.swift; sourceTree = "<group>"; };
		177F3B912AC362ED00D0876C /* CustomLabel.swift */ = {isa = PBXFileReference; lastKnownFileType = sourcecode.swift; path = CustomLabel.swift; sourceTree = "<group>"; };
		177F3B942AC366BA00D0876C /* AstronomyPictureOfTheDay.swift */ = {isa = PBXFileReference; lastKnownFileType = sourcecode.swift; path = AstronomyPictureOfTheDay.swift; sourceTree = "<group>"; };
		177F3B972AC367B500D0876C /* DataFetcher.swift */ = {isa = PBXFileReference; lastKnownFileType = sourcecode.swift; path = DataFetcher.swift; sourceTree = "<group>"; };
		17B7B5022AC44456009A5767 /* ActivityIndicatorView.swift */ = {isa = PBXFileReference; lastKnownFileType = sourcecode.swift; path = ActivityIndicatorView.swift; sourceTree = "<group>"; };
		17B7B5042AC44B13009A5767 /* PODVCLayout + Ext.swift */ = {isa = PBXFileReference; lastKnownFileType = sourcecode.swift; path = "PODVCLayout + Ext.swift"; sourceTree = "<group>"; };
		17B7B5062AC44B5C009A5767 /* PODVCGetData + Ext.swift */ = {isa = PBXFileReference; lastKnownFileType = sourcecode.swift; path = "PODVCGetData + Ext.swift"; sourceTree = "<group>"; };
		17B7B5082AC44B9C009A5767 /* PODVCSettings + Ext.swift */ = {isa = PBXFileReference; lastKnownFileType = sourcecode.swift; path = "PODVCSettings + Ext.swift"; sourceTree = "<group>"; };
/* End PBXFileReference section */

/* Begin PBXFrameworksBuildPhase section */
		177F3B6B2AC3473300D0876C /* Frameworks */ = {
			isa = PBXFrameworksBuildPhase;
			buildActionMask = 2147483647;
			files = (
			);
			runOnlyForDeploymentPostprocessing = 0;
		};
/* End PBXFrameworksBuildPhase section */

/* Begin PBXGroup section */
		177F3B652AC3473300D0876C = {
			isa = PBXGroup;
			children = (
				177F3B702AC3473300D0876C /* SpaceGram */,
				177F3B6F2AC3473300D0876C /* Products */,
			);
			sourceTree = "<group>";
		};
		177F3B6F2AC3473300D0876C /* Products */ = {
			isa = PBXGroup;
			children = (
				177F3B6E2AC3473300D0876C /* SpaceGram.app */,
			);
			name = Products;
			sourceTree = "<group>";
		};
		177F3B702AC3473300D0876C /* SpaceGram */ = {
			isa = PBXGroup;
			children = (
				177F3B962AC3675000D0876C /* Networking */,
				177F3B862AC347B900D0876C /* Application */,
				177F3B932AC3668500D0876C /* Model */,
				177F3B872AC347C100D0876C /* View */,
				177F3B882AC34A7B00D0876C /* Controller */,
				177F3B852AC3478900D0876C /* Resources */,
			);
			path = SpaceGram;
			sourceTree = "<group>";
		};
		177F3B852AC3478900D0876C /* Resources */ = {
			isa = PBXGroup;
			children = (
				177F3B7A2AC3473400D0876C /* Assets.xcassets */,
				177F3B7F2AC3473400D0876C /* Info.plist */,
			);
			path = Resources;
			sourceTree = "<group>";
		};
		177F3B862AC347B900D0876C /* Application */ = {
			isa = PBXGroup;
			children = (
				177F3B712AC3473300D0876C /* AppDelegate.swift */,
				177F3B732AC3473300D0876C /* SceneDelegate.swift */,
			);
			path = Application;
			sourceTree = "<group>";
		};
		177F3B872AC347C100D0876C /* View */ = {
			isa = PBXGroup;
			children = (
				177F3B7C2AC3473400D0876C /* LaunchScreen.storyboard */,
				177F3B892AC34AAE00D0876C /* CustomImageView.swift */,
				177F3B8B2AC350C400D0876C /* CustomView.swift */,
				177F3B8D2AC3573700D0876C /* CustomScrollView.swift */,
				177F3B8F2AC35E3F00D0876C /* CustomStackView.swift */,
				177F3B912AC362ED00D0876C /* CustomLabel.swift */,
				17B7B5022AC44456009A5767 /* ActivityIndicatorView.swift */,
			);
			path = View;
			sourceTree = "<group>";
		};
		177F3B882AC34A7B00D0876C /* Controller */ = {
			isa = PBXGroup;
			children = (
				177F3B752AC3473300D0876C /* PictureOfDayViewController.swift */,
				17B7B5042AC44B13009A5767 /* PODVCLayout + Ext.swift */,
				17B7B5062AC44B5C009A5767 /* PODVCGetData + Ext.swift */,
				17B7B5082AC44B9C009A5767 /* PODVCSettings + Ext.swift */,
			);
			path = Controller;
			sourceTree = "<group>";
		};
		177F3B932AC3668500D0876C /* Model */ = {
			isa = PBXGroup;
			children = (
				177F3B942AC366BA00D0876C /* AstronomyPictureOfTheDay.swift */,
			);
			path = Model;
			sourceTree = "<group>";
		};
		177F3B962AC3675000D0876C /* Networking */ = {
			isa = PBXGroup;
			children = (
				177F3B972AC367B500D0876C /* DataFetcher.swift */,
			);
			path = Networking;
			sourceTree = "<group>";
		};
/* End PBXGroup section */

/* Begin PBXNativeTarget section */
		177F3B6D2AC3473300D0876C /* SpaceGram */ = {
			isa = PBXNativeTarget;
			buildConfigurationList = 177F3B822AC3473400D0876C /* Build configuration list for PBXNativeTarget "SpaceGram" */;
			buildPhases = (
				177F3B6A2AC3473300D0876C /* Sources */,
				177F3B6B2AC3473300D0876C /* Frameworks */,
				177F3B6C2AC3473300D0876C /* Resources */,
			);
			buildRules = (
			);
			dependencies = (
			);
			name = SpaceGram;
			productName = SpaceGram;
			productReference = 177F3B6E2AC3473300D0876C /* SpaceGram.app */;
			productType = "com.apple.product-type.application";
		};
/* End PBXNativeTarget section */

/* Begin PBXProject section */
		177F3B662AC3473300D0876C /* Project object */ = {
			isa = PBXProject;
			attributes = {
				BuildIndependentTargetsInParallel = 1;
				LastSwiftUpdateCheck = 1430;
				LastUpgradeCheck = 1500;
				TargetAttributes = {
					177F3B6D2AC3473300D0876C = {
						CreatedOnToolsVersion = 14.3.1;
					};
				};
			};
			buildConfigurationList = 177F3B692AC3473300D0876C /* Build configuration list for PBXProject "SpaceGram" */;
			compatibilityVersion = "Xcode 14.0";
			developmentRegion = en;
			hasScannedForEncodings = 0;
			knownRegions = (
				en,
				Base,
			);
			mainGroup = 177F3B652AC3473300D0876C;
			productRefGroup = 177F3B6F2AC3473300D0876C /* Products */;
			projectDirPath = "";
			projectRoot = "";
			targets = (
				177F3B6D2AC3473300D0876C /* SpaceGram */,
			);
		};
/* End PBXProject section */

/* Begin PBXResourcesBuildPhase section */
		177F3B6C2AC3473300D0876C /* Resources */ = {
			isa = PBXResourcesBuildPhase;
			buildActionMask = 2147483647;
			files = (
				177F3B7E2AC3473400D0876C /* LaunchScreen.storyboard in Resources */,
				177F3B7B2AC3473400D0876C /* Assets.xcassets in Resources */,
			);
			runOnlyForDeploymentPostprocessing = 0;
		};
/* End PBXResourcesBuildPhase section */

/* Begin PBXSourcesBuildPhase section */
		177F3B6A2AC3473300D0876C /* Sources */ = {
			isa = PBXSourcesBuildPhase;
			buildActionMask = 2147483647;
			files = (
				177F3B8C2AC350C400D0876C /* CustomView.swift in Sources */,
				177F3B8A2AC34AAE00D0876C /* CustomImageView.swift in Sources */,
				17B7B5072AC44B5C009A5767 /* PODVCGetData + Ext.swift in Sources */,
				177F3B8E2AC3573700D0876C /* CustomScrollView.swift in Sources */,
				177F3B762AC3473300D0876C /* PictureOfDayViewController.swift in Sources */,
				177F3B902AC35E3F00D0876C /* CustomStackView.swift in Sources */,
				177F3B982AC367B500D0876C /* DataFetcher.swift in Sources */,
				17B7B5032AC44456009A5767 /* ActivityIndicatorView.swift in Sources */,
				177F3B722AC3473300D0876C /* AppDelegate.swift in Sources */,
				17B7B5052AC44B13009A5767 /* PODVCLayout + Ext.swift in Sources */,
				177F3B952AC366BA00D0876C /* AstronomyPictureOfTheDay.swift in Sources */,
				177F3B742AC3473300D0876C /* SceneDelegate.swift in Sources */,
				177F3B922AC362ED00D0876C /* CustomLabel.swift in Sources */,
				17B7B5092AC44B9C009A5767 /* PODVCSettings + Ext.swift in Sources */,
			);
			runOnlyForDeploymentPostprocessing = 0;
		};
/* End PBXSourcesBuildPhase section */

/* Begin PBXVariantGroup section */
		177F3B7C2AC3473400D0876C /* LaunchScreen.storyboard */ = {
			isa = PBXVariantGroup;
			children = (
				177F3B7D2AC3473400D0876C /* Base */,
			);
			name = LaunchScreen.storyboard;
			sourceTree = "<group>";
		};
/* End PBXVariantGroup section */

/* Begin XCBuildConfiguration section */
		177F3B802AC3473400D0876C /* Debug */ = {
			isa = XCBuildConfiguration;
			buildSettings = {
				ALWAYS_SEARCH_USER_PATHS = NO;
				CLANG_ANALYZER_NONNULL = YES;
				CLANG_ANALYZER_NUMBER_OBJECT_CONVERSION = YES_AGGRESSIVE;
				CLANG_CXX_LANGUAGE_STANDARD = "gnu++20";
				CLANG_ENABLE_MODULES = YES;
				CLANG_ENABLE_OBJC_ARC = YES;
				CLANG_ENABLE_OBJC_WEAK = YES;
				CLANG_WARN_BLOCK_CAPTURE_AUTORELEASING = YES;
				CLANG_WARN_BOOL_CONVERSION = YES;
				CLANG_WARN_COMMA = YES;
				CLANG_WARN_CONSTANT_CONVERSION = YES;
				CLANG_WARN_DEPRECATED_OBJC_IMPLEMENTATIONS = YES;
				CLANG_WARN_DIRECT_OBJC_ISA_USAGE = YES_ERROR;
				CLANG_WARN_DOCUMENTATION_COMMENTS = YES;
				CLANG_WARN_EMPTY_BODY = YES;
				CLANG_WARN_ENUM_CONVERSION = YES;
				CLANG_WARN_INFINITE_RECURSION = YES;
				CLANG_WARN_INT_CONVERSION = YES;
				CLANG_WARN_NON_LITERAL_NULL_CONVERSION = YES;
				CLANG_WARN_OBJC_IMPLICIT_RETAIN_SELF = YES;
				CLANG_WARN_OBJC_LITERAL_CONVERSION = YES;
				CLANG_WARN_OBJC_ROOT_CLASS = YES_ERROR;
				CLANG_WARN_QUOTED_INCLUDE_IN_FRAMEWORK_HEADER = YES;
				CLANG_WARN_RANGE_LOOP_ANALYSIS = YES;
				CLANG_WARN_STRICT_PROTOTYPES = YES;
				CLANG_WARN_SUSPICIOUS_MOVE = YES;
				CLANG_WARN_UNGUARDED_AVAILABILITY = YES_AGGRESSIVE;
				CLANG_WARN_UNREACHABLE_CODE = YES;
				CLANG_WARN__DUPLICATE_METHOD_MATCH = YES;
				COPY_PHASE_STRIP = NO;
				DEBUG_INFORMATION_FORMAT = dwarf;
				ENABLE_STRICT_OBJC_MSGSEND = YES;
				ENABLE_TESTABILITY = YES;
				ENABLE_USER_SCRIPT_SANDBOXING = YES;
				GCC_C_LANGUAGE_STANDARD = gnu11;
				GCC_DYNAMIC_NO_PIC = NO;
				GCC_NO_COMMON_BLOCKS = YES;
				GCC_OPTIMIZATION_LEVEL = 0;
				GCC_PREPROCESSOR_DEFINITIONS = (
					"DEBUG=1",
					"$(inherited)",
				);
				GCC_WARN_64_TO_32_BIT_CONVERSION = YES;
				GCC_WARN_ABOUT_RETURN_TYPE = YES_ERROR;
				GCC_WARN_UNDECLARED_SELECTOR = YES;
				GCC_WARN_UNINITIALIZED_AUTOS = YES_AGGRESSIVE;
				GCC_WARN_UNUSED_FUNCTION = YES;
				GCC_WARN_UNUSED_VARIABLE = YES;
				IPHONEOS_DEPLOYMENT_TARGET = 16.4;
				MTL_ENABLE_DEBUG_INFO = INCLUDE_SOURCE;
				MTL_FAST_MATH = YES;
				ONLY_ACTIVE_ARCH = YES;
				SDKROOT = iphoneos;
				SWIFT_ACTIVE_COMPILATION_CONDITIONS = DEBUG;
				SWIFT_OPTIMIZATION_LEVEL = "-Onone";
			};
			name = Debug;
		};
		177F3B812AC3473400D0876C /* Release */ = {
			isa = XCBuildConfiguration;
			buildSettings = {
				ALWAYS_SEARCH_USER_PATHS = NO;
				CLANG_ANALYZER_NONNULL = YES;
				CLANG_ANALYZER_NUMBER_OBJECT_CONVERSION = YES_AGGRESSIVE;
				CLANG_CXX_LANGUAGE_STANDARD = "gnu++20";
				CLANG_ENABLE_MODULES = YES;
				CLANG_ENABLE_OBJC_ARC = YES;
				CLANG_ENABLE_OBJC_WEAK = YES;
				CLANG_WARN_BLOCK_CAPTURE_AUTORELEASING = YES;
				CLANG_WARN_BOOL_CONVERSION = YES;
				CLANG_WARN_COMMA = YES;
				CLANG_WARN_CONSTANT_CONVERSION = YES;
				CLANG_WARN_DEPRECATED_OBJC_IMPLEMENTATIONS = YES;
				CLANG_WARN_DIRECT_OBJC_ISA_USAGE = YES_ERROR;
				CLANG_WARN_DOCUMENTATION_COMMENTS = YES;
				CLANG_WARN_EMPTY_BODY = YES;
				CLANG_WARN_ENUM_CONVERSION = YES;
				CLANG_WARN_INFINITE_RECURSION = YES;
				CLANG_WARN_INT_CONVERSION = YES;
				CLANG_WARN_NON_LITERAL_NULL_CONVERSION = YES;
				CLANG_WARN_OBJC_IMPLICIT_RETAIN_SELF = YES;
				CLANG_WARN_OBJC_LITERAL_CONVERSION = YES;
				CLANG_WARN_OBJC_ROOT_CLASS = YES_ERROR;
				CLANG_WARN_QUOTED_INCLUDE_IN_FRAMEWORK_HEADER = YES;
				CLANG_WARN_RANGE_LOOP_ANALYSIS = YES;
				CLANG_WARN_STRICT_PROTOTYPES = YES;
				CLANG_WARN_SUSPICIOUS_MOVE = YES;
				CLANG_WARN_UNGUARDED_AVAILABILITY = YES_AGGRESSIVE;
				CLANG_WARN_UNREACHABLE_CODE = YES;
				CLANG_WARN__DUPLICATE_METHOD_MATCH = YES;
				COPY_PHASE_STRIP = NO;
				DEBUG_INFORMATION_FORMAT = "dwarf-with-dsym";
				ENABLE_NS_ASSERTIONS = NO;
				ENABLE_STRICT_OBJC_MSGSEND = YES;
				ENABLE_USER_SCRIPT_SANDBOXING = YES;
				GCC_C_LANGUAGE_STANDARD = gnu11;
				GCC_NO_COMMON_BLOCKS = YES;
				GCC_WARN_64_TO_32_BIT_CONVERSION = YES;
				GCC_WARN_ABOUT_RETURN_TYPE = YES_ERROR;
				GCC_WARN_UNDECLARED_SELECTOR = YES;
				GCC_WARN_UNINITIALIZED_AUTOS = YES_AGGRESSIVE;
				GCC_WARN_UNUSED_FUNCTION = YES;
				GCC_WARN_UNUSED_VARIABLE = YES;
				IPHONEOS_DEPLOYMENT_TARGET = 16.4;
				MTL_ENABLE_DEBUG_INFO = NO;
				MTL_FAST_MATH = YES;
				SDKROOT = iphoneos;
				SWIFT_COMPILATION_MODE = wholemodule;
				SWIFT_OPTIMIZATION_LEVEL = "-O";
				VALIDATE_PRODUCT = YES;
			};
			name = Release;
		};
		177F3B832AC3473400D0876C /* Debug */ = {
			isa = XCBuildConfiguration;
			buildSettings = {
				ASSETCATALOG_COMPILER_APPICON_NAME = AppIcon;
				ASSETCATALOG_COMPILER_GLOBAL_ACCENT_COLOR_NAME = AccentColor;
				CODE_SIGN_STYLE = Automatic;
				CURRENT_PROJECT_VERSION = 1;
				DEVELOPMENT_TEAM = LA9F8MT28T;
				GENERATE_INFOPLIST_FILE = YES;
				INFOPLIST_FILE = SpaceGram/Resources/Info.plist;
				INFOPLIST_KEY_UIApplicationSupportsIndirectInputEvents = YES;
				INFOPLIST_KEY_UILaunchStoryboardName = LaunchScreen;
				INFOPLIST_KEY_UISupportedInterfaceOrientations = UIInterfaceOrientationPortrait;
				LD_RUNPATH_SEARCH_PATHS = (
					"$(inherited)",
					"@executable_path/Frameworks",
				);
				MARKETING_VERSION = 1.0;
				PRODUCT_BUNDLE_IDENTIFIER = com.karen.SpaceGram;
				PRODUCT_NAME = "$(TARGET_NAME)";
				SWIFT_EMIT_LOC_STRINGS = YES;
				SWIFT_VERSION = 5.0;
				TARGETED_DEVICE_FAMILY = "1,2";
			};
			name = Debug;
		};
		177F3B842AC3473400D0876C /* Release */ = {
			isa = XCBuildConfiguration;
			buildSettings = {
				ASSETCATALOG_COMPILER_APPICON_NAME = AppIcon;
				ASSETCATALOG_COMPILER_GLOBAL_ACCENT_COLOR_NAME = AccentColor;
				CODE_SIGN_STYLE = Automatic;
				CURRENT_PROJECT_VERSION = 1;
				DEVELOPMENT_TEAM = LA9F8MT28T;
				GENERATE_INFOPLIST_FILE = YES;
				INFOPLIST_FILE = SpaceGram/Resources/Info.plist;
				INFOPLIST_KEY_UIApplicationSupportsIndirectInputEvents = YES;
				INFOPLIST_KEY_UILaunchStoryboardName = LaunchScreen;
				INFOPLIST_KEY_UISupportedInterfaceOrientations = UIInterfaceOrientationPortrait;
				LD_RUNPATH_SEARCH_PATHS = (
					"$(inherited)",
					"@executable_path/Frameworks",
				);
				MARKETING_VERSION = 1.0;
				PRODUCT_BUNDLE_IDENTIFIER = com.karen.SpaceGram;
				PRODUCT_NAME = "$(TARGET_NAME)";
				SWIFT_EMIT_LOC_STRINGS = YES;
				SWIFT_VERSION = 5.0;
				TARGETED_DEVICE_FAMILY = "1,2";
			};
			name = Release;
		};
/* End XCBuildConfiguration section */

/* Begin XCConfigurationList section */
		177F3B692AC3473300D0876C /* Build configuration list for PBXProject "SpaceGram" */ = {
			isa = XCConfigurationList;
			buildConfigurations = (
				177F3B802AC3473400D0876C /* Debug */,
				177F3B812AC3473400D0876C /* Release */,
			);
			defaultConfigurationIsVisible = 0;
			defaultConfigurationName = Release;
		};
		177F3B822AC3473400D0876C /* Build configuration list for PBXNativeTarget "SpaceGram" */ = {
			isa = XCConfigurationList;
			buildConfigurations = (
				177F3B832AC3473400D0876C /* Debug */,
				177F3B842AC3473400D0876C /* Release */,
			);
			defaultConfigurationIsVisible = 0;
			defaultConfigurationName = Release;
		};
/* End XCConfigurationList section */
	};
	rootObject = 177F3B662AC3473300D0876C /* Project object */;
}
