// !$*UTF8*$!
{
	archiveVersion = 1;
	classes = {
	};
	objectVersion = 56;
	objects = {

/* Begin PBXBuildFile section */
		178C7F0F2A0E8CC2001FC539 /* AppDelegate.swift in Sources */ = {isa = PBXBuildFile; fileRef = 178C7F0E2A0E8CC2001FC539 /* AppDelegate.swift */; };
		178C7F112A0E8CC2001FC539 /* SceneDelegate.swift in Sources */ = {isa = PBXBuildFile; fileRef = 178C7F102A0E8CC2001FC539 /* SceneDelegate.swift */; };
		178C7F132A0E8CC2001FC539 /* MainViewController.swift in Sources */ = {isa = PBXBuildFile; fileRef = 178C7F122A0E8CC2001FC539 /* MainViewController.swift */; };
		178C7F182A0E8CC4001FC539 /* Assets.xcassets in Resources */ = {isa = PBXBuildFile; fileRef = 178C7F172A0E8CC4001FC539 /* Assets.xcassets */; };
		178C7F1B2A0E8CC4001FC539 /* LaunchScreen.storyboard in Resources */ = {isa = PBXBuildFile; fileRef = 178C7F192A0E8CC4001FC539 /* LaunchScreen.storyboard */; };
		178C7F282A0E8F43001FC539 /* UICollectionView.swift in Sources */ = {isa = PBXBuildFile; fileRef = 178C7F272A0E8F43001FC539 /* UICollectionView.swift */; };
		178C7F2A2A0E9F04001FC539 /* CustomCollectionViewCell.swift in Sources */ = {isa = PBXBuildFile; fileRef = 178C7F292A0E9F04001FC539 /* CustomCollectionViewCell.swift */; };
		178C7F2D2A0E9F41001FC539 /* Helper.swift in Sources */ = {isa = PBXBuildFile; fileRef = 178C7F2C2A0E9F41001FC539 /* Helper.swift */; };
		178C7F2F2A0EBD6B001FC539 /* CustomLabelView.swift in Sources */ = {isa = PBXBuildFile; fileRef = 178C7F2E2A0EBD6B001FC539 /* CustomLabelView.swift */; };
		178C7F312A0EBDBC001FC539 /* CustomImageView.swift in Sources */ = {isa = PBXBuildFile; fileRef = 178C7F302A0EBDBC001FC539 /* CustomImageView.swift */; };
		178C7F342A0FF5C4001FC539 /* Images.swift in Sources */ = {isa = PBXBuildFile; fileRef = 178C7F332A0FF5C4001FC539 /* Images.swift */; };
		178C7F362A1014FC001FC539 /* CustomUIView.swift in Sources */ = {isa = PBXBuildFile; fileRef = 178C7F352A1014FC001FC539 /* CustomUIView.swift */; };
		178C7F382A10DC85001FC539 /* Device.swift in Sources */ = {isa = PBXBuildFile; fileRef = 178C7F372A10DC85001FC539 /* Device.swift */; };
		178C7F3A2A10E516001FC539 /* CollectionViewExtention.swift in Sources */ = {isa = PBXBuildFile; fileRef = 178C7F392A10E516001FC539 /* CollectionViewExtention.swift */; };
		178C7F462A124C43001FC539 /* AudioPlayer.swift in Sources */ = {isa = PBXBuildFile; fileRef = 178C7F452A124C43001FC539 /* AudioPlayer.swift */; };
		178C7F592A12808E001FC539 /* rooster.mp3 in Resources */ = {isa = PBXBuildFile; fileRef = 178C7F4A2A12808D001FC539 /* rooster.mp3 */; };
		178C7F5A2A12808E001FC539 /* train.mp3 in Resources */ = {isa = PBXBuildFile; fileRef = 178C7F4B2A12808D001FC539 /* train.mp3 */; };
		178C7F5B2A12808E001FC539 /* thunder.mp3 in Resources */ = {isa = PBXBuildFile; fileRef = 178C7F4C2A12808D001FC539 /* thunder.mp3 */; };
		178C7F5C2A12808E001FC539 /* rain.mp3 in Resources */ = {isa = PBXBuildFile; fileRef = 178C7F4D2A12808D001FC539 /* rain.mp3 */; };
		178C7F5D2A12808E001FC539 /* sea.mp3 in Resources */ = {isa = PBXBuildFile; fileRef = 178C7F4E2A12808D001FC539 /* sea.mp3 */; };
		178C7F5E2A12808E001FC539 /* heart.mp3 in Resources */ = {isa = PBXBuildFile; fileRef = 178C7F4F2A12808D001FC539 /* heart.mp3 */; };
		178C7F602A12808E001FC539 /* clock.mp3 in Resources */ = {isa = PBXBuildFile; fileRef = 178C7F512A12808D001FC539 /* clock.mp3 */; };
		178C7F612A12808E001FC539 /* bonfire.mp3 in Resources */ = {isa = PBXBuildFile; fileRef = 178C7F522A12808D001FC539 /* bonfire.mp3 */; };
		178C7F622A12808E001FC539 /* owl.mp3 in Resources */ = {isa = PBXBuildFile; fileRef = 178C7F532A12808D001FC539 /* owl.mp3 */; };
		178C7F632A12808E001FC539 /* swamp.mp3 in Resources */ = {isa = PBXBuildFile; fileRef = 178C7F542A12808D001FC539 /* swamp.mp3 */; };
		178C7F642A12808E001FC539 /* forest.mp3 in Resources */ = {isa = PBXBuildFile; fileRef = 178C7F552A12808E001FC539 /* forest.mp3 */; };
		178C7F652A12808E001FC539 /* wind.mp3 in Resources */ = {isa = PBXBuildFile; fileRef = 178C7F562A12808E001FC539 /* wind.mp3 */; };
		178C7F662A12808E001FC539 /* bird.mp3 in Resources */ = {isa = PBXBuildFile; fileRef = 178C7F572A12808E001FC539 /* bird.mp3 */; };
		178C7F682A1284C6001FC539 /* sheep.mp3 in Resources */ = {isa = PBXBuildFile; fileRef = 178C7F672A1284C6001FC539 /* sheep.mp3 */; };
		178C7F6E2A152DA4001FC539 /* CustomUISlider.swift in Sources */ = {isa = PBXBuildFile; fileRef = 178C7F6D2A152DA4001FC539 /* CustomUISlider.swift */; };
/* End PBXBuildFile section */

/* Begin PBXFileReference section */
		178C7F0B2A0E8CC2001FC539 /* TerraScape.app */ = {isa = PBXFileReference; explicitFileType = wrapper.application; includeInIndex = 0; path = TerraScape.app; sourceTree = BUILT_PRODUCTS_DIR; };
		178C7F0E2A0E8CC2001FC539 /* AppDelegate.swift */ = {isa = PBXFileReference; lastKnownFileType = sourcecode.swift; path = AppDelegate.swift; sourceTree = "<group>"; };
		178C7F102A0E8CC2001FC539 /* SceneDelegate.swift */ = {isa = PBXFileReference; lastKnownFileType = sourcecode.swift; path = SceneDelegate.swift; sourceTree = "<group>"; };
		178C7F122A0E8CC2001FC539 /* MainViewController.swift */ = {isa = PBXFileReference; lastKnownFileType = sourcecode.swift; path = MainViewController.swift; sourceTree = "<group>"; };
		178C7F172A0E8CC4001FC539 /* Assets.xcassets */ = {isa = PBXFileReference; lastKnownFileType = folder.assetcatalog; path = Assets.xcassets; sourceTree = "<group>"; };
		178C7F1A2A0E8CC4001FC539 /* Base */ = {isa = PBXFileReference; lastKnownFileType = file.storyboard; name = Base; path = Base.lproj/LaunchScreen.storyboard; sourceTree = "<group>"; };
		178C7F1C2A0E8CC4001FC539 /* Info.plist */ = {isa = PBXFileReference; lastKnownFileType = text.plist.xml; path = Info.plist; sourceTree = "<group>"; };
		178C7F272A0E8F43001FC539 /* UICollectionView.swift */ = {isa = PBXFileReference; lastKnownFileType = sourcecode.swift; path = UICollectionView.swift; sourceTree = "<group>"; };
		178C7F292A0E9F04001FC539 /* CustomCollectionViewCell.swift */ = {isa = PBXFileReference; lastKnownFileType = sourcecode.swift; path = CustomCollectionViewCell.swift; sourceTree = "<group>"; };
		178C7F2C2A0E9F41001FC539 /* Helper.swift */ = {isa = PBXFileReference; lastKnownFileType = sourcecode.swift; path = Helper.swift; sourceTree = "<group>"; };
		178C7F2E2A0EBD6B001FC539 /* CustomLabelView.swift */ = {isa = PBXFileReference; lastKnownFileType = sourcecode.swift; path = CustomLabelView.swift; sourceTree = "<group>"; };
		178C7F302A0EBDBC001FC539 /* CustomImageView.swift */ = {isa = PBXFileReference; lastKnownFileType = sourcecode.swift; path = CustomImageView.swift; sourceTree = "<group>"; };
		178C7F332A0FF5C4001FC539 /* Images.swift */ = {isa = PBXFileReference; lastKnownFileType = sourcecode.swift; path = Images.swift; sourceTree = "<group>"; };
		178C7F352A1014FC001FC539 /* CustomUIView.swift */ = {isa = PBXFileReference; lastKnownFileType = sourcecode.swift; path = CustomUIView.swift; sourceTree = "<group>"; };
		178C7F372A10DC85001FC539 /* Device.swift */ = {isa = PBXFileReference; lastKnownFileType = sourcecode.swift; path = Device.swift; sourceTree = "<group>"; };
		178C7F392A10E516001FC539 /* CollectionViewExtention.swift */ = {isa = PBXFileReference; lastKnownFileType = sourcecode.swift; path = CollectionViewExtention.swift; sourceTree = "<group>"; };
		178C7F452A124C43001FC539 /* AudioPlayer.swift */ = {isa = PBXFileReference; lastKnownFileType = sourcecode.swift; path = AudioPlayer.swift; sourceTree = "<group>"; };
		178C7F4A2A12808D001FC539 /* rooster.mp3 */ = {isa = PBXFileReference; lastKnownFileType = audio.mp3; path = rooster.mp3; sourceTree = "<group>"; };
		178C7F4B2A12808D001FC539 /* train.mp3 */ = {isa = PBXFileReference; lastKnownFileType = audio.mp3; path = train.mp3; sourceTree = "<group>"; };
		178C7F4C2A12808D001FC539 /* thunder.mp3 */ = {isa = PBXFileReference; lastKnownFileType = audio.mp3; path = thunder.mp3; sourceTree = "<group>"; };
		178C7F4D2A12808D001FC539 /* rain.mp3 */ = {isa = PBXFileReference; lastKnownFileType = audio.mp3; path = rain.mp3; sourceTree = "<group>"; };
		178C7F4E2A12808D001FC539 /* sea.mp3 */ = {isa = PBXFileReference; lastKnownFileType = audio.mp3; path = sea.mp3; sourceTree = "<group>"; };
		178C7F4F2A12808D001FC539 /* heart.mp3 */ = {isa = PBXFileReference; lastKnownFileType = audio.mp3; path = heart.mp3; sourceTree = "<group>"; };
		178C7F512A12808D001FC539 /* clock.mp3 */ = {isa = PBXFileReference; lastKnownFileType = audio.mp3; path = clock.mp3; sourceTree = "<group>"; };
		178C7F522A12808D001FC539 /* bonfire.mp3 */ = {isa = PBXFileReference; lastKnownFileType = audio.mp3; path = bonfire.mp3; sourceTree = "<group>"; };
		178C7F532A12808D001FC539 /* owl.mp3 */ = {isa = PBXFileReference; lastKnownFileType = audio.mp3; path = owl.mp3; sourceTree = "<group>"; };
		178C7F542A12808D001FC539 /* swamp.mp3 */ = {isa = PBXFileReference; lastKnownFileType = audio.mp3; path = swamp.mp3; sourceTree = "<group>"; };
		178C7F552A12808E001FC539 /* forest.mp3 */ = {isa = PBXFileReference; lastKnownFileType = audio.mp3; path = forest.mp3; sourceTree = "<group>"; };
		178C7F562A12808E001FC539 /* wind.mp3 */ = {isa = PBXFileReference; lastKnownFileType = audio.mp3; path = wind.mp3; sourceTree = "<group>"; };
		178C7F572A12808E001FC539 /* bird.mp3 */ = {isa = PBXFileReference; lastKnownFileType = audio.mp3; path = bird.mp3; sourceTree = "<group>"; };
		178C7F672A1284C6001FC539 /* sheep.mp3 */ = {isa = PBXFileReference; lastKnownFileType = audio.mp3; path = sheep.mp3; sourceTree = "<group>"; };
		178C7F6D2A152DA4001FC539 /* CustomUISlider.swift */ = {isa = PBXFileReference; lastKnownFileType = sourcecode.swift; path = CustomUISlider.swift; sourceTree = "<group>"; };
/* End PBXFileReference section */

/* Begin PBXFrameworksBuildPhase section */
		178C7F082A0E8CC2001FC539 /* Frameworks */ = {
			isa = PBXFrameworksBuildPhase;
			buildActionMask = 2147483647;
			files = (
			);
			runOnlyForDeploymentPostprocessing = 0;
		};
/* End PBXFrameworksBuildPhase section */

/* Begin PBXGroup section */
		178C7F022A0E8CC2001FC539 = {
			isa = PBXGroup;
			children = (
				178C7F0D2A0E8CC2001FC539 /* TerraScape */,
				178C7F0C2A0E8CC2001FC539 /* Products */,
			);
			sourceTree = "<group>";
		};
		178C7F0C2A0E8CC2001FC539 /* Products */ = {
			isa = PBXGroup;
			children = (
				178C7F0B2A0E8CC2001FC539 /* TerraScape.app */,
			);
			name = Products;
			sourceTree = "<group>";
		};
		178C7F0D2A0E8CC2001FC539 /* TerraScape */ = {
			isa = PBXGroup;
			children = (
				178C7F3C2A124AC6001FC539 /* Sounds */,
				178C7F222A0E8D56001FC539 /* Application */,
				178C7F252A0E8EFF001FC539 /* Model */,
				178C7F262A0E8F07001FC539 /* View */,
				178C7F232A0E8D5E001FC539 /* Controller */,
				178C7F2B2A0E9F14001FC539 /* Helpers */,
				178C7F242A0E8D68001FC539 /* Resources */,
			);
			path = TerraScape;
			sourceTree = "<group>";
		};
		178C7F222A0E8D56001FC539 /* Application */ = {
			isa = PBXGroup;
			children = (
				178C7F0E2A0E8CC2001FC539 /* AppDelegate.swift */,
				178C7F102A0E8CC2001FC539 /* SceneDelegate.swift */,
			);
			path = Application;
			sourceTree = "<group>";
		};
		178C7F232A0E8D5E001FC539 /* Controller */ = {
			isa = PBXGroup;
			children = (
				178C7F122A0E8CC2001FC539 /* MainViewController.swift */,
				178C7F392A10E516001FC539 /* CollectionViewExtention.swift */,
				178C7F452A124C43001FC539 /* AudioPlayer.swift */,
			);
			path = Controller;
			sourceTree = "<group>";
		};
		178C7F242A0E8D68001FC539 /* Resources */ = {
			isa = PBXGroup;
			children = (
				178C7F172A0E8CC4001FC539 /* Assets.xcassets */,
				178C7F192A0E8CC4001FC539 /* LaunchScreen.storyboard */,
				178C7F1C2A0E8CC4001FC539 /* Info.plist */,
			);
			path = Resources;
			sourceTree = "<group>";
		};
		178C7F252A0E8EFF001FC539 /* Model */ = {
			isa = PBXGroup;
			children = (
				178C7F332A0FF5C4001FC539 /* Images.swift */,
			);
			path = Model;
			sourceTree = "<group>";
		};
		178C7F262A0E8F07001FC539 /* View */ = {
			isa = PBXGroup;
			children = (
				178C7F272A0E8F43001FC539 /* UICollectionView.swift */,
				178C7F292A0E9F04001FC539 /* CustomCollectionViewCell.swift */,
				178C7F372A10DC85001FC539 /* Device.swift */,
				178C7F322A0FF376001FC539 /* ElementsView */,
			);
			path = View;
			sourceTree = "<group>";
		};
		178C7F2B2A0E9F14001FC539 /* Helpers */ = {
			isa = PBXGroup;
			children = (
				178C7F2C2A0E9F41001FC539 /* Helper.swift */,
			);
			path = Helpers;
			sourceTree = "<group>";
		};
		178C7F322A0FF376001FC539 /* ElementsView */ = {
			isa = PBXGroup;
			children = (
				178C7F2E2A0EBD6B001FC539 /* CustomLabelView.swift */,
				178C7F302A0EBDBC001FC539 /* CustomImageView.swift */,
				178C7F352A1014FC001FC539 /* CustomUIView.swift */,
				178C7F6D2A152DA4001FC539 /* CustomUISlider.swift */,
			);
			path = ElementsView;
			sourceTree = "<group>";
		};
		178C7F3C2A124AC6001FC539 /* Sounds */ = {
			isa = PBXGroup;
			children = (
				178C7F572A12808E001FC539 /* bird.mp3 */,
				178C7F522A12808D001FC539 /* bonfire.mp3 */,
				178C7F512A12808D001FC539 /* clock.mp3 */,
				178C7F552A12808E001FC539 /* forest.mp3 */,
				178C7F4F2A12808D001FC539 /* heart.mp3 */,
				178C7F532A12808D001FC539 /* owl.mp3 */,
				178C7F4D2A12808D001FC539 /* rain.mp3 */,
				178C7F672A1284C6001FC539 /* sheep.mp3 */,
				178C7F4A2A12808D001FC539 /* rooster.mp3 */,
				178C7F542A12808D001FC539 /* swamp.mp3 */,
				178C7F4C2A12808D001FC539 /* thunder.mp3 */,
				178C7F4B2A12808D001FC539 /* train.mp3 */,
				178C7F4E2A12808D001FC539 /* sea.mp3 */,
				178C7F562A12808E001FC539 /* wind.mp3 */,
			);
			path = Sounds;
			sourceTree = "<group>";
		};
/* End PBXGroup section */

/* Begin PBXNativeTarget section */
		178C7F0A2A0E8CC2001FC539 /* TerraScape */ = {
			isa = PBXNativeTarget;
			buildConfigurationList = 178C7F1F2A0E8CC4001FC539 /* Build configuration list for PBXNativeTarget "TerraScape" */;
			buildPhases = (
				178C7F072A0E8CC2001FC539 /* Sources */,
				178C7F082A0E8CC2001FC539 /* Frameworks */,
				178C7F092A0E8CC2001FC539 /* Resources */,
			);
			buildRules = (
			);
			dependencies = (
			);
			name = TerraScape;
			productName = TerraScape;
			productReference = 178C7F0B2A0E8CC2001FC539 /* TerraScape.app */;
			productType = "com.apple.product-type.application";
		};
/* End PBXNativeTarget section */

/* Begin PBXProject section */
		178C7F032A0E8CC2001FC539 /* Project object */ = {
			isa = PBXProject;
			attributes = {
				BuildIndependentTargetsInParallel = 1;
				LastSwiftUpdateCheck = 1430;
				LastUpgradeCheck = 1430;
				TargetAttributes = {
					178C7F0A2A0E8CC2001FC539 = {
						CreatedOnToolsVersion = 14.3;
					};
				};
			};
			buildConfigurationList = 178C7F062A0E8CC2001FC539 /* Build configuration list for PBXProject "TerraScape" */;
			compatibilityVersion = "Xcode 14.0";
			developmentRegion = en;
			hasScannedForEncodings = 0;
			knownRegions = (
				en,
				Base,
			);
			mainGroup = 178C7F022A0E8CC2001FC539;
			productRefGroup = 178C7F0C2A0E8CC2001FC539 /* Products */;
			projectDirPath = "";
			projectRoot = "";
			targets = (
				178C7F0A2A0E8CC2001FC539 /* TerraScape */,
			);
		};
/* End PBXProject section */

/* Begin PBXResourcesBuildPhase section */
		178C7F092A0E8CC2001FC539 /* Resources */ = {
			isa = PBXResourcesBuildPhase;
			buildActionMask = 2147483647;
			files = (
				178C7F1B2A0E8CC4001FC539 /* LaunchScreen.storyboard in Resources */,
				178C7F632A12808E001FC539 /* swamp.mp3 in Resources */,
				178C7F662A12808E001FC539 /* bird.mp3 in Resources */,
				178C7F602A12808E001FC539 /* clock.mp3 in Resources */,
				178C7F5E2A12808E001FC539 /* heart.mp3 in Resources */,
				178C7F5A2A12808E001FC539 /* train.mp3 in Resources */,
				178C7F5D2A12808E001FC539 /* sea.mp3 in Resources */,
				178C7F182A0E8CC4001FC539 /* Assets.xcassets in Resources */,
				178C7F5B2A12808E001FC539 /* thunder.mp3 in Resources */,
				178C7F652A12808E001FC539 /* wind.mp3 in Resources */,
				178C7F622A12808E001FC539 /* owl.mp3 in Resources */,
				178C7F5C2A12808E001FC539 /* rain.mp3 in Resources */,
				178C7F682A1284C6001FC539 /* sheep.mp3 in Resources */,
				178C7F612A12808E001FC539 /* bonfire.mp3 in Resources */,
				178C7F642A12808E001FC539 /* forest.mp3 in Resources */,
				178C7F592A12808E001FC539 /* rooster.mp3 in Resources */,
			);
			runOnlyForDeploymentPostprocessing = 0;
		};
/* End PBXResourcesBuildPhase section */

/* Begin PBXSourcesBuildPhase section */
		178C7F072A0E8CC2001FC539 /* Sources */ = {
			isa = PBXSourcesBuildPhase;
			buildActionMask = 2147483647;
			files = (
				178C7F382A10DC85001FC539 /* Device.swift in Sources */,
				178C7F312A0EBDBC001FC539 /* CustomImageView.swift in Sources */,
				178C7F362A1014FC001FC539 /* CustomUIView.swift in Sources */,
				178C7F132A0E8CC2001FC539 /* MainViewController.swift in Sources */,
				178C7F2A2A0E9F04001FC539 /* CustomCollectionViewCell.swift in Sources */,
				178C7F3A2A10E516001FC539 /* CollectionViewExtention.swift in Sources */,
				178C7F2F2A0EBD6B001FC539 /* CustomLabelView.swift in Sources */,
				178C7F6E2A152DA4001FC539 /* CustomUISlider.swift in Sources */,
				178C7F342A0FF5C4001FC539 /* Images.swift in Sources */,
				178C7F0F2A0E8CC2001FC539 /* AppDelegate.swift in Sources */,
				178C7F282A0E8F43001FC539 /* UICollectionView.swift in Sources */,
				178C7F2D2A0E9F41001FC539 /* Helper.swift in Sources */,
				178C7F462A124C43001FC539 /* AudioPlayer.swift in Sources */,
				178C7F112A0E8CC2001FC539 /* SceneDelegate.swift in Sources */,
			);
			runOnlyForDeploymentPostprocessing = 0;
		};
/* End PBXSourcesBuildPhase section */

/* Begin PBXVariantGroup section */
		178C7F192A0E8CC4001FC539 /* LaunchScreen.storyboard */ = {
			isa = PBXVariantGroup;
			children = (
				178C7F1A2A0E8CC4001FC539 /* Base */,
			);
			name = LaunchScreen.storyboard;
			sourceTree = "<group>";
		};
/* End PBXVariantGroup section */

/* Begin XCBuildConfiguration section */
		178C7F1D2A0E8CC4001FC539 /* Debug */ = {
			isa = XCBuildConfiguration;
			buildSettings = {
				ALWAYS_SEARCH_USER_PATHS = NO;
				CLANG_ANALYZER_NONNULL = YES;
				CLANG_ANALYZER_NUMBER_OBJECT_CONVERSION = YES_AGGRESSIVE;
				CLANG_CXX_LANGUAGE_STANDARD = "gnu++20";
				CLANG_ENABLE_MODULES = YES;
				CLANG_ENABLE_OBJC_ARC = YES;
				CLANG_ENABLE_OBJC_WEAK = YES;
				CLANG_WARN_BLOCK_CAPTURE_AUTORELEASING = YES;
				CLANG_WARN_BOOL_CONVERSION = YES;
				CLANG_WARN_COMMA = YES;
				CLANG_WARN_CONSTANT_CONVERSION = YES;
				CLANG_WARN_DEPRECATED_OBJC_IMPLEMENTATIONS = YES;
				CLANG_WARN_DIRECT_OBJC_ISA_USAGE = YES_ERROR;
				CLANG_WARN_DOCUMENTATION_COMMENTS = YES;
				CLANG_WARN_EMPTY_BODY = YES;
				CLANG_WARN_ENUM_CONVERSION = YES;
				CLANG_WARN_INFINITE_RECURSION = YES;
				CLANG_WARN_INT_CONVERSION = YES;
				CLANG_WARN_NON_LITERAL_NULL_CONVERSION = YES;
				CLANG_WARN_OBJC_IMPLICIT_RETAIN_SELF = YES;
				CLANG_WARN_OBJC_LITERAL_CONVERSION = YES;
				CLANG_WARN_OBJC_ROOT_CLASS = YES_ERROR;
				CLANG_WARN_QUOTED_INCLUDE_IN_FRAMEWORK_HEADER = YES;
				CLANG_WARN_RANGE_LOOP_ANALYSIS = YES;
				CLANG_WARN_STRICT_PROTOTYPES = YES;
				CLANG_WARN_SUSPICIOUS_MOVE = YES;
				CLANG_WARN_UNGUARDED_AVAILABILITY = YES_AGGRESSIVE;
				CLANG_WARN_UNREACHABLE_CODE = YES;
				CLANG_WARN__DUPLICATE_METHOD_MATCH = YES;
				COPY_PHASE_STRIP = NO;
				DEBUG_INFORMATION_FORMAT = dwarf;
				ENABLE_STRICT_OBJC_MSGSEND = YES;
				ENABLE_TESTABILITY = YES;
				GCC_C_LANGUAGE_STANDARD = gnu11;
				GCC_DYNAMIC_NO_PIC = NO;
				GCC_NO_COMMON_BLOCKS = YES;
				GCC_OPTIMIZATION_LEVEL = 0;
				GCC_PREPROCESSOR_DEFINITIONS = (
					"DEBUG=1",
					"$(inherited)",
				);
				GCC_WARN_64_TO_32_BIT_CONVERSION = YES;
				GCC_WARN_ABOUT_RETURN_TYPE = YES_ERROR;
				GCC_WARN_UNDECLARED_SELECTOR = YES;
				GCC_WARN_UNINITIALIZED_AUTOS = YES_AGGRESSIVE;
				GCC_WARN_UNUSED_FUNCTION = YES;
				GCC_WARN_UNUSED_VARIABLE = YES;
				IPHONEOS_DEPLOYMENT_TARGET = 16.4;
				MTL_ENABLE_DEBUG_INFO = INCLUDE_SOURCE;
				MTL_FAST_MATH = YES;
				ONLY_ACTIVE_ARCH = YES;
				SDKROOT = iphoneos;
				SWIFT_ACTIVE_COMPILATION_CONDITIONS = DEBUG;
				SWIFT_OPTIMIZATION_LEVEL = "-Onone";
			};
			name = Debug;
		};
		178C7F1E2A0E8CC4001FC539 /* Release */ = {
			isa = XCBuildConfiguration;
			buildSettings = {
				ALWAYS_SEARCH_USER_PATHS = NO;
				CLANG_ANALYZER_NONNULL = YES;
				CLANG_ANALYZER_NUMBER_OBJECT_CONVERSION = YES_AGGRESSIVE;
				CLANG_CXX_LANGUAGE_STANDARD = "gnu++20";
				CLANG_ENABLE_MODULES = YES;
				CLANG_ENABLE_OBJC_ARC = YES;
				CLANG_ENABLE_OBJC_WEAK = YES;
				CLANG_WARN_BLOCK_CAPTURE_AUTORELEASING = YES;
				CLANG_WARN_BOOL_CONVERSION = YES;
				CLANG_WARN_COMMA = YES;
				CLANG_WARN_CONSTANT_CONVERSION = YES;
				CLANG_WARN_DEPRECATED_OBJC_IMPLEMENTATIONS = YES;
				CLANG_WARN_DIRECT_OBJC_ISA_USAGE = YES_ERROR;
				CLANG_WARN_DOCUMENTATION_COMMENTS = YES;
				CLANG_WARN_EMPTY_BODY = YES;
				CLANG_WARN_ENUM_CONVERSION = YES;
				CLANG_WARN_INFINITE_RECURSION = YES;
				CLANG_WARN_INT_CONVERSION = YES;
				CLANG_WARN_NON_LITERAL_NULL_CONVERSION = YES;
				CLANG_WARN_OBJC_IMPLICIT_RETAIN_SELF = YES;
				CLANG_WARN_OBJC_LITERAL_CONVERSION = YES;
				CLANG_WARN_OBJC_ROOT_CLASS = YES_ERROR;
				CLANG_WARN_QUOTED_INCLUDE_IN_FRAMEWORK_HEADER = YES;
				CLANG_WARN_RANGE_LOOP_ANALYSIS = YES;
				CLANG_WARN_STRICT_PROTOTYPES = YES;
				CLANG_WARN_SUSPICIOUS_MOVE = YES;
				CLANG_WARN_UNGUARDED_AVAILABILITY = YES_AGGRESSIVE;
				CLANG_WARN_UNREACHABLE_CODE = YES;
				CLANG_WARN__DUPLICATE_METHOD_MATCH = YES;
				COPY_PHASE_STRIP = NO;
				DEBUG_INFORMATION_FORMAT = "dwarf-with-dsym";
				ENABLE_NS_ASSERTIONS = NO;
				ENABLE_STRICT_OBJC_MSGSEND = YES;
				GCC_C_LANGUAGE_STANDARD = gnu11;
				GCC_NO_COMMON_BLOCKS = YES;
				GCC_WARN_64_TO_32_BIT_CONVERSION = YES;
				GCC_WARN_ABOUT_RETURN_TYPE = YES_ERROR;
				GCC_WARN_UNDECLARED_SELECTOR = YES;
				GCC_WARN_UNINITIALIZED_AUTOS = YES_AGGRESSIVE;
				GCC_WARN_UNUSED_FUNCTION = YES;
				GCC_WARN_UNUSED_VARIABLE = YES;
				IPHONEOS_DEPLOYMENT_TARGET = 16.4;
				MTL_ENABLE_DEBUG_INFO = NO;
				MTL_FAST_MATH = YES;
				SDKROOT = iphoneos;
				SWIFT_COMPILATION_MODE = wholemodule;
				SWIFT_OPTIMIZATION_LEVEL = "-O";
				VALIDATE_PRODUCT = YES;
			};
			name = Release;
		};
		178C7F202A0E8CC4001FC539 /* Debug */ = {
			isa = XCBuildConfiguration;
			buildSettings = {
				ASSETCATALOG_COMPILER_APPICON_NAME = AppIcon;
				ASSETCATALOG_COMPILER_GLOBAL_ACCENT_COLOR_NAME = AccentColor;
				CODE_SIGN_STYLE = Automatic;
				CURRENT_PROJECT_VERSION = 1;
				DEVELOPMENT_TEAM = LA9F8MT28T;
				GENERATE_INFOPLIST_FILE = YES;
				INFOPLIST_FILE = TerraScape/Resources/Info.plist;
				INFOPLIST_KEY_UIApplicationSupportsIndirectInputEvents = YES;
				INFOPLIST_KEY_UILaunchStoryboardName = LaunchScreen;
				INFOPLIST_KEY_UISupportedInterfaceOrientations = UIInterfaceOrientationPortrait;
				INFOPLIST_KEY_UISupportedInterfaceOrientations_iPad = "UIInterfaceOrientationLandscapeLeft UIInterfaceOrientationLandscapeRight UIInterfaceOrientationPortrait UIInterfaceOrientationPortraitUpsideDown";
				LD_RUNPATH_SEARCH_PATHS = (
					"$(inherited)",
					"@executable_path/Frameworks",
				);
				MARKETING_VERSION = 1.0;
				PRODUCT_BUNDLE_IDENTIFIER = com.karen.TerraScape;
				PRODUCT_NAME = "$(TARGET_NAME)";
				SUPPORTED_PLATFORMS = "iphoneos iphonesimulator";
				SUPPORTS_MACCATALYST = NO;
				SUPPORTS_MAC_DESIGNED_FOR_IPHONE_IPAD = NO;
				SWIFT_EMIT_LOC_STRINGS = YES;
				SWIFT_VERSION = 5.0;
				TARGETED_DEVICE_FAMILY = 1;
			};
			name = Debug;
		};
		178C7F212A0E8CC4001FC539 /* Release */ = {
			isa = XCBuildConfiguration;
			buildSettings = {
				ASSETCATALOG_COMPILER_APPICON_NAME = AppIcon;
				ASSETCATALOG_COMPILER_GLOBAL_ACCENT_COLOR_NAME = AccentColor;
				CODE_SIGN_STYLE = Automatic;
				CURRENT_PROJECT_VERSION = 1;
				DEVELOPMENT_TEAM = LA9F8MT28T;
				GENERATE_INFOPLIST_FILE = YES;
				INFOPLIST_FILE = TerraScape/Resources/Info.plist;
				INFOPLIST_KEY_UIApplicationSupportsIndirectInputEvents = YES;
				INFOPLIST_KEY_UILaunchStoryboardName = LaunchScreen;
				INFOPLIST_KEY_UISupportedInterfaceOrientations = UIInterfaceOrientationPortrait;
				INFOPLIST_KEY_UISupportedInterfaceOrientations_iPad = "UIInterfaceOrientationLandscapeLeft UIInterfaceOrientationLandscapeRight UIInterfaceOrientationPortrait UIInterfaceOrientationPortraitUpsideDown";
				LD_RUNPATH_SEARCH_PATHS = (
					"$(inherited)",
					"@executable_path/Frameworks",
				);
				MARKETING_VERSION = 1.0;
				PRODUCT_BUNDLE_IDENTIFIER = com.karen.TerraScape;
				PRODUCT_NAME = "$(TARGET_NAME)";
				SUPPORTED_PLATFORMS = "iphoneos iphonesimulator";
				SUPPORTS_MACCATALYST = NO;
				SUPPORTS_MAC_DESIGNED_FOR_IPHONE_IPAD = NO;
				SWIFT_EMIT_LOC_STRINGS = YES;
				SWIFT_VERSION = 5.0;
				TARGETED_DEVICE_FAMILY = 1;
			};
			name = Release;
		};
/* End XCBuildConfiguration section */

/* Begin XCConfigurationList section */
		178C7F062A0E8CC2001FC539 /* Build configuration list for PBXProject "TerraScape" */ = {
			isa = XCConfigurationList;
			buildConfigurations = (
				178C7F1D2A0E8CC4001FC539 /* Debug */,
				178C7F1E2A0E8CC4001FC539 /* Release */,
			);
			defaultConfigurationIsVisible = 0;
			defaultConfigurationName = Release;
		};
		178C7F1F2A0E8CC4001FC539 /* Build configuration list for PBXNativeTarget "TerraScape" */ = {
			isa = XCConfigurationList;
			buildConfigurations = (
				178C7F202A0E8CC4001FC539 /* Debug */,
				178C7F212A0E8CC4001FC539 /* Release */,
			);
			defaultConfigurationIsVisible = 0;
			defaultConfigurationName = Release;
		};
/* End XCConfigurationList section */
	};
	rootObject = 178C7F032A0E8CC2001FC539 /* Project object */;
}
