// !$*UTF8*$!
{
	archiveVersion = 1;
	classes = {
	};
	objectVersion = 56;
	objects = {

/* Begin PBXBuildFile section */
		1728D5432B00D5A9004CDCE5 /* CustomTextView.swift in Sources */ = {isa = PBXBuildFile; fileRef = 1728D5422B00D5A9004CDCE5 /* CustomTextView.swift */; };
		1728D5452B00DB26004CDCE5 /* TextViewConfigure + Ext.swift in Sources */ = {isa = PBXBuildFile; fileRef = 1728D5442B00DB26004CDCE5 /* TextViewConfigure + Ext.swift */; };
		173FB1FD2B0A341C002C20F7 /* BungeeShade-Regular.ttf in Resources */ = {isa = PBXBuildFile; fileRef = 173FB1FC2B0A341C002C20F7 /* BungeeShade-Regular.ttf */; };
		173FB2002B0A4011002C20F7 /* UIImage + Ext.swift in Sources */ = {isa = PBXBuildFile; fileRef = 173FB1FF2B0A4011002C20F7 /* UIImage + Ext.swift */; };
		17AAE44D2B0544F600F2000F /* CustomImageView.swift in Sources */ = {isa = PBXBuildFile; fileRef = 17AAE44C2B0544F600F2000F /* CustomImageView.swift */; };
		17AAE44F2B0548C000F2000F /* CustomStackView.swift in Sources */ = {isa = PBXBuildFile; fileRef = 17AAE44E2B0548C000F2000F /* CustomStackView.swift */; };
		17AAE4512B05494100F2000F /* ConfigureImageView + Ext.swift in Sources */ = {isa = PBXBuildFile; fileRef = 17AAE4502B05494100F2000F /* ConfigureImageView + Ext.swift */; };
		17AAE4532B054EDA00F2000F /* ConfigureStackView + Ext.swift in Sources */ = {isa = PBXBuildFile; fileRef = 17AAE4522B054EDA00F2000F /* ConfigureStackView + Ext.swift */; };
		17AAE4552B054F1500F2000F /* ConfigureLabel + Ext.swift in Sources */ = {isa = PBXBuildFile; fileRef = 17AAE4542B054F1500F2000F /* ConfigureLabel + Ext.swift */; };
		17BD5A912AF56F690075681B /* AddViewANT + Ext.swift in Sources */ = {isa = PBXBuildFile; fileRef = 17BD5A902AF56F690075681B /* AddViewANT + Ext.swift */; };
		17BD5A942AF645C30075681B /* Keys.swift in Sources */ = {isa = PBXBuildFile; fileRef = 17BD5A932AF645C30075681B /* Keys.swift */; };
		17BD5A962AF647AC0075681B /* CustomTextField.swift in Sources */ = {isa = PBXBuildFile; fileRef = 17BD5A952AF647AC0075681B /* CustomTextField.swift */; };
		17BD5A982AF64A9B0075681B /* TextFieldsConfigure + Ext.swift in Sources */ = {isa = PBXBuildFile; fileRef = 17BD5A972AF64A9B0075681B /* TextFieldsConfigure + Ext.swift */; };
		17BD5A9A2AF6B8E50075681B /* CustomView.swift in Sources */ = {isa = PBXBuildFile; fileRef = 17BD5A992AF6B8E40075681B /* CustomView.swift */; };
		17C359222AF017AC00E154BE /* AppDelegate.swift in Sources */ = {isa = PBXBuildFile; fileRef = 17C359212AF017AC00E154BE /* AppDelegate.swift */; };
		17C359242AF017AC00E154BE /* SceneDelegate.swift in Sources */ = {isa = PBXBuildFile; fileRef = 17C359232AF017AC00E154BE /* SceneDelegate.swift */; };
		17C359262AF017AC00E154BE /* MyListViewController.swift in Sources */ = {isa = PBXBuildFile; fileRef = 17C359252AF017AC00E154BE /* MyListViewController.swift */; };
		17C3592B2AF017AE00E154BE /* Assets.xcassets in Resources */ = {isa = PBXBuildFile; fileRef = 17C3592A2AF017AE00E154BE /* Assets.xcassets */; };
		17C3592E2AF017AE00E154BE /* LaunchScreen.storyboard in Resources */ = {isa = PBXBuildFile; fileRef = 17C3592C2AF017AE00E154BE /* LaunchScreen.storyboard */; };
		17C359392AF01FB500E154BE /* TabBarController.swift in Sources */ = {isa = PBXBuildFile; fileRef = 17C359382AF01FB500E154BE /* TabBarController.swift */; };
		17C3593B2AF02CA800E154BE /* WorldListViewController.swift in Sources */ = {isa = PBXBuildFile; fileRef = 17C3593A2AF02CA800E154BE /* WorldListViewController.swift */; };
		17C3593D2AF02F0F00E154BE /* NavBarController.swift in Sources */ = {isa = PBXBuildFile; fileRef = 17C3593C2AF02F0F00E154BE /* NavBarController.swift */; };
		17C359402AF02FD000E154BE /* Helper.swift in Sources */ = {isa = PBXBuildFile; fileRef = 17C3593F2AF02FD000E154BE /* Helper.swift */; };
		17C359492AF16C9D00E154BE /* BaseViewController.swift in Sources */ = {isa = PBXBuildFile; fileRef = 17C359482AF16C9D00E154BE /* BaseViewController.swift */; };
		17C3594B2AF3F56D00E154BE /* CustomTableView.swift in Sources */ = {isa = PBXBuildFile; fileRef = 17C3594A2AF3F56D00E154BE /* CustomTableView.swift */; };
		17C3594D2AF3F68200E154BE /* CustomTableView + Ext.swift in Sources */ = {isa = PBXBuildFile; fileRef = 17C3594C2AF3F68200E154BE /* CustomTableView + Ext.swift */; };
		17C3594F2AF3F6BF00E154BE /* AddViews + Ext.swift in Sources */ = {isa = PBXBuildFile; fileRef = 17C3594E2AF3F6BF00E154BE /* AddViews + Ext.swift */; };
		17C359512AF3F7B700E154BE /* ConfigureView + Ext.swift in Sources */ = {isa = PBXBuildFile; fileRef = 17C359502AF3F7B700E154BE /* ConfigureView + Ext.swift */; };
		17C359532AF552B500E154BE /* CustomButtonView.swift in Sources */ = {isa = PBXBuildFile; fileRef = 17C359522AF552B500E154BE /* CustomButtonView.swift */; };
		17C359552AF5539100E154BE /* LayoutView + Ext.swift in Sources */ = {isa = PBXBuildFile; fileRef = 17C359542AF5539100E154BE /* LayoutView + Ext.swift */; };
		17C359572AF55D2400E154BE /* MyListData.swift in Sources */ = {isa = PBXBuildFile; fileRef = 17C359562AF55D2400E154BE /* MyListData.swift */; };
		17C3595C2AF55DE400E154BE /* TableViewCell.swift in Sources */ = {isa = PBXBuildFile; fileRef = 17C3595B2AF55DE400E154BE /* TableViewCell.swift */; };
		17C3595E2AF55F4A00E154BE /* CustomLabelView.swift in Sources */ = {isa = PBXBuildFile; fileRef = 17C3595D2AF55F4A00E154BE /* CustomLabelView.swift */; };
		17C359612AF565C800E154BE /* AddNewTaskViewController.swift in Sources */ = {isa = PBXBuildFile; fileRef = 17C359602AF565C800E154BE /* AddNewTaskViewController.swift */; };
		17C359632AF56A8F00E154BE /* AddButtonConfigure + Ext.swift in Sources */ = {isa = PBXBuildFile; fileRef = 17C359622AF56A8F00E154BE /* AddButtonConfigure + Ext.swift */; };
		17C359652AF56B2A00E154BE /* LayoutViewANT + Ext.swift in Sources */ = {isa = PBXBuildFile; fileRef = 17C359642AF56B2A00E154BE /* LayoutViewANT + Ext.swift */; };
		17C359672AF56BF000E154BE /* CloseButtonConfigure + Ext.swift in Sources */ = {isa = PBXBuildFile; fileRef = 17C359662AF56BF000E154BE /* CloseButtonConfigure + Ext.swift */; };
/* End PBXBuildFile section */

/* Begin PBXFileReference section */
		1728D5422B00D5A9004CDCE5 /* CustomTextView.swift */ = {isa = PBXFileReference; lastKnownFileType = sourcecode.swift; path = CustomTextView.swift; sourceTree = "<group>"; };
		1728D5442B00DB26004CDCE5 /* TextViewConfigure + Ext.swift */ = {isa = PBXFileReference; lastKnownFileType = sourcecode.swift; path = "TextViewConfigure + Ext.swift"; sourceTree = "<group>"; };
		173FB1FC2B0A341C002C20F7 /* BungeeShade-Regular.ttf */ = {isa = PBXFileReference; lastKnownFileType = file; path = "BungeeShade-Regular.ttf"; sourceTree = "<group>"; };
		173FB1FF2B0A4011002C20F7 /* UIImage + Ext.swift */ = {isa = PBXFileReference; lastKnownFileType = sourcecode.swift; path = "UIImage + Ext.swift"; sourceTree = "<group>"; };
		17AAE44C2B0544F600F2000F /* CustomImageView.swift */ = {isa = PBXFileReference; lastKnownFileType = sourcecode.swift; path = CustomImageView.swift; sourceTree = "<group>"; };
		17AAE44E2B0548C000F2000F /* CustomStackView.swift */ = {isa = PBXFileReference; lastKnownFileType = sourcecode.swift; path = CustomStackView.swift; sourceTree = "<group>"; };
		17AAE4502B05494100F2000F /* ConfigureImageView + Ext.swift */ = {isa = PBXFileReference; lastKnownFileType = sourcecode.swift; path = "ConfigureImageView + Ext.swift"; sourceTree = "<group>"; };
		17AAE4522B054EDA00F2000F /* ConfigureStackView + Ext.swift */ = {isa = PBXFileReference; lastKnownFileType = sourcecode.swift; path = "ConfigureStackView + Ext.swift"; sourceTree = "<group>"; };
		17AAE4542B054F1500F2000F /* ConfigureLabel + Ext.swift */ = {isa = PBXFileReference; lastKnownFileType = sourcecode.swift; path = "ConfigureLabel + Ext.swift"; sourceTree = "<group>"; };
		17BD5A902AF56F690075681B /* AddViewANT + Ext.swift */ = {isa = PBXFileReference; lastKnownFileType = sourcecode.swift; path = "AddViewANT + Ext.swift"; sourceTree = "<group>"; };
		17BD5A932AF645C30075681B /* Keys.swift */ = {isa = PBXFileReference; lastKnownFileType = sourcecode.swift; path = Keys.swift; sourceTree = "<group>"; };
		17BD5A952AF647AC0075681B /* CustomTextField.swift */ = {isa = PBXFileReference; lastKnownFileType = sourcecode.swift; path = CustomTextField.swift; sourceTree = "<group>"; };
		17BD5A972AF64A9B0075681B /* TextFieldsConfigure + Ext.swift */ = {isa = PBXFileReference; lastKnownFileType = sourcecode.swift; path = "TextFieldsConfigure + Ext.swift"; sourceTree = "<group>"; };
		17BD5A992AF6B8E40075681B /* CustomView.swift */ = {isa = PBXFileReference; lastKnownFileType = sourcecode.swift; path = CustomView.swift; sourceTree = "<group>"; };
		17C3591E2AF017AC00E154BE /* DDTL.app */ = {isa = PBXFileReference; explicitFileType = wrapper.application; includeInIndex = 0; path = DDTL.app; sourceTree = BUILT_PRODUCTS_DIR; };
		17C359212AF017AC00E154BE /* AppDelegate.swift */ = {isa = PBXFileReference; lastKnownFileType = sourcecode.swift; path = AppDelegate.swift; sourceTree = "<group>"; };
		17C359232AF017AC00E154BE /* SceneDelegate.swift */ = {isa = PBXFileReference; lastKnownFileType = sourcecode.swift; path = SceneDelegate.swift; sourceTree = "<group>"; };
		17C359252AF017AC00E154BE /* MyListViewController.swift */ = {isa = PBXFileReference; lastKnownFileType = sourcecode.swift; path = MyListViewController.swift; sourceTree = "<group>"; };
		17C3592A2AF017AE00E154BE /* Assets.xcassets */ = {isa = PBXFileReference; lastKnownFileType = folder.assetcatalog; path = Assets.xcassets; sourceTree = "<group>"; };
		17C3592D2AF017AE00E154BE /* Base */ = {isa = PBXFileReference; lastKnownFileType = file.storyboard; name = Base; path = Base.lproj/LaunchScreen.storyboard; sourceTree = "<group>"; };
		17C3592F2AF017AE00E154BE /* Info.plist */ = {isa = PBXFileReference; lastKnownFileType = text.plist.xml; path = Info.plist; sourceTree = "<group>"; };
		17C359382AF01FB500E154BE /* TabBarController.swift */ = {isa = PBXFileReference; lastKnownFileType = sourcecode.swift; path = TabBarController.swift; sourceTree = "<group>"; };
		17C3593A2AF02CA800E154BE /* WorldListViewController.swift */ = {isa = PBXFileReference; lastKnownFileType = sourcecode.swift; path = WorldListViewController.swift; sourceTree = "<group>"; };
		17C3593C2AF02F0F00E154BE /* NavBarController.swift */ = {isa = PBXFileReference; lastKnownFileType = sourcecode.swift; path = NavBarController.swift; sourceTree = "<group>"; };
		17C3593F2AF02FD000E154BE /* Helper.swift */ = {isa = PBXFileReference; lastKnownFileType = sourcecode.swift; path = Helper.swift; sourceTree = "<group>"; };
		17C359482AF16C9D00E154BE /* BaseViewController.swift */ = {isa = PBXFileReference; lastKnownFileType = sourcecode.swift; path = BaseViewController.swift; sourceTree = "<group>"; };
		17C3594A2AF3F56D00E154BE /* CustomTableView.swift */ = {isa = PBXFileReference; lastKnownFileType = sourcecode.swift; path = CustomTableView.swift; sourceTree = "<group>"; };
		17C3594C2AF3F68200E154BE /* CustomTableView + Ext.swift */ = {isa = PBXFileReference; lastKnownFileType = sourcecode.swift; path = "CustomTableView + Ext.swift"; sourceTree = "<group>"; };
		17C3594E2AF3F6BF00E154BE /* AddViews + Ext.swift */ = {isa = PBXFileReference; lastKnownFileType = sourcecode.swift; path = "AddViews + Ext.swift"; sourceTree = "<group>"; };
		17C359502AF3F7B700E154BE /* ConfigureView + Ext.swift */ = {isa = PBXFileReference; lastKnownFileType = sourcecode.swift; path = "ConfigureView + Ext.swift"; sourceTree = "<group>"; };
		17C359522AF552B500E154BE /* CustomButtonView.swift */ = {isa = PBXFileReference; lastKnownFileType = sourcecode.swift; path = CustomButtonView.swift; sourceTree = "<group>"; };
		17C359542AF5539100E154BE /* LayoutView + Ext.swift */ = {isa = PBXFileReference; lastKnownFileType = sourcecode.swift; path = "LayoutView + Ext.swift"; sourceTree = "<group>"; };
		17C359562AF55D2400E154BE /* MyListData.swift */ = {isa = PBXFileReference; lastKnownFileType = sourcecode.swift; path = MyListData.swift; sourceTree = "<group>"; };
		17C3595B2AF55DE400E154BE /* TableViewCell.swift */ = {isa = PBXFileReference; lastKnownFileType = sourcecode.swift; path = TableViewCell.swift; sourceTree = "<group>"; };
		17C3595D2AF55F4A00E154BE /* CustomLabelView.swift */ = {isa = PBXFileReference; lastKnownFileType = sourcecode.swift; path = CustomLabelView.swift; sourceTree = "<group>"; };
		17C359602AF565C800E154BE /* AddNewTaskViewController.swift */ = {isa = PBXFileReference; lastKnownFileType = sourcecode.swift; path = AddNewTaskViewController.swift; sourceTree = "<group>"; };
		17C359622AF56A8F00E154BE /* AddButtonConfigure + Ext.swift */ = {isa = PBXFileReference; lastKnownFileType = sourcecode.swift; path = "AddButtonConfigure + Ext.swift"; sourceTree = "<group>"; };
		17C359642AF56B2A00E154BE /* LayoutViewANT + Ext.swift */ = {isa = PBXFileReference; lastKnownFileType = sourcecode.swift; path = "LayoutViewANT + Ext.swift"; sourceTree = "<group>"; };
		17C359662AF56BF000E154BE /* CloseButtonConfigure + Ext.swift */ = {isa = PBXFileReference; lastKnownFileType = sourcecode.swift; path = "CloseButtonConfigure + Ext.swift"; sourceTree = "<group>"; };
/* End PBXFileReference section */

/* Begin PBXFrameworksBuildPhase section */
		17C3591B2AF017AC00E154BE /* Frameworks */ = {
			isa = PBXFrameworksBuildPhase;
			buildActionMask = 2147483647;
			files = (
			);
			runOnlyForDeploymentPostprocessing = 0;
		};
/* End PBXFrameworksBuildPhase section */

/* Begin PBXGroup section */
		173FB1FB2B0A340E002C20F7 /* Fonts */ = {
			isa = PBXGroup;
			children = (
				173FB1FC2B0A341C002C20F7 /* BungeeShade-Regular.ttf */,
			);
			path = Fonts;
			sourceTree = "<group>";
		};
		173FB1FE2B0A3FF1002C20F7 /* Extentions */ = {
			isa = PBXGroup;
			children = (
				173FB1FF2B0A4011002C20F7 /* UIImage + Ext.swift */,
			);
			path = Extentions;
			sourceTree = "<group>";
		};
		17BD5A922AF645A10075681B /* Keys */ = {
			isa = PBXGroup;
			children = (
				17BD5A932AF645C30075681B /* Keys.swift */,
			);
			path = Keys;
			sourceTree = "<group>";
		};
		17C359152AF017AC00E154BE = {
			isa = PBXGroup;
			children = (
				17C359202AF017AC00E154BE /* DDTL */,
				17C3591F2AF017AC00E154BE /* Products */,
			);
			sourceTree = "<group>";
		};
		17C3591F2AF017AC00E154BE /* Products */ = {
			isa = PBXGroup;
			children = (
				17C3591E2AF017AC00E154BE /* DDTL.app */,
			);
			name = Products;
			sourceTree = "<group>";
		};
		17C359202AF017AC00E154BE /* DDTL */ = {
			isa = PBXGroup;
			children = (
				17C3593E2AF02FC200E154BE /* Helpers */,
				17C359352AF01D6B00E154BE /* Application */,
				17C359362AF01D7A00E154BE /* App */,
				17C359372AF01D8800E154BE /* Resources */,
			);
			path = DDTL;
			sourceTree = "<group>";
		};
		17C359352AF01D6B00E154BE /* Application */ = {
			isa = PBXGroup;
			children = (
				17C359212AF017AC00E154BE /* AppDelegate.swift */,
				17C359232AF017AC00E154BE /* SceneDelegate.swift */,
			);
			path = Application;
			sourceTree = "<group>";
		};
		17C359362AF01D7A00E154BE /* App */ = {
			isa = PBXGroup;
			children = (
				17C359432AF166F400E154BE /* Model */,
				17C359422AF166ED00E154BE /* View */,
				17C359412AF166DD00E154BE /* Controller */,
			);
			path = App;
			sourceTree = "<group>";
		};
		17C359372AF01D8800E154BE /* Resources */ = {
			isa = PBXGroup;
			children = (
				17C3592A2AF017AE00E154BE /* Assets.xcassets */,
				17C3592C2AF017AE00E154BE /* LaunchScreen.storyboard */,
				17C3592F2AF017AE00E154BE /* Info.plist */,
			);
			path = Resources;
			sourceTree = "<group>";
		};
		17C3593E2AF02FC200E154BE /* Helpers */ = {
			isa = PBXGroup;
			children = (
				173FB1FE2B0A3FF1002C20F7 /* Extentions */,
				173FB1FB2B0A340E002C20F7 /* Fonts */,
				17BD5A922AF645A10075681B /* Keys */,
				17C3593F2AF02FD000E154BE /* Helper.swift */,
			);
			path = Helpers;
			sourceTree = "<group>";
		};
		17C359412AF166DD00E154BE /* Controller */ = {
			isa = PBXGroup;
			children = (
				17C359462AF16C6800E154BE /* NavigationControllers */,
				17C359472AF16C8300E154BE /* BaseController */,
				17C359442AF1670200E154BE /* MyListController */,
				17C359452AF1671C00E154BE /* WorldListController */,
				17C3595F2AF5654300E154BE /* AddNewTaskController */,
			);
			path = Controller;
			sourceTree = "<group>";
		};
		17C359422AF166ED00E154BE /* View */ = {
			isa = PBXGroup;
			children = (
				17C359522AF552B500E154BE /* CustomButtonView.swift */,
				17C3595D2AF55F4A00E154BE /* CustomLabelView.swift */,
				17BD5A952AF647AC0075681B /* CustomTextField.swift */,
				17BD5A992AF6B8E40075681B /* CustomView.swift */,
				17C359582AF55D8F00E154BE /* TableView */,
				1728D5422B00D5A9004CDCE5 /* CustomTextView.swift */,
				17AAE44C2B0544F600F2000F /* CustomImageView.swift */,
				17AAE44E2B0548C000F2000F /* CustomStackView.swift */,
			);
			path = View;
			sourceTree = "<group>";
		};
		17C359432AF166F400E154BE /* Model */ = {
			isa = PBXGroup;
			children = (
				17C359562AF55D2400E154BE /* MyListData.swift */,
			);
			path = Model;
			sourceTree = "<group>";
		};
		17C359442AF1670200E154BE /* MyListController */ = {
			isa = PBXGroup;
			children = (
				17C359252AF017AC00E154BE /* MyListViewController.swift */,
				17C3594E2AF3F6BF00E154BE /* AddViews + Ext.swift */,
				17C359502AF3F7B700E154BE /* ConfigureView + Ext.swift */,
				17C359542AF5539100E154BE /* LayoutView + Ext.swift */,
				17C3594C2AF3F68200E154BE /* CustomTableView + Ext.swift */,
				17AAE4522B054EDA00F2000F /* ConfigureStackView + Ext.swift */,
				17AAE4542B054F1500F2000F /* ConfigureLabel + Ext.swift */,
				17AAE4502B05494100F2000F /* ConfigureImageView + Ext.swift */,
				17C359622AF56A8F00E154BE /* AddButtonConfigure + Ext.swift */,
			);
			path = MyListController;
			sourceTree = "<group>";
		};
		17C359452AF1671C00E154BE /* WorldListController */ = {
			isa = PBXGroup;
			children = (
				17C3593A2AF02CA800E154BE /* WorldListViewController.swift */,
			);
			path = WorldListController;
			sourceTree = "<group>";
		};
		17C359462AF16C6800E154BE /* NavigationControllers */ = {
			isa = PBXGroup;
			children = (
				17C3593C2AF02F0F00E154BE /* NavBarController.swift */,
				17C359382AF01FB500E154BE /* TabBarController.swift */,
			);
			path = NavigationControllers;
			sourceTree = "<group>";
		};
		17C359472AF16C8300E154BE /* BaseController */ = {
			isa = PBXGroup;
			children = (
				17C359482AF16C9D00E154BE /* BaseViewController.swift */,
			);
			path = BaseController;
			sourceTree = "<group>";
		};
		17C359582AF55D8F00E154BE /* TableView */ = {
			isa = PBXGroup;
			children = (
				17C3594A2AF3F56D00E154BE /* CustomTableView.swift */,
				17C3595B2AF55DE400E154BE /* TableViewCell.swift */,
			);
			path = TableView;
			sourceTree = "<group>";
		};
		17C3595F2AF5654300E154BE /* AddNewTaskController */ = {
			isa = PBXGroup;
			children = (
				17C359602AF565C800E154BE /* AddNewTaskViewController.swift */,
				17BD5A902AF56F690075681B /* AddViewANT + Ext.swift */,
				17C359642AF56B2A00E154BE /* LayoutViewANT + Ext.swift */,
				17C359662AF56BF000E154BE /* CloseButtonConfigure + Ext.swift */,
				17BD5A972AF64A9B0075681B /* TextFieldsConfigure + Ext.swift */,
				1728D5442B00DB26004CDCE5 /* TextViewConfigure + Ext.swift */,
			);
			path = AddNewTaskController;
			sourceTree = "<group>";
		};
/* End PBXGroup section */

/* Begin PBXNativeTarget section */
		17C3591D2AF017AC00E154BE /* DDTL */ = {
			isa = PBXNativeTarget;
			buildConfigurationList = 17C359322AF017AE00E154BE /* Build configuration list for PBXNativeTarget "DDTL" */;
			buildPhases = (
				17C3591A2AF017AC00E154BE /* Sources */,
				17C3591B2AF017AC00E154BE /* Frameworks */,
				17C3591C2AF017AC00E154BE /* Resources */,
			);
			buildRules = (
			);
			dependencies = (
			);
			name = DDTL;
			productName = DDTL;
			productReference = 17C3591E2AF017AC00E154BE /* DDTL.app */;
			productType = "com.apple.product-type.application";
		};
/* End PBXNativeTarget section */

/* Begin PBXProject section */
		17C359162AF017AC00E154BE /* Project object */ = {
			isa = PBXProject;
			attributes = {
				BuildIndependentTargetsInParallel = 1;
				LastSwiftUpdateCheck = 1500;
				LastUpgradeCheck = 1500;
				TargetAttributes = {
					17C3591D2AF017AC00E154BE = {
						CreatedOnToolsVersion = 15.0;
					};
				};
			};
			buildConfigurationList = 17C359192AF017AC00E154BE /* Build configuration list for PBXProject "DDTL" */;
			compatibilityVersion = "Xcode 14.0";
			developmentRegion = en;
			hasScannedForEncodings = 0;
			knownRegions = (
				en,
				Base,
			);
			mainGroup = 17C359152AF017AC00E154BE;
			productRefGroup = 17C3591F2AF017AC00E154BE /* Products */;
			projectDirPath = "";
			projectRoot = "";
			targets = (
				17C3591D2AF017AC00E154BE /* DDTL */,
			);
		};
/* End PBXProject section */

/* Begin PBXResourcesBuildPhase section */
		17C3591C2AF017AC00E154BE /* Resources */ = {
			isa = PBXResourcesBuildPhase;
			buildActionMask = 2147483647;
			files = (
				173FB1FD2B0A341C002C20F7 /* BungeeShade-Regular.ttf in Resources */,
				17C3592E2AF017AE00E154BE /* LaunchScreen.storyboard in Resources */,
				17C3592B2AF017AE00E154BE /* Assets.xcassets in Resources */,
			);
			runOnlyForDeploymentPostprocessing = 0;
		};
/* End PBXResourcesBuildPhase section */

/* Begin PBXSourcesBuildPhase section */
		17C3591A2AF017AC00E154BE /* Sources */ = {
			isa = PBXSourcesBuildPhase;
			buildActionMask = 2147483647;
			files = (
				17AAE44F2B0548C000F2000F /* CustomStackView.swift in Sources */,
				17C359552AF5539100E154BE /* LayoutView + Ext.swift in Sources */,
				17C3595C2AF55DE400E154BE /* TableViewCell.swift in Sources */,
				17BD5A912AF56F690075681B /* AddViewANT + Ext.swift in Sources */,
				17C359672AF56BF000E154BE /* CloseButtonConfigure + Ext.swift in Sources */,
				17BD5A942AF645C30075681B /* Keys.swift in Sources */,
				17C359262AF017AC00E154BE /* MyListViewController.swift in Sources */,
				17C3594F2AF3F6BF00E154BE /* AddViews + Ext.swift in Sources */,
				17AAE4532B054EDA00F2000F /* ConfigureStackView + Ext.swift in Sources */,
				17C359632AF56A8F00E154BE /* AddButtonConfigure + Ext.swift in Sources */,
				17C359402AF02FD000E154BE /* Helper.swift in Sources */,
				17C359652AF56B2A00E154BE /* LayoutViewANT + Ext.swift in Sources */,
				17C3594D2AF3F68200E154BE /* CustomTableView + Ext.swift in Sources */,
				1728D5432B00D5A9004CDCE5 /* CustomTextView.swift in Sources */,
				17C3593D2AF02F0F00E154BE /* NavBarController.swift in Sources */,
				173FB2002B0A4011002C20F7 /* UIImage + Ext.swift in Sources */,
				17C359392AF01FB500E154BE /* TabBarController.swift in Sources */,
				17C3593B2AF02CA800E154BE /* WorldListViewController.swift in Sources */,
				17C359512AF3F7B700E154BE /* ConfigureView + Ext.swift in Sources */,
				17C3594B2AF3F56D00E154BE /* CustomTableView.swift in Sources */,
				17C359492AF16C9D00E154BE /* BaseViewController.swift in Sources */,
				1728D5452B00DB26004CDCE5 /* TextViewConfigure + Ext.swift in Sources */,
				17AAE4512B05494100F2000F /* ConfigureImageView + Ext.swift in Sources */,
				17C359532AF552B500E154BE /* CustomButtonView.swift in Sources */,
				17C359572AF55D2400E154BE /* MyListData.swift in Sources */,
				17AAE44D2B0544F600F2000F /* CustomImageView.swift in Sources */,
				17BD5A9A2AF6B8E50075681B /* CustomView.swift in Sources */,
				17C3595E2AF55F4A00E154BE /* CustomLabelView.swift in Sources */,
				17AAE4552B054F1500F2000F /* ConfigureLabel + Ext.swift in Sources */,
				17BD5A962AF647AC0075681B /* CustomTextField.swift in Sources */,
				17C359222AF017AC00E154BE /* AppDelegate.swift in Sources */,
				17BD5A982AF64A9B0075681B /* TextFieldsConfigure + Ext.swift in Sources */,
				17C359612AF565C800E154BE /* AddNewTaskViewController.swift in Sources */,
				17C359242AF017AC00E154BE /* SceneDelegate.swift in Sources */,
			);
			runOnlyForDeploymentPostprocessing = 0;
		};
/* End PBXSourcesBuildPhase section */

/* Begin PBXVariantGroup section */
		17C3592C2AF017AE00E154BE /* LaunchScreen.storyboard */ = {
			isa = PBXVariantGroup;
			children = (
				17C3592D2AF017AE00E154BE /* Base */,
			);
			name = LaunchScreen.storyboard;
			sourceTree = "<group>";
		};
/* End PBXVariantGroup section */

/* Begin XCBuildConfiguration section */
		17C359302AF017AE00E154BE /* Debug */ = {
			isa = XCBuildConfiguration;
			buildSettings = {
				ALWAYS_SEARCH_USER_PATHS = NO;
				ASSETCATALOG_COMPILER_GENERATE_SWIFT_ASSET_SYMBOL_EXTENSIONS = YES;
				CLANG_ANALYZER_NONNULL = YES;
				CLANG_ANALYZER_NUMBER_OBJECT_CONVERSION = YES_AGGRESSIVE;
				CLANG_CXX_LANGUAGE_STANDARD = "gnu++20";
				CLANG_ENABLE_MODULES = YES;
				CLANG_ENABLE_OBJC_ARC = YES;
				CLANG_ENABLE_OBJC_WEAK = YES;
				CLANG_WARN_BLOCK_CAPTURE_AUTORELEASING = YES;
				CLANG_WARN_BOOL_CONVERSION = YES;
				CLANG_WARN_COMMA = YES;
				CLANG_WARN_CONSTANT_CONVERSION = YES;
				CLANG_WARN_DEPRECATED_OBJC_IMPLEMENTATIONS = YES;
				CLANG_WARN_DIRECT_OBJC_ISA_USAGE = YES_ERROR;
				CLANG_WARN_DOCUMENTATION_COMMENTS = YES;
				CLANG_WARN_EMPTY_BODY = YES;
				CLANG_WARN_ENUM_CONVERSION = YES;
				CLANG_WARN_INFINITE_RECURSION = YES;
				CLANG_WARN_INT_CONVERSION = YES;
				CLANG_WARN_NON_LITERAL_NULL_CONVERSION = YES;
				CLANG_WARN_OBJC_IMPLICIT_RETAIN_SELF = YES;
				CLANG_WARN_OBJC_LITERAL_CONVERSION = YES;
				CLANG_WARN_OBJC_ROOT_CLASS = YES_ERROR;
				CLANG_WARN_QUOTED_INCLUDE_IN_FRAMEWORK_HEADER = YES;
				CLANG_WARN_RANGE_LOOP_ANALYSIS = YES;
				CLANG_WARN_STRICT_PROTOTYPES = YES;
				CLANG_WARN_SUSPICIOUS_MOVE = YES;
				CLANG_WARN_UNGUARDED_AVAILABILITY = YES_AGGRESSIVE;
				CLANG_WARN_UNREACHABLE_CODE = YES;
				CLANG_WARN__DUPLICATE_METHOD_MATCH = YES;
				COPY_PHASE_STRIP = NO;
				DEBUG_INFORMATION_FORMAT = dwarf;
				ENABLE_STRICT_OBJC_MSGSEND = YES;
				ENABLE_TESTABILITY = YES;
				ENABLE_USER_SCRIPT_SANDBOXING = YES;
				GCC_C_LANGUAGE_STANDARD = gnu17;
				GCC_DYNAMIC_NO_PIC = NO;
				GCC_NO_COMMON_BLOCKS = YES;
				GCC_OPTIMIZATION_LEVEL = 0;
				GCC_PREPROCESSOR_DEFINITIONS = (
					"DEBUG=1",
					"$(inherited)",
				);
				GCC_WARN_64_TO_32_BIT_CONVERSION = YES;
				GCC_WARN_ABOUT_RETURN_TYPE = YES_ERROR;
				GCC_WARN_UNDECLARED_SELECTOR = YES;
				GCC_WARN_UNINITIALIZED_AUTOS = YES_AGGRESSIVE;
				GCC_WARN_UNUSED_FUNCTION = YES;
				GCC_WARN_UNUSED_VARIABLE = YES;
				IPHONEOS_DEPLOYMENT_TARGET = 14.0;
				LOCALIZATION_PREFERS_STRING_CATALOGS = YES;
				MTL_ENABLE_DEBUG_INFO = INCLUDE_SOURCE;
				MTL_FAST_MATH = YES;
				ONLY_ACTIVE_ARCH = YES;
				SDKROOT = iphoneos;
				SWIFT_ACTIVE_COMPILATION_CONDITIONS = "DEBUG $(inherited)";
				SWIFT_OPTIMIZATION_LEVEL = "-Onone";
			};
			name = Debug;
		};
		17C359312AF017AE00E154BE /* Release */ = {
			isa = XCBuildConfiguration;
			buildSettings = {
				ALWAYS_SEARCH_USER_PATHS = NO;
				ASSETCATALOG_COMPILER_GENERATE_SWIFT_ASSET_SYMBOL_EXTENSIONS = YES;
				CLANG_ANALYZER_NONNULL = YES;
				CLANG_ANALYZER_NUMBER_OBJECT_CONVERSION = YES_AGGRESSIVE;
				CLANG_CXX_LANGUAGE_STANDARD = "gnu++20";
				CLANG_ENABLE_MODULES = YES;
				CLANG_ENABLE_OBJC_ARC = YES;
				CLANG_ENABLE_OBJC_WEAK = YES;
				CLANG_WARN_BLOCK_CAPTURE_AUTORELEASING = YES;
				CLANG_WARN_BOOL_CONVERSION = YES;
				CLANG_WARN_COMMA = YES;
				CLANG_WARN_CONSTANT_CONVERSION = YES;
				CLANG_WARN_DEPRECATED_OBJC_IMPLEMENTATIONS = YES;
				CLANG_WARN_DIRECT_OBJC_ISA_USAGE = YES_ERROR;
				CLANG_WARN_DOCUMENTATION_COMMENTS = YES;
				CLANG_WARN_EMPTY_BODY = YES;
				CLANG_WARN_ENUM_CONVERSION = YES;
				CLANG_WARN_INFINITE_RECURSION = YES;
				CLANG_WARN_INT_CONVERSION = YES;
				CLANG_WARN_NON_LITERAL_NULL_CONVERSION = YES;
				CLANG_WARN_OBJC_IMPLICIT_RETAIN_SELF = YES;
				CLANG_WARN_OBJC_LITERAL_CONVERSION = YES;
				CLANG_WARN_OBJC_ROOT_CLASS = YES_ERROR;
				CLANG_WARN_QUOTED_INCLUDE_IN_FRAMEWORK_HEADER = YES;
				CLANG_WARN_RANGE_LOOP_ANALYSIS = YES;
				CLANG_WARN_STRICT_PROTOTYPES = YES;
				CLANG_WARN_SUSPICIOUS_MOVE = YES;
				CLANG_WARN_UNGUARDED_AVAILABILITY = YES_AGGRESSIVE;
				CLANG_WARN_UNREACHABLE_CODE = YES;
				CLANG_WARN__DUPLICATE_METHOD_MATCH = YES;
				COPY_PHASE_STRIP = NO;
				DEBUG_INFORMATION_FORMAT = "dwarf-with-dsym";
				ENABLE_NS_ASSERTIONS = NO;
				ENABLE_STRICT_OBJC_MSGSEND = YES;
				ENABLE_USER_SCRIPT_SANDBOXING = YES;
				GCC_C_LANGUAGE_STANDARD = gnu17;
				GCC_NO_COMMON_BLOCKS = YES;
				GCC_WARN_64_TO_32_BIT_CONVERSION = YES;
				GCC_WARN_ABOUT_RETURN_TYPE = YES_ERROR;
				GCC_WARN_UNDECLARED_SELECTOR = YES;
				GCC_WARN_UNINITIALIZED_AUTOS = YES_AGGRESSIVE;
				GCC_WARN_UNUSED_FUNCTION = YES;
				GCC_WARN_UNUSED_VARIABLE = YES;
				IPHONEOS_DEPLOYMENT_TARGET = 14.0;
				LOCALIZATION_PREFERS_STRING_CATALOGS = YES;
				MTL_ENABLE_DEBUG_INFO = NO;
				MTL_FAST_MATH = YES;
				SDKROOT = iphoneos;
				SWIFT_COMPILATION_MODE = wholemodule;
				VALIDATE_PRODUCT = YES;
			};
			name = Release;
		};
		17C359332AF017AE00E154BE /* Debug */ = {
			isa = XCBuildConfiguration;
			buildSettings = {
				ASSETCATALOG_COMPILER_APPICON_NAME = AppIcon;
				ASSETCATALOG_COMPILER_GLOBAL_ACCENT_COLOR_NAME = AccentColor;
				CODE_SIGN_STYLE = Automatic;
				CURRENT_PROJECT_VERSION = 1;
				DEVELOPMENT_TEAM = LA9F8MT28T;
				GENERATE_INFOPLIST_FILE = YES;
				INFOPLIST_FILE = DDTL/Resources/Info.plist;
				INFOPLIST_KEY_UIApplicationSupportsIndirectInputEvents = YES;
				INFOPLIST_KEY_UILaunchStoryboardName = LaunchScreen;
				INFOPLIST_KEY_UISupportedInterfaceOrientations = UIInterfaceOrientationPortrait;
				IPHONEOS_DEPLOYMENT_TARGET = 14.0;
				LD_RUNPATH_SEARCH_PATHS = (
					"$(inherited)",
					"@executable_path/Frameworks",
				);
				MARKETING_VERSION = 1.0;
				PRODUCT_BUNDLE_IDENTIFIER = com.karen.DDTL;
				PRODUCT_NAME = "$(TARGET_NAME)";
				SWIFT_EMIT_LOC_STRINGS = YES;
				SWIFT_VERSION = 5.0;
				TARGETED_DEVICE_FAMILY = "1,2";
			};
			name = Debug;
		};
		17C359342AF017AE00E154BE /* Release */ = {
			isa = XCBuildConfiguration;
			buildSettings = {
				ASSETCATALOG_COMPILER_APPICON_NAME = AppIcon;
				ASSETCATALOG_COMPILER_GLOBAL_ACCENT_COLOR_NAME = AccentColor;
				CODE_SIGN_STYLE = Automatic;
				CURRENT_PROJECT_VERSION = 1;
				DEVELOPMENT_TEAM = LA9F8MT28T;
				GENERATE_INFOPLIST_FILE = YES;
				INFOPLIST_FILE = DDTL/Resources/Info.plist;
				INFOPLIST_KEY_UIApplicationSupportsIndirectInputEvents = YES;
				INFOPLIST_KEY_UILaunchStoryboardName = LaunchScreen;
				INFOPLIST_KEY_UISupportedInterfaceOrientations = UIInterfaceOrientationPortrait;
				IPHONEOS_DEPLOYMENT_TARGET = 14.0;
				LD_RUNPATH_SEARCH_PATHS = (
					"$(inherited)",
					"@executable_path/Frameworks",
				);
				MARKETING_VERSION = 1.0;
				PRODUCT_BUNDLE_IDENTIFIER = com.karen.DDTL;
				PRODUCT_NAME = "$(TARGET_NAME)";
				SWIFT_EMIT_LOC_STRINGS = YES;
				SWIFT_VERSION = 5.0;
				TARGETED_DEVICE_FAMILY = "1,2";
			};
			name = Release;
		};
/* End XCBuildConfiguration section */

/* Begin XCConfigurationList section */
		17C359192AF017AC00E154BE /* Build configuration list for PBXProject "DDTL" */ = {
			isa = XCConfigurationList;
			buildConfigurations = (
				17C359302AF017AE00E154BE /* Debug */,
				17C359312AF017AE00E154BE /* Release */,
			);
			defaultConfigurationIsVisible = 0;
			defaultConfigurationName = Release;
		};
		17C359322AF017AE00E154BE /* Build configuration list for PBXNativeTarget "DDTL" */ = {
			isa = XCConfigurationList;
			buildConfigurations = (
				17C359332AF017AE00E154BE /* Debug */,
				17C359342AF017AE00E154BE /* Release */,
			);
			defaultConfigurationIsVisible = 0;
			defaultConfigurationName = Release;
		};
/* End XCConfigurationList section */
	};
	rootObject = 17C359162AF017AC00E154BE /* Project object */;
}
