{
  "originHash" : "0aada5f5f240d00f766c774840fb496d292728ff6d9c9bc9ccaaca9541093d91",
  "pins" : [
    {
      "identity" : "realm-core",
      "kind" : "remoteSourceControl",
      "location" : "https://github.com/realm/realm-core.git",
      "state" : {
        "revision" : "f3d7ae5f9f31d90b327a64536bb7801cc69fd85b",
        "version" : "14.9.0"
      }
    },
    {
      "identity" : "realm-swift",
      "kind" : "remoteSourceControl",
      "location" : "https://github.com/realm/realm-swift.git",
      "state" : {
        "revision" : "4c4413abd0cd2221f59318f800960fe5bddc1494",
        "version" : "10.51.0"
      }
    },
    {
      "identity" : "sdwebimage",
      "kind" : "remoteSourceControl",
      "location" : "https://github.com/SDWebImage/SDWebImage.git",
      "state" : {
        "revision" : "b8523c1642f3c142b06dd98443ea7c48343a4dfd",
        "version" : "5.19.3"
      }
    },
    {
      "identity" : "skeletonview",
      "kind" : "remoteSourceControl",
      "location" : "https://github.com/Juanpe/SkeletonView.git",
      "state" : {
        "revision" : "2f5274827d310e32c09325dd3e0007120940988e",
        "version" : "1.31.0"
      }
    },
    {
      "identity" : "swiftsoup",
      "kind" : "remoteSourceControl",
      "location" : "https://github.com/scinfu/SwiftSoup.git",
      "state" : {
        "revision" : "028487d4a8a291b2fe1b4392b5425b6172056148",
        "version" : "2.7.2"
      }
    }
  ],
  "version" : 3
}
