// !$*UTF8*$!
{
	archiveVersion = 1;
	classes = {
	};
	objectVersion = 56;
	objects = {

/* Begin PBXBuildFile section */
		1707960F2BCEF860009C87AC /* Helper.swift in Sources */ = {isa = PBXBuildFile; fileRef = 1707960E2BCEF860009C87AC /* Helper.swift */; };
		1713482A2BCD943C00FC3CF7 /* PidgetApp.swift in Sources */ = {isa = PBXBuildFile; fileRef = 171348292BCD943C00FC3CF7 /* PidgetApp.swift */; };
		1713482C2BCD943C00FC3CF7 /* ContentView.swift in Sources */ = {isa = PBXBuildFile; fileRef = 1713482B2BCD943C00FC3CF7 /* ContentView.swift */; };
		1713482E2BCD943E00FC3CF7 /* Assets.xcassets in Resources */ = {isa = PBXBuildFile; fileRef = 1713482D2BCD943E00FC3CF7 /* Assets.xcassets */; };
		171348312BCD943E00FC3CF7 /* Preview Assets.xcassets in Resources */ = {isa = PBXBuildFile; fileRef = 171348302BCD943E00FC3CF7 /* Preview Assets.xcassets */; };
		1713483E2BCD948000FC3CF7 /* WidgetKit.framework in Frameworks */ = {isa = PBXBuildFile; fileRef = 1713483D2BCD947F00FC3CF7 /* WidgetKit.framework */; };
		171348402BCD948000FC3CF7 /* SwiftUI.framework in Frameworks */ = {isa = PBXBuildFile; fileRef = 1713483F2BCD948000FC3CF7 /* SwiftUI.framework */; };
		171348432BCD948000FC3CF7 /* PidgetWidgetsBundle.swift in Sources */ = {isa = PBXBuildFile; fileRef = 171348422BCD948000FC3CF7 /* PidgetWidgetsBundle.swift */; };
		171348452BCD948000FC3CF7 /* PidgetWidgetsLiveActivity.swift in Sources */ = {isa = PBXBuildFile; fileRef = 171348442BCD948000FC3CF7 /* PidgetWidgetsLiveActivity.swift */; };
		171348472BCD948000FC3CF7 /* PidgetWidgets.swift in Sources */ = {isa = PBXBuildFile; fileRef = 171348462BCD948000FC3CF7 /* PidgetWidgets.swift */; };
		171348492BCD948000FC3CF7 /* AppIntent.swift in Sources */ = {isa = PBXBuildFile; fileRef = 171348482BCD948000FC3CF7 /* AppIntent.swift */; };
		1713484B2BCD948300FC3CF7 /* Assets.xcassets in Resources */ = {isa = PBXBuildFile; fileRef = 1713484A2BCD948300FC3CF7 /* Assets.xcassets */; };
		1713484F2BCD948300FC3CF7 /* PidgetWidgetsExtension.appex in Embed Foundation Extensions */ = {isa = PBXBuildFile; fileRef = 1713483B2BCD947F00FC3CF7 /* PidgetWidgetsExtension.appex */; settings = {ATTRIBUTES = (RemoveHeadersOnCopy, ); }; };
/* End PBXBuildFile section */

/* Begin PBXContainerItemProxy section */
		1713484D2BCD948300FC3CF7 /* PBXContainerItemProxy */ = {
			isa = PBXContainerItemProxy;
			containerPortal = 1713481E2BCD943C00FC3CF7 /* Project object */;
			proxyType = 1;
			remoteGlobalIDString = 1713483A2BCD947F00FC3CF7;
			remoteInfo = PidgetWidgetsExtension;
		};
/* End PBXContainerItemProxy section */

/* Begin PBXCopyFilesBuildPhase section */
		171348532BCD948300FC3CF7 /* Embed Foundation Extensions */ = {
			isa = PBXCopyFilesBuildPhase;
			buildActionMask = 2147483647;
			dstPath = "";
			dstSubfolderSpec = 13;
			files = (
				1713484F2BCD948300FC3CF7 /* PidgetWidgetsExtension.appex in Embed Foundation Extensions */,
			);
			name = "Embed Foundation Extensions";
			runOnlyForDeploymentPostprocessing = 0;
		};
/* End PBXCopyFilesBuildPhase section */

/* Begin PBXFileReference section */
		1707960E2BCEF860009C87AC /* Helper.swift */ = {isa = PBXFileReference; lastKnownFileType = sourcecode.swift; path = Helper.swift; sourceTree = "<group>"; };
		171348262BCD943C00FC3CF7 /* Pidget.app */ = {isa = PBXFileReference; explicitFileType = wrapper.application; includeInIndex = 0; path = Pidget.app; sourceTree = BUILT_PRODUCTS_DIR; };
		171348292BCD943C00FC3CF7 /* PidgetApp.swift */ = {isa = PBXFileReference; lastKnownFileType = sourcecode.swift; path = PidgetApp.swift; sourceTree = "<group>"; };
		1713482B2BCD943C00FC3CF7 /* ContentView.swift */ = {isa = PBXFileReference; lastKnownFileType = sourcecode.swift; path = ContentView.swift; sourceTree = "<group>"; };
		1713482D2BCD943E00FC3CF7 /* Assets.xcassets */ = {isa = PBXFileReference; lastKnownFileType = folder.assetcatalog; path = Assets.xcassets; sourceTree = "<group>"; };
		171348302BCD943E00FC3CF7 /* Preview Assets.xcassets */ = {isa = PBXFileReference; lastKnownFileType = folder.assetcatalog; path = "Preview Assets.xcassets"; sourceTree = "<group>"; };
		1713483B2BCD947F00FC3CF7 /* PidgetWidgetsExtension.appex */ = {isa = PBXFileReference; explicitFileType = "wrapper.app-extension"; includeInIndex = 0; path = PidgetWidgetsExtension.appex; sourceTree = BUILT_PRODUCTS_DIR; };
		1713483D2BCD947F00FC3CF7 /* WidgetKit.framework */ = {isa = PBXFileReference; lastKnownFileType = wrapper.framework; name = WidgetKit.framework; path = System/Library/Frameworks/WidgetKit.framework; sourceTree = SDKROOT; };
		1713483F2BCD948000FC3CF7 /* SwiftUI.framework */ = {isa = PBXFileReference; lastKnownFileType = wrapper.framework; name = SwiftUI.framework; path = System/Library/Frameworks/SwiftUI.framework; sourceTree = SDKROOT; };
		171348422BCD948000FC3CF7 /* PidgetWidgetsBundle.swift */ = {isa = PBXFileReference; lastKnownFileType = sourcecode.swift; path = PidgetWidgetsBundle.swift; sourceTree = "<group>"; };
		171348442BCD948000FC3CF7 /* PidgetWidgetsLiveActivity.swift */ = {isa = PBXFileReference; lastKnownFileType = sourcecode.swift; path = PidgetWidgetsLiveActivity.swift; sourceTree = "<group>"; };
		171348462BCD948000FC3CF7 /* PidgetWidgets.swift */ = {isa = PBXFileReference; lastKnownFileType = sourcecode.swift; path = PidgetWidgets.swift; sourceTree = "<group>"; };
		171348482BCD948000FC3CF7 /* AppIntent.swift */ = {isa = PBXFileReference; lastKnownFileType = sourcecode.swift; path = AppIntent.swift; sourceTree = "<group>"; };
		1713484A2BCD948300FC3CF7 /* Assets.xcassets */ = {isa = PBXFileReference; lastKnownFileType = folder.assetcatalog; path = Assets.xcassets; sourceTree = "<group>"; };
		1713484C2BCD948300FC3CF7 /* Info.plist */ = {isa = PBXFileReference; lastKnownFileType = text.plist.xml; path = Info.plist; sourceTree = "<group>"; };
/* End PBXFileReference section */

/* Begin PBXFrameworksBuildPhase section */
		171348232BCD943C00FC3CF7 /* Frameworks */ = {
			isa = PBXFrameworksBuildPhase;
			buildActionMask = 2147483647;
			files = (
			);
			runOnlyForDeploymentPostprocessing = 0;
		};
		171348382BCD947F00FC3CF7 /* Frameworks */ = {
			isa = PBXFrameworksBuildPhase;
			buildActionMask = 2147483647;
			files = (
				171348402BCD948000FC3CF7 /* SwiftUI.framework in Frameworks */,
				1713483E2BCD948000FC3CF7 /* WidgetKit.framework in Frameworks */,
			);
			runOnlyForDeploymentPostprocessing = 0;
		};
/* End PBXFrameworksBuildPhase section */

/* Begin PBXGroup section */
		1707960D2BCEF848009C87AC /* Helper */ = {
			isa = PBXGroup;
			children = (
				1707960E2BCEF860009C87AC /* Helper.swift */,
			);
			path = Helper;
			sourceTree = "<group>";
		};
		1713481D2BCD943C00FC3CF7 = {
			isa = PBXGroup;
			children = (
				1707960D2BCEF848009C87AC /* Helper */,
				171348282BCD943C00FC3CF7 /* Pidget */,
				171348412BCD948000FC3CF7 /* PidgetWidgets */,
				1713483C2BCD947F00FC3CF7 /* Frameworks */,
				171348272BCD943C00FC3CF7 /* Products */,
			);
			sourceTree = "<group>";
		};
		171348272BCD943C00FC3CF7 /* Products */ = {
			isa = PBXGroup;
			children = (
				171348262BCD943C00FC3CF7 /* Pidget.app */,
				1713483B2BCD947F00FC3CF7 /* PidgetWidgetsExtension.appex */,
			);
			name = Products;
			sourceTree = "<group>";
		};
		171348282BCD943C00FC3CF7 /* Pidget */ = {
			isa = PBXGroup;
			children = (
				171348292BCD943C00FC3CF7 /* PidgetApp.swift */,
				1713482B2BCD943C00FC3CF7 /* ContentView.swift */,
				1713482D2BCD943E00FC3CF7 /* Assets.xcassets */,
				1713482F2BCD943E00FC3CF7 /* Preview Content */,
			);
			path = Pidget;
			sourceTree = "<group>";
		};
		1713482F2BCD943E00FC3CF7 /* Preview Content */ = {
			isa = PBXGroup;
			children = (
				171348302BCD943E00FC3CF7 /* Preview Assets.xcassets */,
			);
			path = "Preview Content";
			sourceTree = "<group>";
		};
		1713483C2BCD947F00FC3CF7 /* Frameworks */ = {
			isa = PBXGroup;
			children = (
				1713483D2BCD947F00FC3CF7 /* WidgetKit.framework */,
				1713483F2BCD948000FC3CF7 /* SwiftUI.framework */,
			);
			name = Frameworks;
			sourceTree = "<group>";
		};
		171348412BCD948000FC3CF7 /* PidgetWidgets */ = {
			isa = PBXGroup;
			children = (
				171348422BCD948000FC3CF7 /* PidgetWidgetsBundle.swift */,
				171348442BCD948000FC3CF7 /* PidgetWidgetsLiveActivity.swift */,
				171348462BCD948000FC3CF7 /* PidgetWidgets.swift */,
				171348482BCD948000FC3CF7 /* AppIntent.swift */,
				1713484A2BCD948300FC3CF7 /* Assets.xcassets */,
				1713484C2BCD948300FC3CF7 /* Info.plist */,
			);
			path = PidgetWidgets;
			sourceTree = "<group>";
		};
/* End PBXGroup section */

/* Begin PBXNativeTarget section */
		171348252BCD943C00FC3CF7 /* Pidget */ = {
			isa = PBXNativeTarget;
			buildConfigurationList = 171348342BCD943E00FC3CF7 /* Build configuration list for PBXNativeTarget "Pidget" */;
			buildPhases = (
				171348222BCD943C00FC3CF7 /* Sources */,
				171348232BCD943C00FC3CF7 /* Frameworks */,
				171348242BCD943C00FC3CF7 /* Resources */,
				171348532BCD948300FC3CF7 /* Embed Foundation Extensions */,
			);
			buildRules = (
			);
			dependencies = (
				1713484E2BCD948300FC3CF7 /* PBXTargetDependency */,
			);
			name = Pidget;
			productName = Pidget;
			productReference = 171348262BCD943C00FC3CF7 /* Pidget.app */;
			productType = "com.apple.product-type.application";
		};
		1713483A2BCD947F00FC3CF7 /* PidgetWidgetsExtension */ = {
			isa = PBXNativeTarget;
			buildConfigurationList = 171348502BCD948300FC3CF7 /* Build configuration list for PBXNativeTarget "PidgetWidgetsExtension" */;
			buildPhases = (
				171348372BCD947F00FC3CF7 /* Sources */,
				171348382BCD947F00FC3CF7 /* Frameworks */,
				171348392BCD947F00FC3CF7 /* Resources */,
			);
			buildRules = (
			);
			dependencies = (
			);
			name = PidgetWidgetsExtension;
			productName = PidgetWidgetsExtension;
			productReference = 1713483B2BCD947F00FC3CF7 /* PidgetWidgetsExtension.appex */;
			productType = "com.apple.product-type.app-extension";
		};
/* End PBXNativeTarget section */

/* Begin PBXProject section */
		1713481E2BCD943C00FC3CF7 /* Project object */ = {
			isa = PBXProject;
			attributes = {
				BuildIndependentTargetsInParallel = 1;
				LastSwiftUpdateCheck = 1520;
				LastUpgradeCheck = 1520;
				TargetAttributes = {
					171348252BCD943C00FC3CF7 = {
						CreatedOnToolsVersion = 15.2;
					};
					1713483A2BCD947F00FC3CF7 = {
						CreatedOnToolsVersion = 15.2;
					};
				};
			};
			buildConfigurationList = 171348212BCD943C00FC3CF7 /* Build configuration list for PBXProject "Pidget" */;
			compatibilityVersion = "Xcode 14.0";
			developmentRegion = en;
			hasScannedForEncodings = 0;
			knownRegions = (
				en,
				Base,
			);
			mainGroup = 1713481D2BCD943C00FC3CF7;
			productRefGroup = 171348272BCD943C00FC3CF7 /* Products */;
			projectDirPath = "";
			projectRoot = "";
			targets = (
				171348252BCD943C00FC3CF7 /* Pidget */,
				1713483A2BCD947F00FC3CF7 /* PidgetWidgetsExtension */,
			);
		};
/* End PBXProject section */

/* Begin PBXResourcesBuildPhase section */
		171348242BCD943C00FC3CF7 /* Resources */ = {
			isa = PBXResourcesBuildPhase;
			buildActionMask = 2147483647;
			files = (
				171348312BCD943E00FC3CF7 /* Preview Assets.xcassets in Resources */,
				1713482E2BCD943E00FC3CF7 /* Assets.xcassets in Resources */,
			);
			runOnlyForDeploymentPostprocessing = 0;
		};
		171348392BCD947F00FC3CF7 /* Resources */ = {
			isa = PBXResourcesBuildPhase;
			buildActionMask = 2147483647;
			files = (
				1713484B2BCD948300FC3CF7 /* Assets.xcassets in Resources */,
			);
			runOnlyForDeploymentPostprocessing = 0;
		};
/* End PBXResourcesBuildPhase section */

/* Begin PBXSourcesBuildPhase section */
		171348222BCD943C00FC3CF7 /* Sources */ = {
			isa = PBXSourcesBuildPhase;
			buildActionMask = 2147483647;
			files = (
				1713482C2BCD943C00FC3CF7 /* ContentView.swift in Sources */,
				1713482A2BCD943C00FC3CF7 /* PidgetApp.swift in Sources */,
				1707960F2BCEF860009C87AC /* Helper.swift in Sources */,
			);
			runOnlyForDeploymentPostprocessing = 0;
		};
		171348372BCD947F00FC3CF7 /* Sources */ = {
			isa = PBXSourcesBuildPhase;
			buildActionMask = 2147483647;
			files = (
				171348432BCD948000FC3CF7 /* PidgetWidgetsBundle.swift in Sources */,
				171348492BCD948000FC3CF7 /* AppIntent.swift in Sources */,
				171348472BCD948000FC3CF7 /* PidgetWidgets.swift in Sources */,
				171348452BCD948000FC3CF7 /* PidgetWidgetsLiveActivity.swift in Sources */,
			);
			runOnlyForDeploymentPostprocessing = 0;
		};
/* End PBXSourcesBuildPhase section */

/* Begin PBXTargetDependency section */
		1713484E2BCD948300FC3CF7 /* PBXTargetDependency */ = {
			isa = PBXTargetDependency;
			target = 1713483A2BCD947F00FC3CF7 /* PidgetWidgetsExtension */;
			targetProxy = 1713484D2BCD948300FC3CF7 /* PBXContainerItemProxy */;
		};
/* End PBXTargetDependency section */

/* Begin XCBuildConfiguration section */
		171348322BCD943E00FC3CF7 /* Debug */ = {
			isa = XCBuildConfiguration;
			buildSettings = {
				ALWAYS_SEARCH_USER_PATHS = NO;
				ASSETCATALOG_COMPILER_GENERATE_SWIFT_ASSET_SYMBOL_EXTENSIONS = YES;
				CLANG_ANALYZER_NONNULL = YES;
				CLANG_ANALYZER_NUMBER_OBJECT_CONVERSION = YES_AGGRESSIVE;
				CLANG_CXX_LANGUAGE_STANDARD = "gnu++20";
				CLANG_ENABLE_MODULES = YES;
				CLANG_ENABLE_OBJC_ARC = YES;
				CLANG_ENABLE_OBJC_WEAK = YES;
				CLANG_WARN_BLOCK_CAPTURE_AUTORELEASING = YES;
				CLANG_WARN_BOOL_CONVERSION = YES;
				CLANG_WARN_COMMA = YES;
				CLANG_WARN_CONSTANT_CONVERSION = YES;
				CLANG_WARN_DEPRECATED_OBJC_IMPLEMENTATIONS = YES;
				CLANG_WARN_DIRECT_OBJC_ISA_USAGE = YES_ERROR;
				CLANG_WARN_DOCUMENTATION_COMMENTS = YES;
				CLANG_WARN_EMPTY_BODY = YES;
				CLANG_WARN_ENUM_CONVERSION = YES;
				CLANG_WARN_INFINITE_RECURSION = YES;
				CLANG_WARN_INT_CONVERSION = YES;
				CLANG_WARN_NON_LITERAL_NULL_CONVERSION = YES;
				CLANG_WARN_OBJC_IMPLICIT_RETAIN_SELF = YES;
				CLANG_WARN_OBJC_LITERAL_CONVERSION = YES;
				CLANG_WARN_OBJC_ROOT_CLASS = YES_ERROR;
				CLANG_WARN_QUOTED_INCLUDE_IN_FRAMEWORK_HEADER = YES;
				CLANG_WARN_RANGE_LOOP_ANALYSIS = YES;
				CLANG_WARN_STRICT_PROTOTYPES = YES;
				CLANG_WARN_SUSPICIOUS_MOVE = YES;
				CLANG_WARN_UNGUARDED_AVAILABILITY = YES_AGGRESSIVE;
				CLANG_WARN_UNREACHABLE_CODE = YES;
				CLANG_WARN__DUPLICATE_METHOD_MATCH = YES;
				COPY_PHASE_STRIP = NO;
				DEBUG_INFORMATION_FORMAT = dwarf;
				ENABLE_STRICT_OBJC_MSGSEND = YES;
				ENABLE_TESTABILITY = YES;
				ENABLE_USER_SCRIPT_SANDBOXING = YES;
				GCC_C_LANGUAGE_STANDARD = gnu17;
				GCC_DYNAMIC_NO_PIC = NO;
				GCC_NO_COMMON_BLOCKS = YES;
				GCC_OPTIMIZATION_LEVEL = 0;
				GCC_PREPROCESSOR_DEFINITIONS = (
					"DEBUG=1",
					"$(inherited)",
				);
				GCC_WARN_64_TO_32_BIT_CONVERSION = YES;
				GCC_WARN_ABOUT_RETURN_TYPE = YES_ERROR;
				GCC_WARN_UNDECLARED_SELECTOR = YES;
				GCC_WARN_UNINITIALIZED_AUTOS = YES_AGGRESSIVE;
				GCC_WARN_UNUSED_FUNCTION = YES;
				GCC_WARN_UNUSED_VARIABLE = YES;
				IPHONEOS_DEPLOYMENT_TARGET = 17.0;
				LOCALIZATION_PREFERS_STRING_CATALOGS = YES;
				MTL_ENABLE_DEBUG_INFO = INCLUDE_SOURCE;
				MTL_FAST_MATH = YES;
				ONLY_ACTIVE_ARCH = YES;
				SDKROOT = iphoneos;
				SWIFT_ACTIVE_COMPILATION_CONDITIONS = "DEBUG $(inherited)";
				SWIFT_OPTIMIZATION_LEVEL = "-Onone";
			};
			name = Debug;
		};
		171348332BCD943E00FC3CF7 /* Release */ = {
			isa = XCBuildConfiguration;
			buildSettings = {
				ALWAYS_SEARCH_USER_PATHS = NO;
				ASSETCATALOG_COMPILER_GENERATE_SWIFT_ASSET_SYMBOL_EXTENSIONS = YES;
				CLANG_ANALYZER_NONNULL = YES;
				CLANG_ANALYZER_NUMBER_OBJECT_CONVERSION = YES_AGGRESSIVE;
				CLANG_CXX_LANGUAGE_STANDARD = "gnu++20";
				CLANG_ENABLE_MODULES = YES;
				CLANG_ENABLE_OBJC_ARC = YES;
				CLANG_ENABLE_OBJC_WEAK = YES;
				CLANG_WARN_BLOCK_CAPTURE_AUTORELEASING = YES;
				CLANG_WARN_BOOL_CONVERSION = YES;
				CLANG_WARN_COMMA = YES;
				CLANG_WARN_CONSTANT_CONVERSION = YES;
				CLANG_WARN_DEPRECATED_OBJC_IMPLEMENTATIONS = YES;
				CLANG_WARN_DIRECT_OBJC_ISA_USAGE = YES_ERROR;
				CLANG_WARN_DOCUMENTATION_COMMENTS = YES;
				CLANG_WARN_EMPTY_BODY = YES;
				CLANG_WARN_ENUM_CONVERSION = YES;
				CLANG_WARN_INFINITE_RECURSION = YES;
				CLANG_WARN_INT_CONVERSION = YES;
				CLANG_WARN_NON_LITERAL_NULL_CONVERSION = YES;
				CLANG_WARN_OBJC_IMPLICIT_RETAIN_SELF = YES;
				CLANG_WARN_OBJC_LITERAL_CONVERSION = YES;
				CLANG_WARN_OBJC_ROOT_CLASS = YES_ERROR;
				CLANG_WARN_QUOTED_INCLUDE_IN_FRAMEWORK_HEADER = YES;
				CLANG_WARN_RANGE_LOOP_ANALYSIS = YES;
				CLANG_WARN_STRICT_PROTOTYPES = YES;
				CLANG_WARN_SUSPICIOUS_MOVE = YES;
				CLANG_WARN_UNGUARDED_AVAILABILITY = YES_AGGRESSIVE;
				CLANG_WARN_UNREACHABLE_CODE = YES;
				CLANG_WARN__DUPLICATE_METHOD_MATCH = YES;
				COPY_PHASE_STRIP = NO;
				DEBUG_INFORMATION_FORMAT = "dwarf-with-dsym";
				ENABLE_NS_ASSERTIONS = NO;
				ENABLE_STRICT_OBJC_MSGSEND = YES;
				ENABLE_USER_SCRIPT_SANDBOXING = YES;
				GCC_C_LANGUAGE_STANDARD = gnu17;
				GCC_NO_COMMON_BLOCKS = YES;
				GCC_WARN_64_TO_32_BIT_CONVERSION = YES;
				GCC_WARN_ABOUT_RETURN_TYPE = YES_ERROR;
				GCC_WARN_UNDECLARED_SELECTOR = YES;
				GCC_WARN_UNINITIALIZED_AUTOS = YES_AGGRESSIVE;
				GCC_WARN_UNUSED_FUNCTION = YES;
				GCC_WARN_UNUSED_VARIABLE = YES;
				IPHONEOS_DEPLOYMENT_TARGET = 17.0;
				LOCALIZATION_PREFERS_STRING_CATALOGS = YES;
				MTL_ENABLE_DEBUG_INFO = NO;
				MTL_FAST_MATH = YES;
				SDKROOT = iphoneos;
				SWIFT_COMPILATION_MODE = wholemodule;
				VALIDATE_PRODUCT = YES;
			};
			name = Release;
		};
		171348352BCD943E00FC3CF7 /* Debug */ = {
			isa = XCBuildConfiguration;
			buildSettings = {
				ALWAYS_EMBED_SWIFT_STANDARD_LIBRARIES = YES;
				ASSETCATALOG_COMPILER_APPICON_NAME = AppIcon;
				ASSETCATALOG_COMPILER_GLOBAL_ACCENT_COLOR_NAME = AccentColor;
				ASSETCATALOG_COMPILER_INCLUDE_ALL_APPICON_ASSETS = YES;
				CODE_SIGN_STYLE = Automatic;
				CURRENT_PROJECT_VERSION = 1;
				DEVELOPMENT_ASSET_PATHS = "\"Pidget/Preview Content\"";
				DEVELOPMENT_TEAM = LA9F8MT28T;
				ENABLE_PREVIEWS = YES;
				GENERATE_INFOPLIST_FILE = YES;
				INFOPLIST_KEY_UIApplicationSceneManifest_Generation = YES;
				INFOPLIST_KEY_UIApplicationSupportsIndirectInputEvents = YES;
				INFOPLIST_KEY_UILaunchScreen_Generation = YES;
				INFOPLIST_KEY_UIRequiresFullScreen = YES;
				INFOPLIST_KEY_UISupportedInterfaceOrientations = UIInterfaceOrientationPortrait;
				LD_RUNPATH_SEARCH_PATHS = (
					"$(inherited)",
					"@executable_path/Frameworks",
				);
				MARKETING_VERSION = 1.0;
				PRODUCT_BUNDLE_IDENTIFIER = com.karen.Pidget;
				PRODUCT_NAME = "$(TARGET_NAME)";
				SUPPORTED_PLATFORMS = "iphoneos iphonesimulator";
				SUPPORTS_MACCATALYST = NO;
				SUPPORTS_MAC_DESIGNED_FOR_IPHONE_IPAD = NO;
				SUPPORTS_XR_DESIGNED_FOR_IPHONE_IPAD = NO;
				SWIFT_EMIT_LOC_STRINGS = YES;
				SWIFT_VERSION = 5.0;
				TARGETED_DEVICE_FAMILY = 1;
			};
			name = Debug;
		};
		171348362BCD943E00FC3CF7 /* Release */ = {
			isa = XCBuildConfiguration;
			buildSettings = {
				ALWAYS_EMBED_SWIFT_STANDARD_LIBRARIES = YES;
				ASSETCATALOG_COMPILER_APPICON_NAME = AppIcon;
				ASSETCATALOG_COMPILER_GLOBAL_ACCENT_COLOR_NAME = AccentColor;
				ASSETCATALOG_COMPILER_INCLUDE_ALL_APPICON_ASSETS = YES;
				CODE_SIGN_STYLE = Automatic;
				CURRENT_PROJECT_VERSION = 1;
				DEVELOPMENT_ASSET_PATHS = "\"Pidget/Preview Content\"";
				DEVELOPMENT_TEAM = LA9F8MT28T;
				ENABLE_PREVIEWS = YES;
				GENERATE_INFOPLIST_FILE = YES;
				INFOPLIST_KEY_UIApplicationSceneManifest_Generation = YES;
				INFOPLIST_KEY_UIApplicationSupportsIndirectInputEvents = YES;
				INFOPLIST_KEY_UILaunchScreen_Generation = YES;
				INFOPLIST_KEY_UIRequiresFullScreen = YES;
				INFOPLIST_KEY_UISupportedInterfaceOrientations = UIInterfaceOrientationPortrait;
				LD_RUNPATH_SEARCH_PATHS = (
					"$(inherited)",
					"@executable_path/Frameworks",
				);
				MARKETING_VERSION = 1.0;
				PRODUCT_BUNDLE_IDENTIFIER = com.karen.Pidget;
				PRODUCT_NAME = "$(TARGET_NAME)";
				SUPPORTED_PLATFORMS = "iphoneos iphonesimulator";
				SUPPORTS_MACCATALYST = NO;
				SUPPORTS_MAC_DESIGNED_FOR_IPHONE_IPAD = NO;
				SUPPORTS_XR_DESIGNED_FOR_IPHONE_IPAD = NO;
				SWIFT_EMIT_LOC_STRINGS = YES;
				SWIFT_VERSION = 5.0;
				TARGETED_DEVICE_FAMILY = 1;
			};
			name = Release;
		};
		171348512BCD948300FC3CF7 /* Debug */ = {
			isa = XCBuildConfiguration;
			buildSettings = {
				ASSETCATALOG_COMPILER_GLOBAL_ACCENT_COLOR_NAME = AccentColor;
				ASSETCATALOG_COMPILER_WIDGET_BACKGROUND_COLOR_NAME = WidgetBackground;
				CODE_SIGN_STYLE = Automatic;
				CURRENT_PROJECT_VERSION = 1;
				DEVELOPMENT_TEAM = LA9F8MT28T;
				GENERATE_INFOPLIST_FILE = YES;
				INFOPLIST_FILE = PidgetWidgets/Info.plist;
				INFOPLIST_KEY_CFBundleDisplayName = PidgetWidgets;
				INFOPLIST_KEY_NSHumanReadableCopyright = "";
				IPHONEOS_DEPLOYMENT_TARGET = 17.0;
				LD_RUNPATH_SEARCH_PATHS = (
					"$(inherited)",
					"@executable_path/Frameworks",
					"@executable_path/../../Frameworks",
				);
				MARKETING_VERSION = 1.0;
				PRODUCT_BUNDLE_IDENTIFIER = com.karen.Pidget.PidgetWidgets;
				PRODUCT_NAME = "$(TARGET_NAME)";
				SKIP_INSTALL = YES;
				SUPPORTED_PLATFORMS = "iphoneos iphonesimulator";
				SUPPORTS_MACCATALYST = NO;
				SUPPORTS_MAC_DESIGNED_FOR_IPHONE_IPAD = NO;
				SUPPORTS_XR_DESIGNED_FOR_IPHONE_IPAD = NO;
				SWIFT_EMIT_LOC_STRINGS = YES;
				SWIFT_VERSION = 5.0;
				TARGETED_DEVICE_FAMILY = 1;
			};
			name = Debug;
		};
		171348522BCD948300FC3CF7 /* Release */ = {
			isa = XCBuildConfiguration;
			buildSettings = {
				ASSETCATALOG_COMPILER_GLOBAL_ACCENT_COLOR_NAME = AccentColor;
				ASSETCATALOG_COMPILER_WIDGET_BACKGROUND_COLOR_NAME = WidgetBackground;
				CODE_SIGN_STYLE = Automatic;
				CURRENT_PROJECT_VERSION = 1;
				DEVELOPMENT_TEAM = LA9F8MT28T;
				GENERATE_INFOPLIST_FILE = YES;
				INFOPLIST_FILE = PidgetWidgets/Info.plist;
				INFOPLIST_KEY_CFBundleDisplayName = PidgetWidgets;
				INFOPLIST_KEY_NSHumanReadableCopyright = "";
				IPHONEOS_DEPLOYMENT_TARGET = 17.0;
				LD_RUNPATH_SEARCH_PATHS = (
					"$(inherited)",
					"@executable_path/Frameworks",
					"@executable_path/../../Frameworks",
				);
				MARKETING_VERSION = 1.0;
				PRODUCT_BUNDLE_IDENTIFIER = com.karen.Pidget.PidgetWidgets;
				PRODUCT_NAME = "$(TARGET_NAME)";
				SKIP_INSTALL = YES;
				SUPPORTED_PLATFORMS = "iphoneos iphonesimulator";
				SUPPORTS_MACCATALYST = NO;
				SUPPORTS_MAC_DESIGNED_FOR_IPHONE_IPAD = NO;
				SUPPORTS_XR_DESIGNED_FOR_IPHONE_IPAD = NO;
				SWIFT_EMIT_LOC_STRINGS = YES;
				SWIFT_VERSION = 5.0;
				TARGETED_DEVICE_FAMILY = 1;
			};
			name = Release;
		};
/* End XCBuildConfiguration section */

/* Begin XCConfigurationList section */
		171348212BCD943C00FC3CF7 /* Build configuration list for PBXProject "Pidget" */ = {
			isa = XCConfigurationList;
			buildConfigurations = (
				171348322BCD943E00FC3CF7 /* Debug */,
				171348332BCD943E00FC3CF7 /* Release */,
			);
			defaultConfigurationIsVisible = 0;
			defaultConfigurationName = Release;
		};
		171348342BCD943E00FC3CF7 /* Build configuration list for PBXNativeTarget "Pidget" */ = {
			isa = XCConfigurationList;
			buildConfigurations = (
				171348352BCD943E00FC3CF7 /* Debug */,
				171348362BCD943E00FC3CF7 /* Release */,
			);
			defaultConfigurationIsVisible = 0;
			defaultConfigurationName = Release;
		};
		171348502BCD948300FC3CF7 /* Build configuration list for PBXNativeTarget "PidgetWidgetsExtension" */ = {
			isa = XCConfigurationList;
			buildConfigurations = (
				171348512BCD948300FC3CF7 /* Debug */,
				171348522BCD948300FC3CF7 /* Release */,
			);
			defaultConfigurationIsVisible = 0;
			defaultConfigurationName = Release;
		};
/* End XCConfigurationList section */
	};
	rootObject = 1713481E2BCD943C00FC3CF7 /* Project object */;
}
