// !$*UTF8*$!
{
	archiveVersion = 1;
	classes = {
	};
	objectVersion = 56;
	objects = {

/* Begin PBXBuildFile section */
		172A3EC02B62C021001690AE /* AppDelegate.swift in Sources */ = {isa = PBXBuildFile; fileRef = 172A3EBF2B62C021001690AE /* AppDelegate.swift */; };
		172A3EC22B62D439001690AE /* AudioViewModel.swift in Sources */ = {isa = PBXBuildFile; fileRef = 172A3EC12B62D439001690AE /* AudioViewModel.swift */; };
		172A3EC62B62D4A9001690AE /* notification-friend-online.mp3 in Resources */ = {isa = PBXBuildFile; fileRef = 172A3EC32B62D4A8001690AE /* notification-friend-online.mp3 */; };
		172A3EC72B62D4A9001690AE /* Notification-wake-up.mp3 in Resources */ = {isa = PBXBuildFile; fileRef = 172A3EC42B62D4A8001690AE /* Notification-wake-up.mp3 */; };
		172A3EC82B62D4A9001690AE /* Portal.mp3 in Resources */ = {isa = PBXBuildFile; fileRef = 172A3EC52B62D4A8001690AE /* Portal.mp3 */; };
		1765368C2B5BC4C300517AEA /* ClockView.swift in Sources */ = {isa = PBXBuildFile; fileRef = 1765368B2B5BC4C300517AEA /* ClockView.swift */; };
		1765368E2B5BC86200517AEA /* Helper.swift in Sources */ = {isa = PBXBuildFile; fileRef = 1765368D2B5BC86200517AEA /* Helper.swift */; };
		176536922B5BFF7900517AEA /* SoundViewModel.swift in Sources */ = {isa = PBXBuildFile; fileRef = 176536912B5BFF7900517AEA /* SoundViewModel.swift */; };
		176536942B5C047800517AEA /* ClockViewModel.swift in Sources */ = {isa = PBXBuildFile; fileRef = 176536932B5C047800517AEA /* ClockViewModel.swift */; };
		17BD37192B68DE6E00CEB7BA /* ClockView + Ext.swift in Sources */ = {isa = PBXBuildFile; fileRef = 17BD37182B68DE6E00CEB7BA /* ClockView + Ext.swift */; };
		17BD371B2B68E0C200CEB7BA /* TimerView + Ext.swift in Sources */ = {isa = PBXBuildFile; fileRef = 17BD371A2B68E0C200CEB7BA /* TimerView + Ext.swift */; };
		17E927502B5AE0C0000BA1F2 /* Tomato_TimerApp.swift in Sources */ = {isa = PBXBuildFile; fileRef = 17E9274F2B5AE0C0000BA1F2 /* Tomato_TimerApp.swift */; };
		17E927522B5AE0C0000BA1F2 /* ContentView.swift in Sources */ = {isa = PBXBuildFile; fileRef = 17E927512B5AE0C0000BA1F2 /* ContentView.swift */; };
		17E927542B5AE0C2000BA1F2 /* Assets.xcassets in Resources */ = {isa = PBXBuildFile; fileRef = 17E927532B5AE0C2000BA1F2 /* Assets.xcassets */; };
		17E927572B5AE0C2000BA1F2 /* Preview Assets.xcassets in Resources */ = {isa = PBXBuildFile; fileRef = 17E927562B5AE0C2000BA1F2 /* Preview Assets.xcassets */; };
		17E9275E2B5AE104000BA1F2 /* TimerView.swift in Sources */ = {isa = PBXBuildFile; fileRef = 17E9275D2B5AE104000BA1F2 /* TimerView.swift */; };
		17FB029F2B6FC04400672EA7 /* Launch Screen.storyboard in Resources */ = {isa = PBXBuildFile; fileRef = 17FB029E2B6FC04400672EA7 /* Launch Screen.storyboard */; };
/* End PBXBuildFile section */

/* Begin PBXFileReference section */
		172A3EBF2B62C021001690AE /* AppDelegate.swift */ = {isa = PBXFileReference; lastKnownFileType = sourcecode.swift; path = AppDelegate.swift; sourceTree = "<group>"; };
		172A3EC12B62D439001690AE /* AudioViewModel.swift */ = {isa = PBXFileReference; lastKnownFileType = sourcecode.swift; path = AudioViewModel.swift; sourceTree = "<group>"; };
		172A3EC32B62D4A8001690AE /* notification-friend-online.mp3 */ = {isa = PBXFileReference; lastKnownFileType = audio.mp3; path = "notification-friend-online.mp3"; sourceTree = "<group>"; };
		172A3EC42B62D4A8001690AE /* Notification-wake-up.mp3 */ = {isa = PBXFileReference; lastKnownFileType = audio.mp3; path = "Notification-wake-up.mp3"; sourceTree = "<group>"; };
		172A3EC52B62D4A8001690AE /* Portal.mp3 */ = {isa = PBXFileReference; lastKnownFileType = audio.mp3; path = Portal.mp3; sourceTree = "<group>"; };
		1765368B2B5BC4C300517AEA /* ClockView.swift */ = {isa = PBXFileReference; lastKnownFileType = sourcecode.swift; path = ClockView.swift; sourceTree = "<group>"; };
		1765368D2B5BC86200517AEA /* Helper.swift */ = {isa = PBXFileReference; lastKnownFileType = sourcecode.swift; path = Helper.swift; sourceTree = "<group>"; };
		176536912B5BFF7900517AEA /* SoundViewModel.swift */ = {isa = PBXFileReference; lastKnownFileType = sourcecode.swift; path = SoundViewModel.swift; sourceTree = "<group>"; };
		176536932B5C047800517AEA /* ClockViewModel.swift */ = {isa = PBXFileReference; lastKnownFileType = sourcecode.swift; path = ClockViewModel.swift; sourceTree = "<group>"; };
		17BD37182B68DE6E00CEB7BA /* ClockView + Ext.swift */ = {isa = PBXFileReference; lastKnownFileType = sourcecode.swift; path = "ClockView + Ext.swift"; sourceTree = "<group>"; };
		17BD371A2B68E0C200CEB7BA /* TimerView + Ext.swift */ = {isa = PBXFileReference; lastKnownFileType = sourcecode.swift; path = "TimerView + Ext.swift"; sourceTree = "<group>"; };
		17E9274C2B5AE0C0000BA1F2 /* Tomato Timer.app */ = {isa = PBXFileReference; explicitFileType = wrapper.application; includeInIndex = 0; path = "Tomato Timer.app"; sourceTree = BUILT_PRODUCTS_DIR; };
		17E9274F2B5AE0C0000BA1F2 /* Tomato_TimerApp.swift */ = {isa = PBXFileReference; lastKnownFileType = sourcecode.swift; path = Tomato_TimerApp.swift; sourceTree = "<group>"; };
		17E927512B5AE0C0000BA1F2 /* ContentView.swift */ = {isa = PBXFileReference; lastKnownFileType = sourcecode.swift; path = ContentView.swift; sourceTree = "<group>"; };
		17E927532B5AE0C2000BA1F2 /* Assets.xcassets */ = {isa = PBXFileReference; lastKnownFileType = folder.assetcatalog; path = Assets.xcassets; sourceTree = "<group>"; };
		17E927562B5AE0C2000BA1F2 /* Preview Assets.xcassets */ = {isa = PBXFileReference; lastKnownFileType = folder.assetcatalog; path = "Preview Assets.xcassets"; sourceTree = "<group>"; };
		17E9275D2B5AE104000BA1F2 /* TimerView.swift */ = {isa = PBXFileReference; lastKnownFileType = sourcecode.swift; path = TimerView.swift; sourceTree = "<group>"; };
		17FB029E2B6FC04400672EA7 /* Launch Screen.storyboard */ = {isa = PBXFileReference; lastKnownFileType = file.storyboard; path = "Launch Screen.storyboard"; sourceTree = "<group>"; };
/* End PBXFileReference section */

/* Begin PBXFrameworksBuildPhase section */
		17E927492B5AE0C0000BA1F2 /* Frameworks */ = {
			isa = PBXFrameworksBuildPhase;
			buildActionMask = 2147483647;
			files = (
			);
			runOnlyForDeploymentPostprocessing = 0;
		};
/* End PBXFrameworksBuildPhase section */

/* Begin PBXGroup section */
		170F7F672B61620E002F3912 /* Helpers */ = {
			isa = PBXGroup;
			children = (
				172A3EC92B62D9FF001690AE /* Sounds */,
				1765368D2B5BC86200517AEA /* Helper.swift */,
			);
			path = Helpers;
			sourceTree = "<group>";
		};
		172A3EC92B62D9FF001690AE /* Sounds */ = {
			isa = PBXGroup;
			children = (
				172A3EC32B62D4A8001690AE /* notification-friend-online.mp3 */,
				172A3EC42B62D4A8001690AE /* Notification-wake-up.mp3 */,
				172A3EC52B62D4A8001690AE /* Portal.mp3 */,
			);
			path = Sounds;
			sourceTree = "<group>";
		};
		178168A32B5D00950081A3E2 /* Model */ = {
			isa = PBXGroup;
			children = (
				176536932B5C047800517AEA /* ClockViewModel.swift */,
				176536912B5BFF7900517AEA /* SoundViewModel.swift */,
				172A3EC12B62D439001690AE /* AudioViewModel.swift */,
			);
			path = Model;
			sourceTree = "<group>";
		};
		178168A42B5D00A80081A3E2 /* View */ = {
			isa = PBXGroup;
			children = (
				17E927512B5AE0C0000BA1F2 /* ContentView.swift */,
				17E9275D2B5AE104000BA1F2 /* TimerView.swift */,
				1765368B2B5BC4C300517AEA /* ClockView.swift */,
				17BD371C2B68E23200CEB7BA /* Extention */,
				17FB029E2B6FC04400672EA7 /* Launch Screen.storyboard */,
			);
			path = View;
			sourceTree = "<group>";
		};
		17BD371C2B68E23200CEB7BA /* Extention */ = {
			isa = PBXGroup;
			children = (
				17BD371A2B68E0C200CEB7BA /* TimerView + Ext.swift */,
				17BD37182B68DE6E00CEB7BA /* ClockView + Ext.swift */,
			);
			path = Extention;
			sourceTree = "<group>";
		};
		17E927432B5AE0C0000BA1F2 = {
			isa = PBXGroup;
			children = (
				17E9274E2B5AE0C0000BA1F2 /* Tomato Timer */,
				17E9274D2B5AE0C0000BA1F2 /* Products */,
			);
			sourceTree = "<group>";
		};
		17E9274D2B5AE0C0000BA1F2 /* Products */ = {
			isa = PBXGroup;
			children = (
				17E9274C2B5AE0C0000BA1F2 /* Tomato Timer.app */,
			);
			name = Products;
			sourceTree = "<group>";
		};
		17E9274E2B5AE0C0000BA1F2 /* Tomato Timer */ = {
			isa = PBXGroup;
			children = (
				172A3EBF2B62C021001690AE /* AppDelegate.swift */,
				17E9274F2B5AE0C0000BA1F2 /* Tomato_TimerApp.swift */,
				170F7F672B61620E002F3912 /* Helpers */,
				178168A42B5D00A80081A3E2 /* View */,
				178168A32B5D00950081A3E2 /* Model */,
				17E927532B5AE0C2000BA1F2 /* Assets.xcassets */,
				17E927552B5AE0C2000BA1F2 /* Preview Content */,
			);
			path = "Tomato Timer";
			sourceTree = "<group>";
		};
		17E927552B5AE0C2000BA1F2 /* Preview Content */ = {
			isa = PBXGroup;
			children = (
				17E927562B5AE0C2000BA1F2 /* Preview Assets.xcassets */,
			);
			path = "Preview Content";
			sourceTree = "<group>";
		};
/* End PBXGroup section */

/* Begin PBXNativeTarget section */
		17E9274B2B5AE0C0000BA1F2 /* Tomato Timer */ = {
			isa = PBXNativeTarget;
			buildConfigurationList = 17E9275A2B5AE0C2000BA1F2 /* Build configuration list for PBXNativeTarget "Tomato Timer" */;
			buildPhases = (
				17E927482B5AE0C0000BA1F2 /* Sources */,
				17E927492B5AE0C0000BA1F2 /* Frameworks */,
				17E9274A2B5AE0C0000BA1F2 /* Resources */,
			);
			buildRules = (
			);
			dependencies = (
			);
			name = "Tomato Timer";
			productName = "Tomato Timer";
			productReference = 17E9274C2B5AE0C0000BA1F2 /* Tomato Timer.app */;
			productType = "com.apple.product-type.application";
		};
/* End PBXNativeTarget section */

/* Begin PBXProject section */
		17E927442B5AE0C0000BA1F2 /* Project object */ = {
			isa = PBXProject;
			attributes = {
				BuildIndependentTargetsInParallel = 1;
				LastSwiftUpdateCheck = 1510;
				LastUpgradeCheck = 1510;
				TargetAttributes = {
					17E9274B2B5AE0C0000BA1F2 = {
						CreatedOnToolsVersion = 15.1;
					};
				};
			};
			buildConfigurationList = 17E927472B5AE0C0000BA1F2 /* Build configuration list for PBXProject "Tomato Timer" */;
			compatibilityVersion = "Xcode 14.0";
			developmentRegion = en;
			hasScannedForEncodings = 0;
			knownRegions = (
				en,
				Base,
			);
			mainGroup = 17E927432B5AE0C0000BA1F2;
			productRefGroup = 17E9274D2B5AE0C0000BA1F2 /* Products */;
			projectDirPath = "";
			projectRoot = "";
			targets = (
				17E9274B2B5AE0C0000BA1F2 /* Tomato Timer */,
			);
		};
/* End PBXProject section */

/* Begin PBXResourcesBuildPhase section */
		17E9274A2B5AE0C0000BA1F2 /* Resources */ = {
			isa = PBXResourcesBuildPhase;
			buildActionMask = 2147483647;
			files = (
				17FB029F2B6FC04400672EA7 /* Launch Screen.storyboard in Resources */,
				172A3EC72B62D4A9001690AE /* Notification-wake-up.mp3 in Resources */,
				172A3EC62B62D4A9001690AE /* notification-friend-online.mp3 in Resources */,
				17E927572B5AE0C2000BA1F2 /* Preview Assets.xcassets in Resources */,
				17E927542B5AE0C2000BA1F2 /* Assets.xcassets in Resources */,
				172A3EC82B62D4A9001690AE /* Portal.mp3 in Resources */,
			);
			runOnlyForDeploymentPostprocessing = 0;
		};
/* End PBXResourcesBuildPhase section */

/* Begin PBXSourcesBuildPhase section */
		17E927482B5AE0C0000BA1F2 /* Sources */ = {
			isa = PBXSourcesBuildPhase;
			buildActionMask = 2147483647;
			files = (
				17E9275E2B5AE104000BA1F2 /* TimerView.swift in Sources */,
				17E927522B5AE0C0000BA1F2 /* ContentView.swift in Sources */,
				172A3EC22B62D439001690AE /* AudioViewModel.swift in Sources */,
				176536922B5BFF7900517AEA /* SoundViewModel.swift in Sources */,
				1765368E2B5BC86200517AEA /* Helper.swift in Sources */,
				1765368C2B5BC4C300517AEA /* ClockView.swift in Sources */,
				17E927502B5AE0C0000BA1F2 /* Tomato_TimerApp.swift in Sources */,
				17BD371B2B68E0C200CEB7BA /* TimerView + Ext.swift in Sources */,
				17BD37192B68DE6E00CEB7BA /* ClockView + Ext.swift in Sources */,
				172A3EC02B62C021001690AE /* AppDelegate.swift in Sources */,
				176536942B5C047800517AEA /* ClockViewModel.swift in Sources */,
			);
			runOnlyForDeploymentPostprocessing = 0;
		};
/* End PBXSourcesBuildPhase section */

/* Begin XCBuildConfiguration section */
		17E927582B5AE0C2000BA1F2 /* Debug */ = {
			isa = XCBuildConfiguration;
			buildSettings = {
				ALWAYS_SEARCH_USER_PATHS = NO;
				ASSETCATALOG_COMPILER_GENERATE_SWIFT_ASSET_SYMBOL_EXTENSIONS = YES;
				CLANG_ANALYZER_NONNULL = YES;
				CLANG_ANALYZER_NUMBER_OBJECT_CONVERSION = YES_AGGRESSIVE;
				CLANG_CXX_LANGUAGE_STANDARD = "gnu++20";
				CLANG_ENABLE_MODULES = YES;
				CLANG_ENABLE_OBJC_ARC = YES;
				CLANG_ENABLE_OBJC_WEAK = YES;
				CLANG_WARN_BLOCK_CAPTURE_AUTORELEASING = YES;
				CLANG_WARN_BOOL_CONVERSION = YES;
				CLANG_WARN_COMMA = YES;
				CLANG_WARN_CONSTANT_CONVERSION = YES;
				CLANG_WARN_DEPRECATED_OBJC_IMPLEMENTATIONS = YES;
				CLANG_WARN_DIRECT_OBJC_ISA_USAGE = YES_ERROR;
				CLANG_WARN_DOCUMENTATION_COMMENTS = YES;
				CLANG_WARN_EMPTY_BODY = YES;
				CLANG_WARN_ENUM_CONVERSION = YES;
				CLANG_WARN_INFINITE_RECURSION = YES;
				CLANG_WARN_INT_CONVERSION = YES;
				CLANG_WARN_NON_LITERAL_NULL_CONVERSION = YES;
				CLANG_WARN_OBJC_IMPLICIT_RETAIN_SELF = YES;
				CLANG_WARN_OBJC_LITERAL_CONVERSION = YES;
				CLANG_WARN_OBJC_ROOT_CLASS = YES_ERROR;
				CLANG_WARN_QUOTED_INCLUDE_IN_FRAMEWORK_HEADER = YES;
				CLANG_WARN_RANGE_LOOP_ANALYSIS = YES;
				CLANG_WARN_STRICT_PROTOTYPES = YES;
				CLANG_WARN_SUSPICIOUS_MOVE = YES;
				CLANG_WARN_UNGUARDED_AVAILABILITY = YES_AGGRESSIVE;
				CLANG_WARN_UNREACHABLE_CODE = YES;
				CLANG_WARN__DUPLICATE_METHOD_MATCH = YES;
				COPY_PHASE_STRIP = NO;
				DEBUG_INFORMATION_FORMAT = dwarf;
				ENABLE_STRICT_OBJC_MSGSEND = YES;
				ENABLE_TESTABILITY = YES;
				ENABLE_USER_SCRIPT_SANDBOXING = YES;
				GCC_C_LANGUAGE_STANDARD = gnu17;
				GCC_DYNAMIC_NO_PIC = NO;
				GCC_NO_COMMON_BLOCKS = YES;
				GCC_OPTIMIZATION_LEVEL = 0;
				GCC_PREPROCESSOR_DEFINITIONS = (
					"DEBUG=1",
					"$(inherited)",
				);
				GCC_WARN_64_TO_32_BIT_CONVERSION = YES;
				GCC_WARN_ABOUT_RETURN_TYPE = YES_ERROR;
				GCC_WARN_UNDECLARED_SELECTOR = YES;
				GCC_WARN_UNINITIALIZED_AUTOS = YES_AGGRESSIVE;
				GCC_WARN_UNUSED_FUNCTION = YES;
				GCC_WARN_UNUSED_VARIABLE = YES;
				IPHONEOS_DEPLOYMENT_TARGET = 15.0;
				LOCALIZATION_PREFERS_STRING_CATALOGS = YES;
				MTL_ENABLE_DEBUG_INFO = INCLUDE_SOURCE;
				MTL_FAST_MATH = YES;
				ONLY_ACTIVE_ARCH = YES;
				SDKROOT = iphoneos;
				SWIFT_ACTIVE_COMPILATION_CONDITIONS = "DEBUG $(inherited)";
				SWIFT_OPTIMIZATION_LEVEL = "-Onone";
			};
			name = Debug;
		};
		17E927592B5AE0C2000BA1F2 /* Release */ = {
			isa = XCBuildConfiguration;
			buildSettings = {
				ALWAYS_SEARCH_USER_PATHS = NO;
				ASSETCATALOG_COMPILER_GENERATE_SWIFT_ASSET_SYMBOL_EXTENSIONS = YES;
				CLANG_ANALYZER_NONNULL = YES;
				CLANG_ANALYZER_NUMBER_OBJECT_CONVERSION = YES_AGGRESSIVE;
				CLANG_CXX_LANGUAGE_STANDARD = "gnu++20";
				CLANG_ENABLE_MODULES = YES;
				CLANG_ENABLE_OBJC_ARC = YES;
				CLANG_ENABLE_OBJC_WEAK = YES;
				CLANG_WARN_BLOCK_CAPTURE_AUTORELEASING = YES;
				CLANG_WARN_BOOL_CONVERSION = YES;
				CLANG_WARN_COMMA = YES;
				CLANG_WARN_CONSTANT_CONVERSION = YES;
				CLANG_WARN_DEPRECATED_OBJC_IMPLEMENTATIONS = YES;
				CLANG_WARN_DIRECT_OBJC_ISA_USAGE = YES_ERROR;
				CLANG_WARN_DOCUMENTATION_COMMENTS = YES;
				CLANG_WARN_EMPTY_BODY = YES;
				CLANG_WARN_ENUM_CONVERSION = YES;
				CLANG_WARN_INFINITE_RECURSION = YES;
				CLANG_WARN_INT_CONVERSION = YES;
				CLANG_WARN_NON_LITERAL_NULL_CONVERSION = YES;
				CLANG_WARN_OBJC_IMPLICIT_RETAIN_SELF = YES;
				CLANG_WARN_OBJC_LITERAL_CONVERSION = YES;
				CLANG_WARN_OBJC_ROOT_CLASS = YES_ERROR;
				CLANG_WARN_QUOTED_INCLUDE_IN_FRAMEWORK_HEADER = YES;
				CLANG_WARN_RANGE_LOOP_ANALYSIS = YES;
				CLANG_WARN_STRICT_PROTOTYPES = YES;
				CLANG_WARN_SUSPICIOUS_MOVE = YES;
				CLANG_WARN_UNGUARDED_AVAILABILITY = YES_AGGRESSIVE;
				CLANG_WARN_UNREACHABLE_CODE = YES;
				CLANG_WARN__DUPLICATE_METHOD_MATCH = YES;
				COPY_PHASE_STRIP = NO;
				DEBUG_INFORMATION_FORMAT = "dwarf-with-dsym";
				ENABLE_NS_ASSERTIONS = NO;
				ENABLE_STRICT_OBJC_MSGSEND = YES;
				ENABLE_USER_SCRIPT_SANDBOXING = YES;
				GCC_C_LANGUAGE_STANDARD = gnu17;
				GCC_NO_COMMON_BLOCKS = YES;
				GCC_WARN_64_TO_32_BIT_CONVERSION = YES;
				GCC_WARN_ABOUT_RETURN_TYPE = YES_ERROR;
				GCC_WARN_UNDECLARED_SELECTOR = YES;
				GCC_WARN_UNINITIALIZED_AUTOS = YES_AGGRESSIVE;
				GCC_WARN_UNUSED_FUNCTION = YES;
				GCC_WARN_UNUSED_VARIABLE = YES;
				IPHONEOS_DEPLOYMENT_TARGET = 15.0;
				LOCALIZATION_PREFERS_STRING_CATALOGS = YES;
				MTL_ENABLE_DEBUG_INFO = NO;
				MTL_FAST_MATH = YES;
				SDKROOT = iphoneos;
				SWIFT_COMPILATION_MODE = wholemodule;
				VALIDATE_PRODUCT = YES;
			};
			name = Release;
		};
		17E9275B2B5AE0C2000BA1F2 /* Debug */ = {
			isa = XCBuildConfiguration;
			buildSettings = {
				ASSETCATALOG_COMPILER_APPICON_NAME = AppIcon;
				ASSETCATALOG_COMPILER_GLOBAL_ACCENT_COLOR_NAME = AccentColor;
				CODE_SIGN_STYLE = Automatic;
				CURRENT_PROJECT_VERSION = 1;
				DEVELOPMENT_ASSET_PATHS = "\"Tomato Timer/Preview Content\"";
				DEVELOPMENT_TEAM = LA9F8MT28T;
				ENABLE_PREVIEWS = YES;
				GENERATE_INFOPLIST_FILE = YES;
				INFOPLIST_KEY_UIApplicationSceneManifest_Generation = YES;
				INFOPLIST_KEY_UIApplicationSupportsIndirectInputEvents = YES;
				INFOPLIST_KEY_UILaunchScreen_Generation = YES;
				INFOPLIST_KEY_UISupportedInterfaceOrientations_iPad = "UIInterfaceOrientationPortrait UIInterfaceOrientationPortraitUpsideDown UIInterfaceOrientationLandscapeLeft UIInterfaceOrientationLandscapeRight";
				INFOPLIST_KEY_UISupportedInterfaceOrientations_iPhone = "UIInterfaceOrientationPortrait UIInterfaceOrientationLandscapeLeft UIInterfaceOrientationLandscapeRight";
				IPHONEOS_DEPLOYMENT_TARGET = 15.0;
				LD_RUNPATH_SEARCH_PATHS = (
					"$(inherited)",
					"@executable_path/Frameworks",
				);
				MARKETING_VERSION = 1.0;
				PRODUCT_BUNDLE_IDENTIFIER = "com.karen.Tomato-Timer";
				PRODUCT_NAME = "$(TARGET_NAME)";
				SUPPORTED_PLATFORMS = "iphoneos iphonesimulator";
				SUPPORTS_MACCATALYST = NO;
				SUPPORTS_MAC_DESIGNED_FOR_IPHONE_IPAD = NO;
				SUPPORTS_XR_DESIGNED_FOR_IPHONE_IPAD = NO;
				SWIFT_EMIT_LOC_STRINGS = YES;
				SWIFT_VERSION = 5.0;
				TARGETED_DEVICE_FAMILY = 1;
			};
			name = Debug;
		};
		17E9275C2B5AE0C2000BA1F2 /* Release */ = {
			isa = XCBuildConfiguration;
			buildSettings = {
				ASSETCATALOG_COMPILER_APPICON_NAME = AppIcon;
				ASSETCATALOG_COMPILER_GLOBAL_ACCENT_COLOR_NAME = AccentColor;
				CODE_SIGN_STYLE = Automatic;
				CURRENT_PROJECT_VERSION = 1;
				DEVELOPMENT_ASSET_PATHS = "\"Tomato Timer/Preview Content\"";
				DEVELOPMENT_TEAM = LA9F8MT28T;
				ENABLE_PREVIEWS = YES;
				GENERATE_INFOPLIST_FILE = YES;
				INFOPLIST_KEY_UIApplicationSceneManifest_Generation = YES;
				INFOPLIST_KEY_UIApplicationSupportsIndirectInputEvents = YES;
				INFOPLIST_KEY_UILaunchScreen_Generation = YES;
				INFOPLIST_KEY_UISupportedInterfaceOrientations_iPad = "UIInterfaceOrientationPortrait UIInterfaceOrientationPortraitUpsideDown UIInterfaceOrientationLandscapeLeft UIInterfaceOrientationLandscapeRight";
				INFOPLIST_KEY_UISupportedInterfaceOrientations_iPhone = "UIInterfaceOrientationPortrait UIInterfaceOrientationLandscapeLeft UIInterfaceOrientationLandscapeRight";
				IPHONEOS_DEPLOYMENT_TARGET = 15.0;
				LD_RUNPATH_SEARCH_PATHS = (
					"$(inherited)",
					"@executable_path/Frameworks",
				);
				MARKETING_VERSION = 1.0;
				PRODUCT_BUNDLE_IDENTIFIER = "com.karen.Tomato-Timer";
				PRODUCT_NAME = "$(TARGET_NAME)";
				SUPPORTED_PLATFORMS = "iphoneos iphonesimulator";
				SUPPORTS_MACCATALYST = NO;
				SUPPORTS_MAC_DESIGNED_FOR_IPHONE_IPAD = NO;
				SUPPORTS_XR_DESIGNED_FOR_IPHONE_IPAD = NO;
				SWIFT_EMIT_LOC_STRINGS = YES;
				SWIFT_VERSION = 5.0;
				TARGETED_DEVICE_FAMILY = 1;
			};
			name = Release;
		};
/* End XCBuildConfiguration section */

/* Begin XCConfigurationList section */
		17E927472B5AE0C0000BA1F2 /* Build configuration list for PBXProject "Tomato Timer" */ = {
			isa = XCConfigurationList;
			buildConfigurations = (
				17E927582B5AE0C2000BA1F2 /* Debug */,
				17E927592B5AE0C2000BA1F2 /* Release */,
			);
			defaultConfigurationIsVisible = 0;
			defaultConfigurationName = Release;
		};
		17E9275A2B5AE0C2000BA1F2 /* Build configuration list for PBXNativeTarget "Tomato Timer" */ = {
			isa = XCConfigurationList;
			buildConfigurations = (
				17E9275B2B5AE0C2000BA1F2 /* Debug */,
				17E9275C2B5AE0C2000BA1F2 /* Release */,
			);
			defaultConfigurationIsVisible = 0;
			defaultConfigurationName = Release;
		};
/* End XCConfigurationList section */
	};
	rootObject = 17E927442B5AE0C0000BA1F2 /* Project object */;
}
