// !$*UTF8*$!
{
	archiveVersion = 1;
	classes = {
	};
	objectVersion = 56;
	objects = {

/* Begin PBXBuildFile section */
		170074BD2BE29FC2005A5DF7 /* ScrollViewCustom.swift in Sources */ = {isa = PBXBuildFile; fileRef = 170074BC2BE29FC2005A5DF7 /* ScrollViewCustom.swift */; };
		170074BF2BE2B745005A5DF7 /* ConfigureCustomTableViewPDVC + Ext.swift in Sources */ = {isa = PBXBuildFile; fileRef = 170074BE2BE2B745005A5DF7 /* ConfigureCustomTableViewPDVC + Ext.swift */; };
		170074C12BE2B8C0005A5DF7 /* ProductDetailsCell.swift in Sources */ = {isa = PBXBuildFile; fileRef = 170074C02BE2B8C0005A5DF7 /* ProductDetailsCell.swift */; };
		171149B82BD9058000F5DECF /* ProductList.swift in Sources */ = {isa = PBXBuildFile; fileRef = 171149B72BD9058000F5DECF /* ProductList.swift */; };
		171149BB2BD954CC00F5DECF /* ListOfProductsVC.swift in Sources */ = {isa = PBXBuildFile; fileRef = 171149BA2BD954CC00F5DECF /* ListOfProductsVC.swift */; };
		171149BD2BD9571600F5DECF /* ConfigureViewLPVC + Ext.swift in Sources */ = {isa = PBXBuildFile; fileRef = 171149BC2BD9571600F5DECF /* ConfigureViewLPVC + Ext.swift */; };
		171149BF2BD9573100F5DECF /* AddViewLPVC + Ext.swift in Sources */ = {isa = PBXBuildFile; fileRef = 171149BE2BD9573100F5DECF /* AddViewLPVC + Ext.swift */; };
		171149C12BD9574200F5DECF /* LayoutViewLPVC + Ext.swift in Sources */ = {isa = PBXBuildFile; fileRef = 171149C02BD9574200F5DECF /* LayoutViewLPVC + Ext.swift */; };
		171149C32BD9576700F5DECF /* ConfigureCustomTableViewLPVC + Ext.swift in Sources */ = {isa = PBXBuildFile; fileRef = 171149C22BD9576700F5DECF /* ConfigureCustomTableViewLPVC + Ext.swift */; };
		171149C52BD95DB100F5DECF /* ListOfProductsCell.swift in Sources */ = {isa = PBXBuildFile; fileRef = 171149C42BD95DB100F5DECF /* ListOfProductsCell.swift */; };
		1713481C2BCC3CBB00FC3CF7 /* myApi.swift in Sources */ = {isa = PBXBuildFile; fileRef = 1713481B2BCC3CBB00FC3CF7 /* myApi.swift */; };
		1781EB4A2C1E0E0700DDDB9A /* Realm in Frameworks */ = {isa = PBXBuildFile; productRef = 1781EB492C1E0E0700DDDB9A /* Realm */; };
		1781EB4C2C1E0E0700DDDB9A /* RealmSwift in Frameworks */ = {isa = PBXBuildFile; productRef = 1781EB4B2C1E0E0700DDDB9A /* RealmSwift */; };
		1787BD632BE2777E00F8BC7F /* ProductDetailsVC.swift in Sources */ = {isa = PBXBuildFile; fileRef = 1787BD622BE2777E00F8BC7F /* ProductDetailsVC.swift */; };
		1787BD652BE277CC00F8BC7F /* ConfigureViewPDVC + Ext.swift in Sources */ = {isa = PBXBuildFile; fileRef = 1787BD642BE277CC00F8BC7F /* ConfigureViewPDVC + Ext.swift */; };
		1787BD672BE277D900F8BC7F /* AddViewPDVC + Ext.swift in Sources */ = {isa = PBXBuildFile; fileRef = 1787BD662BE277D900F8BC7F /* AddViewPDVC + Ext.swift */; };
		1787BD692BE277E900F8BC7F /* LayoutViewPDVC + Ext.swift in Sources */ = {isa = PBXBuildFile; fileRef = 1787BD682BE277E900F8BC7F /* LayoutViewPDVC + Ext.swift */; };
		178DC74D2BB83E4500FEDE69 /* AppDelegate.swift in Sources */ = {isa = PBXBuildFile; fileRef = 178DC74C2BB83E4500FEDE69 /* AppDelegate.swift */; };
		178DC74F2BB83E4500FEDE69 /* SceneDelegate.swift in Sources */ = {isa = PBXBuildFile; fileRef = 178DC74E2BB83E4500FEDE69 /* SceneDelegate.swift */; };
		178DC7512BB83E4500FEDE69 /* ScanVC.swift in Sources */ = {isa = PBXBuildFile; fileRef = 178DC7502BB83E4500FEDE69 /* ScanVC.swift */; };
		178DC7562BB83E4700FEDE69 /* Assets.xcassets in Resources */ = {isa = PBXBuildFile; fileRef = 178DC7552BB83E4700FEDE69 /* Assets.xcassets */; };
		178DC7592BB83E4700FEDE69 /* LaunchScreen.storyboard in Resources */ = {isa = PBXBuildFile; fileRef = 178DC7572BB83E4700FEDE69 /* LaunchScreen.storyboard */; };
		178DC7662BB8860900FEDE69 /* LabelViewCustom.swift in Sources */ = {isa = PBXBuildFile; fileRef = 178DC7652BB8860900FEDE69 /* LabelViewCustom.swift */; };
		178DC76A2BB8882700FEDE69 /* LayoutViewSVC + Ext.swift in Sources */ = {isa = PBXBuildFile; fileRef = 178DC7692BB8882700FEDE69 /* LayoutViewSVC + Ext.swift */; };
		178DC76C2BB8890F00FEDE69 /* ConfigureLabelSVC + Ext.swift in Sources */ = {isa = PBXBuildFile; fileRef = 178DC76B2BB8890F00FEDE69 /* ConfigureLabelSVC + Ext.swift */; };
		178DC76E2BB889D800FEDE69 /* BaseViewController.swift in Sources */ = {isa = PBXBuildFile; fileRef = 178DC76D2BB889D800FEDE69 /* BaseViewController.swift */; };
		178DC7702BB88CC100FEDE69 /* AddViewSVC + Ext.swift in Sources */ = {isa = PBXBuildFile; fileRef = 178DC76F2BB88CC100FEDE69 /* AddViewSVC + Ext.swift */; };
		178DC7722BB88DE900FEDE69 /* ConfigureViewSVC + Ext.swift in Sources */ = {isa = PBXBuildFile; fileRef = 178DC7712BB88DE900FEDE69 /* ConfigureViewSVC + Ext.swift */; };
		178DC7752BB8904D00FEDE69 /* SwiftSoup in Frameworks */ = {isa = PBXBuildFile; productRef = 178DC7742BB8904D00FEDE69 /* SwiftSoup */; };
		178DC7772BB9833F00FEDE69 /* ImageViewCustom.swift in Sources */ = {isa = PBXBuildFile; fileRef = 178DC7762BB9833F00FEDE69 /* ImageViewCustom.swift */; };
		178DC7792BB9844300FEDE69 /* ConfigureImageSVC + Ext.swift in Sources */ = {isa = PBXBuildFile; fileRef = 178DC7782BB9844300FEDE69 /* ConfigureImageSVC + Ext.swift */; };
		178DC77E2BB9AB0D00FEDE69 /* NetworkManager.swift in Sources */ = {isa = PBXBuildFile; fileRef = 178DC77D2BB9AB0D00FEDE69 /* NetworkManager.swift */; };
		178DC7802BB9AB1700FEDE69 /* HTMLParser.swift in Sources */ = {isa = PBXBuildFile; fileRef = 178DC77F2BB9AB1700FEDE69 /* HTMLParser.swift */; };
		178DC7822BB9AFAF00FEDE69 /* Products.swift in Sources */ = {isa = PBXBuildFile; fileRef = 178DC7812BB9AFAF00FEDE69 /* Products.swift */; };
		178DC7862BB9E23400FEDE69 /* TabBarController.swift in Sources */ = {isa = PBXBuildFile; fileRef = 178DC7852BB9E23400FEDE69 /* TabBarController.swift */; };
		178DC7882BB9E38D00FEDE69 /* NavBarController.swift in Sources */ = {isa = PBXBuildFile; fileRef = 178DC7872BB9E38D00FEDE69 /* NavBarController.swift */; };
		178DC78B2BB9E45100FEDE69 /* Helper.swift in Sources */ = {isa = PBXBuildFile; fileRef = 178DC78A2BB9E45100FEDE69 /* Helper.swift */; };
		178DC7902BB9E5D000FEDE69 /* FilesVC.swift in Sources */ = {isa = PBXBuildFile; fileRef = 178DC78F2BB9E5D000FEDE69 /* FilesVC.swift */; };
		178DC7932BB9F16000FEDE69 /* CustomTableView.swift in Sources */ = {isa = PBXBuildFile; fileRef = 178DC7922BB9F16000FEDE69 /* CustomTableView.swift */; };
		178DC7952BB9F2A000FEDE69 /* ScanTableViewCell.swift in Sources */ = {isa = PBXBuildFile; fileRef = 178DC7942BB9F2A000FEDE69 /* ScanTableViewCell.swift */; };
		178DC7972BB9F51A00FEDE69 /* ConfigureCustomTableViewSVC + Ext.swift in Sources */ = {isa = PBXBuildFile; fileRef = 178DC7962BB9F51A00FEDE69 /* ConfigureCustomTableViewSVC + Ext.swift */; };
		178DC7992BBDC5A000FEDE69 /* ButtonViewCustom.swift in Sources */ = {isa = PBXBuildFile; fileRef = 178DC7982BBDC5A000FEDE69 /* ButtonViewCustom.swift */; };
		178DC79E2BBDCC1000FEDE69 /* ConfigureButtonSVC + Ext.swift in Sources */ = {isa = PBXBuildFile; fileRef = 178DC79D2BBDCC1000FEDE69 /* ConfigureButtonSVC + Ext.swift */; };
		178DC7A02BBDD11000FEDE69 /* ConfigureViewFVC + Ext.swift in Sources */ = {isa = PBXBuildFile; fileRef = 178DC79F2BBDD11000FEDE69 /* ConfigureViewFVC + Ext.swift */; };
		178DC7A22BBDD1B400FEDE69 /* AddViewFVC + Ext.swift in Sources */ = {isa = PBXBuildFile; fileRef = 178DC7A12BBDD1B400FEDE69 /* AddViewFVC + Ext.swift */; };
		178DC7A42BBDD28200FEDE69 /* LayoutViewFVC + Ext.swift in Sources */ = {isa = PBXBuildFile; fileRef = 178DC7A32BBDD28200FEDE69 /* LayoutViewFVC + Ext.swift */; };
		178DC7A62BBDD2EF00FEDE69 /* ConfigureCustomTableViewFVC + Ext.swift in Sources */ = {isa = PBXBuildFile; fileRef = 178DC7A52BBDD2EF00FEDE69 /* ConfigureCustomTableViewFVC + Ext.swift */; };
		178DC7AA2BBDD3AA00FEDE69 /* FilesTableViewCell.swift in Sources */ = {isa = PBXBuildFile; fileRef = 178DC7A92BBDD3AA00FEDE69 /* FilesTableViewCell.swift */; };
		178DC7B62BC304F600FEDE69 /* ViewCustom.swift in Sources */ = {isa = PBXBuildFile; fileRef = 178DC7B52BC304F600FEDE69 /* ViewCustom.swift */; };
		178DC7B82BC309A000FEDE69 /* ConfigureViewCustomSVC + Ext.swift in Sources */ = {isa = PBXBuildFile; fileRef = 178DC7B72BC309A000FEDE69 /* ConfigureViewCustomSVC + Ext.swift */; };
		178DC7BA2BC4501100FEDE69 /* ViewStackCustom.swift in Sources */ = {isa = PBXBuildFile; fileRef = 178DC7B92BC4501100FEDE69 /* ViewStackCustom.swift */; };
		178DC7BC2BC4518C00FEDE69 /* ConfigureStackViewSVC + Ext.swift in Sources */ = {isa = PBXBuildFile; fileRef = 178DC7BB2BC4518C00FEDE69 /* ConfigureStackViewSVC + Ext.swift */; };
		179985482BE5478200C34D33 /* ProductDetailsCellHeader.swift in Sources */ = {isa = PBXBuildFile; fileRef = 179985472BE5478200C34D33 /* ProductDetailsCellHeader.swift */; };
		179B54392BDE8E2B0087D8F2 /* DataManager.swift in Sources */ = {isa = PBXBuildFile; fileRef = 179B54382BDE8E2B0087D8F2 /* DataManager.swift */; };
		179B543B2BE001B70087D8F2 /* ScannedProducts.swift in Sources */ = {isa = PBXBuildFile; fileRef = 179B543A2BE001B70087D8F2 /* ScannedProducts.swift */; };
/* End PBXBuildFile section */

/* Begin PBXFileReference section */
		170074BC2BE29FC2005A5DF7 /* ScrollViewCustom.swift */ = {isa = PBXFileReference; lastKnownFileType = sourcecode.swift; path = ScrollViewCustom.swift; sourceTree = "<group>"; };
		170074BE2BE2B745005A5DF7 /* ConfigureCustomTableViewPDVC + Ext.swift */ = {isa = PBXFileReference; lastKnownFileType = sourcecode.swift; path = "ConfigureCustomTableViewPDVC + Ext.swift"; sourceTree = "<group>"; };
		170074C02BE2B8C0005A5DF7 /* ProductDetailsCell.swift */ = {isa = PBXFileReference; lastKnownFileType = sourcecode.swift; path = ProductDetailsCell.swift; sourceTree = "<group>"; };
		171149B72BD9058000F5DECF /* ProductList.swift */ = {isa = PBXFileReference; lastKnownFileType = sourcecode.swift; path = ProductList.swift; sourceTree = "<group>"; };
		171149BA2BD954CC00F5DECF /* ListOfProductsVC.swift */ = {isa = PBXFileReference; lastKnownFileType = sourcecode.swift; path = ListOfProductsVC.swift; sourceTree = "<group>"; };
		171149BC2BD9571600F5DECF /* ConfigureViewLPVC + Ext.swift */ = {isa = PBXFileReference; lastKnownFileType = sourcecode.swift; path = "ConfigureViewLPVC + Ext.swift"; sourceTree = "<group>"; };
		171149BE2BD9573100F5DECF /* AddViewLPVC + Ext.swift */ = {isa = PBXFileReference; lastKnownFileType = sourcecode.swift; path = "AddViewLPVC + Ext.swift"; sourceTree = "<group>"; };
		171149C02BD9574200F5DECF /* LayoutViewLPVC + Ext.swift */ = {isa = PBXFileReference; lastKnownFileType = sourcecode.swift; path = "LayoutViewLPVC + Ext.swift"; sourceTree = "<group>"; };
		171149C22BD9576700F5DECF /* ConfigureCustomTableViewLPVC + Ext.swift */ = {isa = PBXFileReference; lastKnownFileType = sourcecode.swift; path = "ConfigureCustomTableViewLPVC + Ext.swift"; sourceTree = "<group>"; };
		171149C42BD95DB100F5DECF /* ListOfProductsCell.swift */ = {isa = PBXFileReference; lastKnownFileType = sourcecode.swift; path = ListOfProductsCell.swift; sourceTree = "<group>"; };
		1713481B2BCC3CBB00FC3CF7 /* myApi.swift */ = {isa = PBXFileReference; lastKnownFileType = sourcecode.swift; path = myApi.swift; sourceTree = "<group>"; };
		1787BD622BE2777E00F8BC7F /* ProductDetailsVC.swift */ = {isa = PBXFileReference; lastKnownFileType = sourcecode.swift; path = ProductDetailsVC.swift; sourceTree = "<group>"; };
		1787BD642BE277CC00F8BC7F /* ConfigureViewPDVC + Ext.swift */ = {isa = PBXFileReference; lastKnownFileType = sourcecode.swift; path = "ConfigureViewPDVC + Ext.swift"; sourceTree = "<group>"; };
		1787BD662BE277D900F8BC7F /* AddViewPDVC + Ext.swift */ = {isa = PBXFileReference; lastKnownFileType = sourcecode.swift; path = "AddViewPDVC + Ext.swift"; sourceTree = "<group>"; };
		1787BD682BE277E900F8BC7F /* LayoutViewPDVC + Ext.swift */ = {isa = PBXFileReference; lastKnownFileType = sourcecode.swift; path = "LayoutViewPDVC + Ext.swift"; sourceTree = "<group>"; };
		178DC7492BB83E4500FEDE69 /* LLL Scan.app */ = {isa = PBXFileReference; explicitFileType = wrapper.application; includeInIndex = 0; path = "LLL Scan.app"; sourceTree = BUILT_PRODUCTS_DIR; };
		178DC74C2BB83E4500FEDE69 /* AppDelegate.swift */ = {isa = PBXFileReference; lastKnownFileType = sourcecode.swift; path = AppDelegate.swift; sourceTree = "<group>"; };
		178DC74E2BB83E4500FEDE69 /* SceneDelegate.swift */ = {isa = PBXFileReference; lastKnownFileType = sourcecode.swift; path = SceneDelegate.swift; sourceTree = "<group>"; };
		178DC7502BB83E4500FEDE69 /* ScanVC.swift */ = {isa = PBXFileReference; lastKnownFileType = sourcecode.swift; path = ScanVC.swift; sourceTree = "<group>"; };
		178DC7552BB83E4700FEDE69 /* Assets.xcassets */ = {isa = PBXFileReference; lastKnownFileType = folder.assetcatalog; path = Assets.xcassets; sourceTree = "<group>"; };
		178DC7582BB83E4700FEDE69 /* Base */ = {isa = PBXFileReference; lastKnownFileType = file.storyboard; name = Base; path = Base.lproj/LaunchScreen.storyboard; sourceTree = "<group>"; };
		178DC75A2BB83E4700FEDE69 /* Info.plist */ = {isa = PBXFileReference; lastKnownFileType = text.plist.xml; path = Info.plist; sourceTree = "<group>"; };
		178DC7652BB8860900FEDE69 /* LabelViewCustom.swift */ = {isa = PBXFileReference; lastKnownFileType = sourcecode.swift; path = LabelViewCustom.swift; sourceTree = "<group>"; };
		178DC7692BB8882700FEDE69 /* LayoutViewSVC + Ext.swift */ = {isa = PBXFileReference; lastKnownFileType = sourcecode.swift; path = "LayoutViewSVC + Ext.swift"; sourceTree = "<group>"; };
		178DC76B2BB8890F00FEDE69 /* ConfigureLabelSVC + Ext.swift */ = {isa = PBXFileReference; lastKnownFileType = sourcecode.swift; path = "ConfigureLabelSVC + Ext.swift"; sourceTree = "<group>"; };
		178DC76D2BB889D800FEDE69 /* BaseViewController.swift */ = {isa = PBXFileReference; lastKnownFileType = sourcecode.swift; path = BaseViewController.swift; sourceTree = "<group>"; };
		178DC76F2BB88CC100FEDE69 /* AddViewSVC + Ext.swift */ = {isa = PBXFileReference; lastKnownFileType = sourcecode.swift; path = "AddViewSVC + Ext.swift"; sourceTree = "<group>"; };
		178DC7712BB88DE900FEDE69 /* ConfigureViewSVC + Ext.swift */ = {isa = PBXFileReference; lastKnownFileType = sourcecode.swift; path = "ConfigureViewSVC + Ext.swift"; sourceTree = "<group>"; };
		178DC7762BB9833F00FEDE69 /* ImageViewCustom.swift */ = {isa = PBXFileReference; lastKnownFileType = sourcecode.swift; path = ImageViewCustom.swift; sourceTree = "<group>"; };
		178DC7782BB9844300FEDE69 /* ConfigureImageSVC + Ext.swift */ = {isa = PBXFileReference; lastKnownFileType = sourcecode.swift; path = "ConfigureImageSVC + Ext.swift"; sourceTree = "<group>"; };
		178DC77D2BB9AB0D00FEDE69 /* NetworkManager.swift */ = {isa = PBXFileReference; lastKnownFileType = sourcecode.swift; path = NetworkManager.swift; sourceTree = "<group>"; };
		178DC77F2BB9AB1700FEDE69 /* HTMLParser.swift */ = {isa = PBXFileReference; lastKnownFileType = sourcecode.swift; path = HTMLParser.swift; sourceTree = "<group>"; };
		178DC7812BB9AFAF00FEDE69 /* Products.swift */ = {isa = PBXFileReference; lastKnownFileType = sourcecode.swift; path = Products.swift; sourceTree = "<group>"; };
		178DC7852BB9E23400FEDE69 /* TabBarController.swift */ = {isa = PBXFileReference; lastKnownFileType = sourcecode.swift; path = TabBarController.swift; sourceTree = "<group>"; };
		178DC7872BB9E38D00FEDE69 /* NavBarController.swift */ = {isa = PBXFileReference; lastKnownFileType = sourcecode.swift; path = NavBarController.swift; sourceTree = "<group>"; };
		178DC78A2BB9E45100FEDE69 /* Helper.swift */ = {isa = PBXFileReference; lastKnownFileType = sourcecode.swift; path = Helper.swift; sourceTree = "<group>"; };
		178DC78F2BB9E5D000FEDE69 /* FilesVC.swift */ = {isa = PBXFileReference; lastKnownFileType = sourcecode.swift; path = FilesVC.swift; sourceTree = "<group>"; };
		178DC7922BB9F16000FEDE69 /* CustomTableView.swift */ = {isa = PBXFileReference; lastKnownFileType = sourcecode.swift; path = CustomTableView.swift; sourceTree = "<group>"; };
		178DC7942BB9F2A000FEDE69 /* ScanTableViewCell.swift */ = {isa = PBXFileReference; lastKnownFileType = sourcecode.swift; path = ScanTableViewCell.swift; sourceTree = "<group>"; };
		178DC7962BB9F51A00FEDE69 /* ConfigureCustomTableViewSVC + Ext.swift */ = {isa = PBXFileReference; lastKnownFileType = sourcecode.swift; path = "ConfigureCustomTableViewSVC + Ext.swift"; sourceTree = "<group>"; };
		178DC7982BBDC5A000FEDE69 /* ButtonViewCustom.swift */ = {isa = PBXFileReference; lastKnownFileType = sourcecode.swift; path = ButtonViewCustom.swift; sourceTree = "<group>"; };
		178DC79D2BBDCC1000FEDE69 /* ConfigureButtonSVC + Ext.swift */ = {isa = PBXFileReference; lastKnownFileType = sourcecode.swift; path = "ConfigureButtonSVC + Ext.swift"; sourceTree = "<group>"; };
		178DC79F2BBDD11000FEDE69 /* ConfigureViewFVC + Ext.swift */ = {isa = PBXFileReference; lastKnownFileType = sourcecode.swift; path = "ConfigureViewFVC + Ext.swift"; sourceTree = "<group>"; };
		178DC7A12BBDD1B400FEDE69 /* AddViewFVC + Ext.swift */ = {isa = PBXFileReference; lastKnownFileType = sourcecode.swift; path = "AddViewFVC + Ext.swift"; sourceTree = "<group>"; };
		178DC7A32BBDD28200FEDE69 /* LayoutViewFVC + Ext.swift */ = {isa = PBXFileReference; lastKnownFileType = sourcecode.swift; path = "LayoutViewFVC + Ext.swift"; sourceTree = "<group>"; };
		178DC7A52BBDD2EF00FEDE69 /* ConfigureCustomTableViewFVC + Ext.swift */ = {isa = PBXFileReference; lastKnownFileType = sourcecode.swift; path = "ConfigureCustomTableViewFVC + Ext.swift"; sourceTree = "<group>"; };
		178DC7A92BBDD3AA00FEDE69 /* FilesTableViewCell.swift */ = {isa = PBXFileReference; lastKnownFileType = sourcecode.swift; path = FilesTableViewCell.swift; sourceTree = "<group>"; };
		178DC7B52BC304F600FEDE69 /* ViewCustom.swift */ = {isa = PBXFileReference; lastKnownFileType = sourcecode.swift; path = ViewCustom.swift; sourceTree = "<group>"; };
		178DC7B72BC309A000FEDE69 /* ConfigureViewCustomSVC + Ext.swift */ = {isa = PBXFileReference; lastKnownFileType = sourcecode.swift; path = "ConfigureViewCustomSVC + Ext.swift"; sourceTree = "<group>"; };
		178DC7B92BC4501100FEDE69 /* ViewStackCustom.swift */ = {isa = PBXFileReference; lastKnownFileType = sourcecode.swift; path = ViewStackCustom.swift; sourceTree = "<group>"; };
		178DC7BB2BC4518C00FEDE69 /* ConfigureStackViewSVC + Ext.swift */ = {isa = PBXFileReference; lastKnownFileType = sourcecode.swift; path = "ConfigureStackViewSVC + Ext.swift"; sourceTree = "<group>"; };
		179985472BE5478200C34D33 /* ProductDetailsCellHeader.swift */ = {isa = PBXFileReference; lastKnownFileType = sourcecode.swift; path = ProductDetailsCellHeader.swift; sourceTree = "<group>"; };
		179B54382BDE8E2B0087D8F2 /* DataManager.swift */ = {isa = PBXFileReference; lastKnownFileType = sourcecode.swift; path = DataManager.swift; sourceTree = "<group>"; };
		179B543A2BE001B70087D8F2 /* ScannedProducts.swift */ = {isa = PBXFileReference; lastKnownFileType = sourcecode.swift; path = ScannedProducts.swift; sourceTree = "<group>"; };
/* End PBXFileReference section */

/* Begin PBXFrameworksBuildPhase section */
		178DC7462BB83E4500FEDE69 /* Frameworks */ = {
			isa = PBXFrameworksBuildPhase;
			buildActionMask = 2147483647;
			files = (
				1781EB4C2C1E0E0700DDDB9A /* RealmSwift in Frameworks */,
				1781EB4A2C1E0E0700DDDB9A /* Realm in Frameworks */,
				178DC7752BB8904D00FEDE69 /* SwiftSoup in Frameworks */,
			);
			runOnlyForDeploymentPostprocessing = 0;
		};
/* End PBXFrameworksBuildPhase section */

/* Begin PBXGroup section */
		171149B92BD954A800F5DECF /* ListOfProductsViewController */ = {
			isa = PBXGroup;
			children = (
				171149BA2BD954CC00F5DECF /* ListOfProductsVC.swift */,
				171149BC2BD9571600F5DECF /* ConfigureViewLPVC + Ext.swift */,
				171149BE2BD9573100F5DECF /* AddViewLPVC + Ext.swift */,
				171149C02BD9574200F5DECF /* LayoutViewLPVC + Ext.swift */,
				171149C22BD9576700F5DECF /* ConfigureCustomTableViewLPVC + Ext.swift */,
			);
			path = ListOfProductsViewController;
			sourceTree = "<group>";
		};
		1713481A2BCC3CB000FC3CF7 /* API */ = {
			isa = PBXGroup;
			children = (
				1713481B2BCC3CBB00FC3CF7 /* myApi.swift */,
			);
			path = API;
			sourceTree = "<group>";
		};
		178DC7402BB83E4500FEDE69 = {
			isa = PBXGroup;
			children = (
				178DC74B2BB83E4500FEDE69 /* LLL Scan */,
				178DC74A2BB83E4500FEDE69 /* Products */,
			);
			sourceTree = "<group>";
		};
		178DC74A2BB83E4500FEDE69 /* Products */ = {
			isa = PBXGroup;
			children = (
				178DC7492BB83E4500FEDE69 /* LLL Scan.app */,
			);
			name = Products;
			sourceTree = "<group>";
		};
		178DC74B2BB83E4500FEDE69 /* LLL Scan */ = {
			isa = PBXGroup;
			children = (
				1713481A2BCC3CB000FC3CF7 /* API */,
				178DC7622BB840B400FEDE69 /* AppDelegates */,
				178DC7892BB9E44500FEDE69 /* Helpers */,
				178DC7832BB9B17900FEDE69 /* Networking */,
				178DC7AB2BC2ACE700FEDE69 /* App */,
				178DC7612BB8407E00FEDE69 /* Resources */,
			);
			path = "LLL Scan";
			sourceTree = "<group>";
		};
		178DC7602BB8407600FEDE69 /* View */ = {
			isa = PBXGroup;
			children = (
				178DC7912BB9F12B00FEDE69 /* CustomTableView */,
				178DC7652BB8860900FEDE69 /* LabelViewCustom.swift */,
				178DC7B52BC304F600FEDE69 /* ViewCustom.swift */,
				178DC7762BB9833F00FEDE69 /* ImageViewCustom.swift */,
				178DC7982BBDC5A000FEDE69 /* ButtonViewCustom.swift */,
				178DC7B92BC4501100FEDE69 /* ViewStackCustom.swift */,
				170074BC2BE29FC2005A5DF7 /* ScrollViewCustom.swift */,
			);
			path = View;
			sourceTree = "<group>";
		};
		178DC7612BB8407E00FEDE69 /* Resources */ = {
			isa = PBXGroup;
			children = (
				178DC7552BB83E4700FEDE69 /* Assets.xcassets */,
				178DC7572BB83E4700FEDE69 /* LaunchScreen.storyboard */,
				178DC75A2BB83E4700FEDE69 /* Info.plist */,
			);
			path = Resources;
			sourceTree = "<group>";
		};
		178DC7622BB840B400FEDE69 /* AppDelegates */ = {
			isa = PBXGroup;
			children = (
				178DC74C2BB83E4500FEDE69 /* AppDelegate.swift */,
				178DC74E2BB83E4500FEDE69 /* SceneDelegate.swift */,
			);
			path = AppDelegates;
			sourceTree = "<group>";
		};
		178DC7632BB885CC00FEDE69 /* Model */ = {
			isa = PBXGroup;
			children = (
				178DC77F2BB9AB1700FEDE69 /* HTMLParser.swift */,
				178DC7812BB9AFAF00FEDE69 /* Products.swift */,
				171149B72BD9058000F5DECF /* ProductList.swift */,
				179B543A2BE001B70087D8F2 /* ScannedProducts.swift */,
				179B54382BDE8E2B0087D8F2 /* DataManager.swift */,
			);
			path = Model;
			sourceTree = "<group>";
		};
		178DC7642BB885D200FEDE69 /* Controller */ = {
			isa = PBXGroup;
			children = (
				178DC7842BB9E21000FEDE69 /* NavigationController */,
				178DC7682BB8880600FEDE69 /* BaseController */,
				178DC7672BB887F200FEDE69 /* ScanViewController */,
				178DC78E2BB9E57D00FEDE69 /* FilesViewController */,
				171149B92BD954A800F5DECF /* ListOfProductsViewController */,
				179B543C2BE273F10087D8F2 /* ProductDetailsViewController */,
			);
			path = Controller;
			sourceTree = "<group>";
		};
		178DC7672BB887F200FEDE69 /* ScanViewController */ = {
			isa = PBXGroup;
			children = (
				178DC7502BB83E4500FEDE69 /* ScanVC.swift */,
				178DC76F2BB88CC100FEDE69 /* AddViewSVC + Ext.swift */,
				178DC7692BB8882700FEDE69 /* LayoutViewSVC + Ext.swift */,
				178DC7712BB88DE900FEDE69 /* ConfigureViewSVC + Ext.swift */,
				178DC79D2BBDCC1000FEDE69 /* ConfigureButtonSVC + Ext.swift */,
				178DC76B2BB8890F00FEDE69 /* ConfigureLabelSVC + Ext.swift */,
				178DC7782BB9844300FEDE69 /* ConfigureImageSVC + Ext.swift */,
				178DC7962BB9F51A00FEDE69 /* ConfigureCustomTableViewSVC + Ext.swift */,
				178DC7B72BC309A000FEDE69 /* ConfigureViewCustomSVC + Ext.swift */,
				178DC7BB2BC4518C00FEDE69 /* ConfigureStackViewSVC + Ext.swift */,
			);
			path = ScanViewController;
			sourceTree = "<group>";
		};
		178DC7682BB8880600FEDE69 /* BaseController */ = {
			isa = PBXGroup;
			children = (
				178DC76D2BB889D800FEDE69 /* BaseViewController.swift */,
			);
			path = BaseController;
			sourceTree = "<group>";
		};
		178DC7832BB9B17900FEDE69 /* Networking */ = {
			isa = PBXGroup;
			children = (
				178DC77D2BB9AB0D00FEDE69 /* NetworkManager.swift */,
			);
			path = Networking;
			sourceTree = "<group>";
		};
		178DC7842BB9E21000FEDE69 /* NavigationController */ = {
			isa = PBXGroup;
			children = (
				178DC7852BB9E23400FEDE69 /* TabBarController.swift */,
				178DC7872BB9E38D00FEDE69 /* NavBarController.swift */,
			);
			path = NavigationController;
			sourceTree = "<group>";
		};
		178DC7892BB9E44500FEDE69 /* Helpers */ = {
			isa = PBXGroup;
			children = (
				178DC79A2BBDC6C000FEDE69 /* Extensions */,
				178DC78A2BB9E45100FEDE69 /* Helper.swift */,
			);
			path = Helpers;
			sourceTree = "<group>";
		};
		178DC78E2BB9E57D00FEDE69 /* FilesViewController */ = {
			isa = PBXGroup;
			children = (
				178DC78F2BB9E5D000FEDE69 /* FilesVC.swift */,
				178DC79F2BBDD11000FEDE69 /* ConfigureViewFVC + Ext.swift */,
				178DC7A12BBDD1B400FEDE69 /* AddViewFVC + Ext.swift */,
				178DC7A32BBDD28200FEDE69 /* LayoutViewFVC + Ext.swift */,
				178DC7A52BBDD2EF00FEDE69 /* ConfigureCustomTableViewFVC + Ext.swift */,
			);
			path = FilesViewController;
			sourceTree = "<group>";
		};
		178DC7912BB9F12B00FEDE69 /* CustomTableView */ = {
			isa = PBXGroup;
			children = (
				178DC7922BB9F16000FEDE69 /* CustomTableView.swift */,
				178DC7942BB9F2A000FEDE69 /* ScanTableViewCell.swift */,
				178DC7A92BBDD3AA00FEDE69 /* FilesTableViewCell.swift */,
				171149C42BD95DB100F5DECF /* ListOfProductsCell.swift */,
				170074C02BE2B8C0005A5DF7 /* ProductDetailsCell.swift */,
				179985472BE5478200C34D33 /* ProductDetailsCellHeader.swift */,
			);
			path = CustomTableView;
			sourceTree = "<group>";
		};
		178DC79A2BBDC6C000FEDE69 /* Extensions */ = {
			isa = PBXGroup;
			children = (
			);
			path = Extensions;
			sourceTree = "<group>";
		};
		178DC7AB2BC2ACE700FEDE69 /* App */ = {
			isa = PBXGroup;
			children = (
				178DC7632BB885CC00FEDE69 /* Model */,
				178DC7602BB8407600FEDE69 /* View */,
				178DC7642BB885D200FEDE69 /* Controller */,
			);
			path = App;
			sourceTree = "<group>";
		};
		179B543C2BE273F10087D8F2 /* ProductDetailsViewController */ = {
			isa = PBXGroup;
			children = (
				1787BD622BE2777E00F8BC7F /* ProductDetailsVC.swift */,
				1787BD662BE277D900F8BC7F /* AddViewPDVC + Ext.swift */,
				1787BD682BE277E900F8BC7F /* LayoutViewPDVC + Ext.swift */,
				1787BD642BE277CC00F8BC7F /* ConfigureViewPDVC + Ext.swift */,
				170074BE2BE2B745005A5DF7 /* ConfigureCustomTableViewPDVC + Ext.swift */,
			);
			path = ProductDetailsViewController;
			sourceTree = "<group>";
		};
/* End PBXGroup section */

/* Begin PBXNativeTarget section */
		178DC7482BB83E4500FEDE69 /* LLL Scan */ = {
			isa = PBXNativeTarget;
			buildConfigurationList = 178DC75D2BB83E4700FEDE69 /* Build configuration list for PBXNativeTarget "LLL Scan" */;
			buildPhases = (
				178DC7452BB83E4500FEDE69 /* Sources */,
				178DC7462BB83E4500FEDE69 /* Frameworks */,
				178DC7472BB83E4500FEDE69 /* Resources */,
			);
			buildRules = (
			);
			dependencies = (
			);
			name = "LLL Scan";
			packageProductDependencies = (
				178DC7742BB8904D00FEDE69 /* SwiftSoup */,
				1781EB492C1E0E0700DDDB9A /* Realm */,
				1781EB4B2C1E0E0700DDDB9A /* RealmSwift */,
			);
			productName = "LLL Scan";
			productReference = 178DC7492BB83E4500FEDE69 /* LLL Scan.app */;
			productType = "com.apple.product-type.application";
		};
/* End PBXNativeTarget section */

/* Begin PBXProject section */
		178DC7412BB83E4500FEDE69 /* Project object */ = {
			isa = PBXProject;
			attributes = {
				BuildIndependentTargetsInParallel = 1;
				LastSwiftUpdateCheck = 1520;
				LastUpgradeCheck = 1520;
				TargetAttributes = {
					178DC7482BB83E4500FEDE69 = {
						CreatedOnToolsVersion = 15.2;
					};
				};
			};
			buildConfigurationList = 178DC7442BB83E4500FEDE69 /* Build configuration list for PBXProject "LLL Scan" */;
			compatibilityVersion = "Xcode 14.0";
			developmentRegion = en;
			hasScannedForEncodings = 0;
			knownRegions = (
				en,
				Base,
			);
			mainGroup = 178DC7402BB83E4500FEDE69;
			packageReferences = (
				178DC7732BB8904D00FEDE69 /* XCRemoteSwiftPackageReference "SwiftSoup" */,
				1781EB482C1E0E0600DDDB9A /* XCRemoteSwiftPackageReference "realm-swift" */,
			);
			productRefGroup = 178DC74A2BB83E4500FEDE69 /* Products */;
			projectDirPath = "";
			projectRoot = "";
			targets = (
				178DC7482BB83E4500FEDE69 /* LLL Scan */,
			);
		};
/* End PBXProject section */

/* Begin PBXResourcesBuildPhase section */
		178DC7472BB83E4500FEDE69 /* Resources */ = {
			isa = PBXResourcesBuildPhase;
			buildActionMask = 2147483647;
			files = (
				178DC7592BB83E4700FEDE69 /* LaunchScreen.storyboard in Resources */,
				178DC7562BB83E4700FEDE69 /* Assets.xcassets in Resources */,
			);
			runOnlyForDeploymentPostprocessing = 0;
		};
/* End PBXResourcesBuildPhase section */

/* Begin PBXSourcesBuildPhase section */
		178DC7452BB83E4500FEDE69 /* Sources */ = {
			isa = PBXSourcesBuildPhase;
			buildActionMask = 2147483647;
			files = (
				178DC77E2BB9AB0D00FEDE69 /* NetworkManager.swift in Sources */,
				178DC7932BB9F16000FEDE69 /* CustomTableView.swift in Sources */,
				171149BB2BD954CC00F5DECF /* ListOfProductsVC.swift in Sources */,
				1787BD692BE277E900F8BC7F /* LayoutViewPDVC + Ext.swift in Sources */,
				178DC7952BB9F2A000FEDE69 /* ScanTableViewCell.swift in Sources */,
				179985482BE5478200C34D33 /* ProductDetailsCellHeader.swift in Sources */,
				178DC7A42BBDD28200FEDE69 /* LayoutViewFVC + Ext.swift in Sources */,
				171149C12BD9574200F5DECF /* LayoutViewLPVC + Ext.swift in Sources */,
				179B54392BDE8E2B0087D8F2 /* DataManager.swift in Sources */,
				178DC7AA2BBDD3AA00FEDE69 /* FilesTableViewCell.swift in Sources */,
				178DC7772BB9833F00FEDE69 /* ImageViewCustom.swift in Sources */,
				178DC7512BB83E4500FEDE69 /* ScanVC.swift in Sources */,
				1787BD672BE277D900F8BC7F /* AddViewPDVC + Ext.swift in Sources */,
				178DC7862BB9E23400FEDE69 /* TabBarController.swift in Sources */,
				178DC7992BBDC5A000FEDE69 /* ButtonViewCustom.swift in Sources */,
				171149BD2BD9571600F5DECF /* ConfigureViewLPVC + Ext.swift in Sources */,
				178DC79E2BBDCC1000FEDE69 /* ConfigureButtonSVC + Ext.swift in Sources */,
				1713481C2BCC3CBB00FC3CF7 /* myApi.swift in Sources */,
				178DC76C2BB8890F00FEDE69 /* ConfigureLabelSVC + Ext.swift in Sources */,
				178DC7792BB9844300FEDE69 /* ConfigureImageSVC + Ext.swift in Sources */,
				178DC7902BB9E5D000FEDE69 /* FilesVC.swift in Sources */,
				179B543B2BE001B70087D8F2 /* ScannedProducts.swift in Sources */,
				178DC7702BB88CC100FEDE69 /* AddViewSVC + Ext.swift in Sources */,
				178DC7BC2BC4518C00FEDE69 /* ConfigureStackViewSVC + Ext.swift in Sources */,
				178DC7A22BBDD1B400FEDE69 /* AddViewFVC + Ext.swift in Sources */,
				178DC7B62BC304F600FEDE69 /* ViewCustom.swift in Sources */,
				178DC76A2BB8882700FEDE69 /* LayoutViewSVC + Ext.swift in Sources */,
				178DC78B2BB9E45100FEDE69 /* Helper.swift in Sources */,
				178DC7662BB8860900FEDE69 /* LabelViewCustom.swift in Sources */,
				170074BF2BE2B745005A5DF7 /* ConfigureCustomTableViewPDVC + Ext.swift in Sources */,
				178DC74D2BB83E4500FEDE69 /* AppDelegate.swift in Sources */,
				178DC7972BB9F51A00FEDE69 /* ConfigureCustomTableViewSVC + Ext.swift in Sources */,
				178DC7B82BC309A000FEDE69 /* ConfigureViewCustomSVC + Ext.swift in Sources */,
				171149BF2BD9573100F5DECF /* AddViewLPVC + Ext.swift in Sources */,
				170074BD2BE29FC2005A5DF7 /* ScrollViewCustom.swift in Sources */,
				1787BD652BE277CC00F8BC7F /* ConfigureViewPDVC + Ext.swift in Sources */,
				171149C52BD95DB100F5DECF /* ListOfProductsCell.swift in Sources */,
				178DC7A02BBDD11000FEDE69 /* ConfigureViewFVC + Ext.swift in Sources */,
				1787BD632BE2777E00F8BC7F /* ProductDetailsVC.swift in Sources */,
				178DC7722BB88DE900FEDE69 /* ConfigureViewSVC + Ext.swift in Sources */,
				171149C32BD9576700F5DECF /* ConfigureCustomTableViewLPVC + Ext.swift in Sources */,
				178DC7A62BBDD2EF00FEDE69 /* ConfigureCustomTableViewFVC + Ext.swift in Sources */,
				178DC7802BB9AB1700FEDE69 /* HTMLParser.swift in Sources */,
				178DC76E2BB889D800FEDE69 /* BaseViewController.swift in Sources */,
				178DC7BA2BC4501100FEDE69 /* ViewStackCustom.swift in Sources */,
				178DC74F2BB83E4500FEDE69 /* SceneDelegate.swift in Sources */,
				171149B82BD9058000F5DECF /* ProductList.swift in Sources */,
				170074C12BE2B8C0005A5DF7 /* ProductDetailsCell.swift in Sources */,
				178DC7822BB9AFAF00FEDE69 /* Products.swift in Sources */,
				178DC7882BB9E38D00FEDE69 /* NavBarController.swift in Sources */,
			);
			runOnlyForDeploymentPostprocessing = 0;
		};
/* End PBXSourcesBuildPhase section */

/* Begin PBXVariantGroup section */
		178DC7572BB83E4700FEDE69 /* LaunchScreen.storyboard */ = {
			isa = PBXVariantGroup;
			children = (
				178DC7582BB83E4700FEDE69 /* Base */,
			);
			name = LaunchScreen.storyboard;
			sourceTree = "<group>";
		};
/* End PBXVariantGroup section */

/* Begin XCBuildConfiguration section */
		178DC75B2BB83E4700FEDE69 /* Debug */ = {
			isa = XCBuildConfiguration;
			buildSettings = {
				ALWAYS_SEARCH_USER_PATHS = NO;
				ASSETCATALOG_COMPILER_GENERATE_SWIFT_ASSET_SYMBOL_EXTENSIONS = YES;
				CLANG_ANALYZER_NONNULL = YES;
				CLANG_ANALYZER_NUMBER_OBJECT_CONVERSION = YES_AGGRESSIVE;
				CLANG_CXX_LANGUAGE_STANDARD = "gnu++20";
				CLANG_ENABLE_MODULES = YES;
				CLANG_ENABLE_OBJC_ARC = YES;
				CLANG_ENABLE_OBJC_WEAK = YES;
				CLANG_WARN_BLOCK_CAPTURE_AUTORELEASING = YES;
				CLANG_WARN_BOOL_CONVERSION = YES;
				CLANG_WARN_COMMA = YES;
				CLANG_WARN_CONSTANT_CONVERSION = YES;
				CLANG_WARN_DEPRECATED_OBJC_IMPLEMENTATIONS = YES;
				CLANG_WARN_DIRECT_OBJC_ISA_USAGE = YES_ERROR;
				CLANG_WARN_DOCUMENTATION_COMMENTS = YES;
				CLANG_WARN_EMPTY_BODY = YES;
				CLANG_WARN_ENUM_CONVERSION = YES;
				CLANG_WARN_INFINITE_RECURSION = YES;
				CLANG_WARN_INT_CONVERSION = YES;
				CLANG_WARN_NON_LITERAL_NULL_CONVERSION = YES;
				CLANG_WARN_OBJC_IMPLICIT_RETAIN_SELF = YES;
				CLANG_WARN_OBJC_LITERAL_CONVERSION = YES;
				CLANG_WARN_OBJC_ROOT_CLASS = YES_ERROR;
				CLANG_WARN_QUOTED_INCLUDE_IN_FRAMEWORK_HEADER = YES;
				CLANG_WARN_RANGE_LOOP_ANALYSIS = YES;
				CLANG_WARN_STRICT_PROTOTYPES = YES;
				CLANG_WARN_SUSPICIOUS_MOVE = YES;
				CLANG_WARN_UNGUARDED_AVAILABILITY = YES_AGGRESSIVE;
				CLANG_WARN_UNREACHABLE_CODE = YES;
				CLANG_WARN__DUPLICATE_METHOD_MATCH = YES;
				COPY_PHASE_STRIP = NO;
				DEBUG_INFORMATION_FORMAT = dwarf;
				ENABLE_STRICT_OBJC_MSGSEND = YES;
				ENABLE_TESTABILITY = YES;
				ENABLE_USER_SCRIPT_SANDBOXING = YES;
				GCC_C_LANGUAGE_STANDARD = gnu17;
				GCC_DYNAMIC_NO_PIC = NO;
				GCC_NO_COMMON_BLOCKS = YES;
				GCC_OPTIMIZATION_LEVEL = 0;
				GCC_PREPROCESSOR_DEFINITIONS = (
					"DEBUG=1",
					"$(inherited)",
				);
				GCC_WARN_64_TO_32_BIT_CONVERSION = YES;
				GCC_WARN_ABOUT_RETURN_TYPE = YES_ERROR;
				GCC_WARN_UNDECLARED_SELECTOR = YES;
				GCC_WARN_UNINITIALIZED_AUTOS = YES_AGGRESSIVE;
				GCC_WARN_UNUSED_FUNCTION = YES;
				GCC_WARN_UNUSED_VARIABLE = YES;
				IPHONEOS_DEPLOYMENT_TARGET = 17.0;
				LOCALIZATION_PREFERS_STRING_CATALOGS = YES;
				MTL_ENABLE_DEBUG_INFO = INCLUDE_SOURCE;
				MTL_FAST_MATH = YES;
				ONLY_ACTIVE_ARCH = YES;
				SDKROOT = iphoneos;
				SWIFT_ACTIVE_COMPILATION_CONDITIONS = "DEBUG $(inherited)";
				SWIFT_OPTIMIZATION_LEVEL = "-Onone";
			};
			name = Debug;
		};
		178DC75C2BB83E4700FEDE69 /* Release */ = {
			isa = XCBuildConfiguration;
			buildSettings = {
				ALWAYS_SEARCH_USER_PATHS = NO;
				ASSETCATALOG_COMPILER_GENERATE_SWIFT_ASSET_SYMBOL_EXTENSIONS = YES;
				CLANG_ANALYZER_NONNULL = YES;
				CLANG_ANALYZER_NUMBER_OBJECT_CONVERSION = YES_AGGRESSIVE;
				CLANG_CXX_LANGUAGE_STANDARD = "gnu++20";
				CLANG_ENABLE_MODULES = YES;
				CLANG_ENABLE_OBJC_ARC = YES;
				CLANG_ENABLE_OBJC_WEAK = YES;
				CLANG_WARN_BLOCK_CAPTURE_AUTORELEASING = YES;
				CLANG_WARN_BOOL_CONVERSION = YES;
				CLANG_WARN_COMMA = YES;
				CLANG_WARN_CONSTANT_CONVERSION = YES;
				CLANG_WARN_DEPRECATED_OBJC_IMPLEMENTATIONS = YES;
				CLANG_WARN_DIRECT_OBJC_ISA_USAGE = YES_ERROR;
				CLANG_WARN_DOCUMENTATION_COMMENTS = YES;
				CLANG_WARN_EMPTY_BODY = YES;
				CLANG_WARN_ENUM_CONVERSION = YES;
				CLANG_WARN_INFINITE_RECURSION = YES;
				CLANG_WARN_INT_CONVERSION = YES;
				CLANG_WARN_NON_LITERAL_NULL_CONVERSION = YES;
				CLANG_WARN_OBJC_IMPLICIT_RETAIN_SELF = YES;
				CLANG_WARN_OBJC_LITERAL_CONVERSION = YES;
				CLANG_WARN_OBJC_ROOT_CLASS = YES_ERROR;
				CLANG_WARN_QUOTED_INCLUDE_IN_FRAMEWORK_HEADER = YES;
				CLANG_WARN_RANGE_LOOP_ANALYSIS = YES;
				CLANG_WARN_STRICT_PROTOTYPES = YES;
				CLANG_WARN_SUSPICIOUS_MOVE = YES;
				CLANG_WARN_UNGUARDED_AVAILABILITY = YES_AGGRESSIVE;
				CLANG_WARN_UNREACHABLE_CODE = YES;
				CLANG_WARN__DUPLICATE_METHOD_MATCH = YES;
				COPY_PHASE_STRIP = NO;
				DEBUG_INFORMATION_FORMAT = "dwarf-with-dsym";
				ENABLE_NS_ASSERTIONS = NO;
				ENABLE_STRICT_OBJC_MSGSEND = YES;
				ENABLE_USER_SCRIPT_SANDBOXING = YES;
				GCC_C_LANGUAGE_STANDARD = gnu17;
				GCC_NO_COMMON_BLOCKS = YES;
				GCC_WARN_64_TO_32_BIT_CONVERSION = YES;
				GCC_WARN_ABOUT_RETURN_TYPE = YES_ERROR;
				GCC_WARN_UNDECLARED_SELECTOR = YES;
				GCC_WARN_UNINITIALIZED_AUTOS = YES_AGGRESSIVE;
				GCC_WARN_UNUSED_FUNCTION = YES;
				GCC_WARN_UNUSED_VARIABLE = YES;
				IPHONEOS_DEPLOYMENT_TARGET = 17.0;
				LOCALIZATION_PREFERS_STRING_CATALOGS = YES;
				MTL_ENABLE_DEBUG_INFO = NO;
				MTL_FAST_MATH = YES;
				SDKROOT = iphoneos;
				SWIFT_COMPILATION_MODE = wholemodule;
				VALIDATE_PRODUCT = YES;
			};
			name = Release;
		};
		178DC75E2BB83E4700FEDE69 /* Debug */ = {
			isa = XCBuildConfiguration;
			buildSettings = {
				ASSETCATALOG_COMPILER_APPICON_NAME = AppIcon;
				ASSETCATALOG_COMPILER_GLOBAL_ACCENT_COLOR_NAME = AccentColor;
				CODE_SIGN_STYLE = Automatic;
				CURRENT_PROJECT_VERSION = 1;
				DEVELOPMENT_TEAM = LA9F8MT28T;
				GENERATE_INFOPLIST_FILE = YES;
				INFOPLIST_FILE = "LLL Scan/Resources/Info.plist";
				INFOPLIST_KEY_CFBundleDisplayName = "LL Scan";
				INFOPLIST_KEY_NSCameraUsageDescription = "This app would like to use your camera to scan text.";
				INFOPLIST_KEY_UIApplicationSupportsIndirectInputEvents = YES;
				INFOPLIST_KEY_UILaunchStoryboardName = LaunchScreen;
				INFOPLIST_KEY_UIRequiresFullScreen = YES;
				INFOPLIST_KEY_UIStatusBarStyle = "";
				INFOPLIST_KEY_UISupportedInterfaceOrientations = UIInterfaceOrientationPortrait;
				INFOPLIST_KEY_UISupportedInterfaceOrientations_iPad = "UIInterfaceOrientationPortrait UIInterfaceOrientationPortraitUpsideDown";
				IPHONEOS_DEPLOYMENT_TARGET = 17.0;
				LD_RUNPATH_SEARCH_PATHS = (
					"$(inherited)",
					"@executable_path/Frameworks",
				);
				MARKETING_VERSION = 1.0;
				PRODUCT_BUNDLE_IDENTIFIER = "com.karen.LLL-Scan";
				PRODUCT_NAME = "$(TARGET_NAME)";
				SWIFT_EMIT_LOC_STRINGS = YES;
				SWIFT_VERSION = 5.0;
				TARGETED_DEVICE_FAMILY = "1,2";
			};
			name = Debug;
		};
		178DC75F2BB83E4700FEDE69 /* Release */ = {
			isa = XCBuildConfiguration;
			buildSettings = {
				ASSETCATALOG_COMPILER_APPICON_NAME = AppIcon;
				ASSETCATALOG_COMPILER_GLOBAL_ACCENT_COLOR_NAME = AccentColor;
				CODE_SIGN_STYLE = Automatic;
				CURRENT_PROJECT_VERSION = 1;
				DEVELOPMENT_TEAM = LA9F8MT28T;
				GENERATE_INFOPLIST_FILE = YES;
				INFOPLIST_FILE = "LLL Scan/Resources/Info.plist";
				INFOPLIST_KEY_CFBundleDisplayName = "LL Scan";
				INFOPLIST_KEY_NSCameraUsageDescription = "This app would like to use your camera to scan text.";
				INFOPLIST_KEY_UIApplicationSupportsIndirectInputEvents = YES;
				INFOPLIST_KEY_UILaunchStoryboardName = LaunchScreen;
				INFOPLIST_KEY_UIRequiresFullScreen = YES;
				INFOPLIST_KEY_UIStatusBarStyle = "";
				INFOPLIST_KEY_UISupportedInterfaceOrientations = UIInterfaceOrientationPortrait;
				INFOPLIST_KEY_UISupportedInterfaceOrientations_iPad = "UIInterfaceOrientationPortrait UIInterfaceOrientationPortraitUpsideDown";
				IPHONEOS_DEPLOYMENT_TARGET = 17.0;
				LD_RUNPATH_SEARCH_PATHS = (
					"$(inherited)",
					"@executable_path/Frameworks",
				);
				MARKETING_VERSION = 1.0;
				PRODUCT_BUNDLE_IDENTIFIER = "com.karen.LLL-Scan";
				PRODUCT_NAME = "$(TARGET_NAME)";
				SWIFT_EMIT_LOC_STRINGS = YES;
				SWIFT_VERSION = 5.0;
				TARGETED_DEVICE_FAMILY = "1,2";
			};
			name = Release;
		};
/* End XCBuildConfiguration section */

/* Begin XCConfigurationList section */
		178DC7442BB83E4500FEDE69 /* Build configuration list for PBXProject "LLL Scan" */ = {
			isa = XCConfigurationList;
			buildConfigurations = (
				178DC75B2BB83E4700FEDE69 /* Debug */,
				178DC75C2BB83E4700FEDE69 /* Release */,
			);
			defaultConfigurationIsVisible = 0;
			defaultConfigurationName = Release;
		};
		178DC75D2BB83E4700FEDE69 /* Build configuration list for PBXNativeTarget "LLL Scan" */ = {
			isa = XCConfigurationList;
			buildConfigurations = (
				178DC75E2BB83E4700FEDE69 /* Debug */,
				178DC75F2BB83E4700FEDE69 /* Release */,
			);
			defaultConfigurationIsVisible = 0;
			defaultConfigurationName = Release;
		};
/* End XCConfigurationList section */

/* Begin XCRemoteSwiftPackageReference section */
		1781EB482C1E0E0600DDDB9A /* XCRemoteSwiftPackageReference "realm-swift" */ = {
			isa = XCRemoteSwiftPackageReference;
			repositoryURL = "https://github.com/realm/realm-swift.git";
			requirement = {
				branch = master;
				kind = branch;
			};
		};
		178DC7732BB8904D00FEDE69 /* XCRemoteSwiftPackageReference "SwiftSoup" */ = {
			isa = XCRemoteSwiftPackageReference;
			repositoryURL = "https://github.com/scinfu/SwiftSoup.git";
			requirement = {
				kind = upToNextMajorVersion;
				minimumVersion = 2.7.2;
			};
		};
/* End XCRemoteSwiftPackageReference section */

/* Begin XCSwiftPackageProductDependency section */
		1781EB492C1E0E0700DDDB9A /* Realm */ = {
			isa = XCSwiftPackageProductDependency;
			package = 1781EB482C1E0E0600DDDB9A /* XCRemoteSwiftPackageReference "realm-swift" */;
			productName = Realm;
		};
		1781EB4B2C1E0E0700DDDB9A /* RealmSwift */ = {
			isa = XCSwiftPackageProductDependency;
			package = 1781EB482C1E0E0600DDDB9A /* XCRemoteSwiftPackageReference "realm-swift" */;
			productName = RealmSwift;
		};
		178DC7742BB8904D00FEDE69 /* SwiftSoup */ = {
			isa = XCSwiftPackageProductDependency;
			package = 178DC7732BB8904D00FEDE69 /* XCRemoteSwiftPackageReference "SwiftSoup" */;
			productName = SwiftSoup;
		};
/* End XCSwiftPackageProductDependency section */
	};
	rootObject = 178DC7412BB83E4500FEDE69 /* Project object */;
}
